
Microsoft Visual Studio Solution File, Format Version 12.00
# Visual Studio 2013
VisualStudioVersion = 12.0.30723.0
MinimumVisualStudioVersion = 10.0.40219.1
Project("{2150E333-8FDC-42A3-9474-1A3956D46DE8}") = "0600 - Authentication Service", "0600 - Authentication Service", "{E49FCF26-6BCA-47F4-B671-FA02A9D9AB07}"
EndProject
Project("{FAE04EC0-301F-11D3-BF4B-00C04F79EFBC}") = "Broobu.Authentication.Contract", "..\Contract\Broobu.Authentication.Contract\Broobu.Authentication.Contract.csproj", "{595D5886-5982-4A51-ABA0-EA661C54D95B}"
EndProject
Project("{FAE04EC0-301F-11D3-BF4B-00C04F79EFBC}") = "Broobu.Authentication.Business", "..\Business\Broobu.Authentication.Business\Broobu.Authentication.Business.csproj", "{537E8519-CD44-4CC9-9E29-9D07F6E282CD}"
EndProject
Project("{FAE04EC0-301F-11D3-BF4B-00C04F79EFBC}") = "Broobu.Authentication.Service", "..\Service\Broobu.Authentication.Service\Broobu.Authentication.Service.csproj", "{0C49CFB7-D077-40B5-98A4-EFDA3AD098E3}"
EndProject
Project("{2150E333-8FDC-42A3-9474-1A3956D46DE8}") = "0105 - Broobu UI Framework", "0105 - Broobu UI Framework", "{98F72949-090F-4587-80D4-2A7A07F43515}"
EndProject
Project("{FAE04EC0-301F-11D3-BF4B-00C04F79EFBC}") = "Broobu.Authentication.Contract.Test", "..\Release\Contracts\Test\Broobu.Authentication.Contract.Test\Broobu.Authentication.Contract.Test.csproj", "{FD57F3C1-71D6-42C6-B391-9AD356241411}"
EndProject
Project("{2150E333-8FDC-42A3-9474-1A3956D46DE8}") = "0100 - Reference", "0100 - Reference", "{35D12EC8-A05F-4954-AF33-2678033F48D7}"
EndProject
Project("{2150E333-8FDC-42A3-9474-1A3956D46DE8}") = "0000 - Architecture", "0000 - Architecture", "{12512D21-32F5-45F1-86E3-0AA88976458B}"
	ProjectSection(SolutionItems) = preProject
		..\Architecture\Broobu.eap = ..\Architecture\Broobu.eap
	EndProjectSection
EndProject
Project("{FAE04EC0-301F-11D3-BF4B-00C04F79EFBC}") = "Iris.Fx", "..\..\Iris\IrisFx\Framework\Iris.Fx\Iris.Fx.csproj", "{82A8069D-FD31-4CCA-8096-F93050B0A49D}"
EndProject
Project("{FAE04EC0-301F-11D3-BF4B-00C04F79EFBC}") = "Broobu.SessionProxy.Contract", "..\Contract\Broobu.SessionProxy.Contract\Broobu.SessionProxy.Contract.csproj", "{1D5E68F4-7DE5-4705-BF46-32751D8AAFF3}"
EndProject
Project("{FAE04EC0-301F-11D3-BF4B-00C04F79EFBC}") = "Broobu.Authentication.UI.Controls", "..\UI\Broobu.Authentication.UI.Controls\Broobu.Authentication.UI.Controls.csproj", "{F7757306-F486-4BE3-99D7-80C5B7ED325B}"
EndProject
Project("{2150E333-8FDC-42A3-9474-1A3956D46DE8}") = "0700 - SessionProxy Service", "0700 - SessionProxy Service", "{A41E8700-571F-47B4-8E63-E701B0B87032}"
EndProject
Project("{FAE04EC0-301F-11D3-BF4B-00C04F79EFBC}") = "Broobu.SessionProxy.Service", "..\Service\Broobu.SessionProxy.Service\Broobu.SessionProxy.Service.csproj", "{EB48182A-58EF-48EE-89FC-3DA5F8C9A6E5}"
EndProject
Project("{FAE04EC0-301F-11D3-BF4B-00C04F79EFBC}") = "Broobu.Fx.UI", "..\UI\Broobu.Fx.UI\Broobu.Fx.UI.csproj", "{6DBAD298-4C04-4E60-A8AF-CD6EC63549DE}"
EndProject
Project("{2150E333-8FDC-42A3-9474-1A3956D46DE8}") = "0500 - Taxonomy", "0500 - Taxonomy", "{43B7FB56-388B-45FA-8B42-DF9E69C341F9}"
EndProject
Project("{FAE04EC0-301F-11D3-BF4B-00C04F79EFBC}") = "Broobu.Taxonomy.Contract", "..\Contract\Broobu.Taxonomy.Contract\Broobu.Taxonomy.Contract.csproj", "{B217D6F0-86FD-467A-B978-7E54FE364909}"
EndProject
Project("{FAE04EC0-301F-11D3-BF4B-00C04F79EFBC}") = "Broobu.LATI.Contract", "..\Contract\Broobu.LATI.Contract\Broobu.LATI.Contract.csproj", "{0EE13420-3C93-46BE-B07B-BBCE9D24B9CB}"
EndProject
Global
	GlobalSection(SolutionConfigurationPlatforms) = preSolution
		ClickOnce Debug|Any CPU = ClickOnce Debug|Any CPU
		ClickOnce Debug|Mixed Platforms = ClickOnce Debug|Mixed Platforms
		ClickOnce Debug|x86 = ClickOnce Debug|x86
		ClickOnce Release|Any CPU = ClickOnce Release|Any CPU
		ClickOnce Release|Mixed Platforms = ClickOnce Release|Mixed Platforms
		ClickOnce Release|x86 = ClickOnce Release|x86
		Debug|Any CPU = Debug|Any CPU
		Debug|Mixed Platforms = Debug|Mixed Platforms
		Debug|x86 = Debug|x86
		Release|Any CPU = Release|Any CPU
		Release|Mixed Platforms = Release|Mixed Platforms
		Release|x86 = Release|x86
		XBAP Debug|Any CPU = XBAP Debug|Any CPU
		XBAP Debug|Mixed Platforms = XBAP Debug|Mixed Platforms
		XBAP Debug|x86 = XBAP Debug|x86
		XBAP Release|Any CPU = XBAP Release|Any CPU
		XBAP Release|Mixed Platforms = XBAP Release|Mixed Platforms
		XBAP Release|x86 = XBAP Release|x86
	EndGlobalSection
	GlobalSection(ProjectConfigurationPlatforms) = postSolution
		{595D5886-5982-4A51-ABA0-EA661C54D95B}.ClickOnce Debug|Any CPU.ActiveCfg = Debug|Any CPU
		{595D5886-5982-4A51-ABA0-EA661C54D95B}.ClickOnce Debug|Any CPU.Build.0 = Debug|Any CPU
		{595D5886-5982-4A51-ABA0-EA661C54D95B}.ClickOnce Debug|Mixed Platforms.ActiveCfg = Debug|Any CPU
		{595D5886-5982-4A51-ABA0-EA661C54D95B}.ClickOnce Debug|Mixed Platforms.Build.0 = Debug|Any CPU
		{595D5886-5982-4A51-ABA0-EA661C54D95B}.ClickOnce Debug|x86.ActiveCfg = Debug|Any CPU
		{595D5886-5982-4A51-ABA0-EA661C54D95B}.ClickOnce Release|Any CPU.ActiveCfg = Release|Any CPU
		{595D5886-5982-4A51-ABA0-EA661C54D95B}.ClickOnce Release|Any CPU.Build.0 = Release|Any CPU
		{595D5886-5982-4A51-ABA0-EA661C54D95B}.ClickOnce Release|Mixed Platforms.ActiveCfg = Release|Any CPU
		{595D5886-5982-4A51-ABA0-EA661C54D95B}.ClickOnce Release|Mixed Platforms.Build.0 = Release|Any CPU
		{595D5886-5982-4A51-ABA0-EA661C54D95B}.ClickOnce Release|x86.ActiveCfg = Release|Any CPU
		{595D5886-5982-4A51-ABA0-EA661C54D95B}.Debug|Any CPU.ActiveCfg = Debug|Any CPU
		{595D5886-5982-4A51-ABA0-EA661C54D95B}.Debug|Any CPU.Build.0 = Debug|Any CPU
		{595D5886-5982-4A51-ABA0-EA661C54D95B}.Debug|Mixed Platforms.ActiveCfg = Debug|Any CPU
		{595D5886-5982-4A51-ABA0-EA661C54D95B}.Debug|Mixed Platforms.Build.0 = Debug|Any CPU
		{595D5886-5982-4A51-ABA0-EA661C54D95B}.Debug|x86.ActiveCfg = Debug|Any CPU
		{595D5886-5982-4A51-ABA0-EA661C54D95B}.Release|Any CPU.ActiveCfg = Release|Any CPU
		{595D5886-5982-4A51-ABA0-EA661C54D95B}.Release|Any CPU.Build.0 = Release|Any CPU
		{595D5886-5982-4A51-ABA0-EA661C54D95B}.Release|Mixed Platforms.ActiveCfg = Release|Any CPU
		{595D5886-5982-4A51-ABA0-EA661C54D95B}.Release|Mixed Platforms.Build.0 = Release|Any CPU
		{595D5886-5982-4A51-ABA0-EA661C54D95B}.Release|x86.ActiveCfg = Release|Any CPU
		{595D5886-5982-4A51-ABA0-EA661C54D95B}.XBAP Debug|Any CPU.ActiveCfg = Debug|Any CPU
		{595D5886-5982-4A51-ABA0-EA661C54D95B}.XBAP Debug|Any CPU.Build.0 = Debug|Any CPU
		{595D5886-5982-4A51-ABA0-EA661C54D95B}.XBAP Debug|Mixed Platforms.ActiveCfg = Debug|Any CPU
		{595D5886-5982-4A51-ABA0-EA661C54D95B}.XBAP Debug|Mixed Platforms.Build.0 = Debug|Any CPU
		{595D5886-5982-4A51-ABA0-EA661C54D95B}.XBAP Debug|x86.ActiveCfg = Debug|Any CPU
		{595D5886-5982-4A51-ABA0-EA661C54D95B}.XBAP Release|Any CPU.ActiveCfg = Release|Any CPU
		{595D5886-5982-4A51-ABA0-EA661C54D95B}.XBAP Release|Any CPU.Build.0 = Release|Any CPU
		{595D5886-5982-4A51-ABA0-EA661C54D95B}.XBAP Release|Mixed Platforms.ActiveCfg = Release|Any CPU
		{595D5886-5982-4A51-ABA0-EA661C54D95B}.XBAP Release|Mixed Platforms.Build.0 = Release|Any CPU
		{595D5886-5982-4A51-ABA0-EA661C54D95B}.XBAP Release|x86.ActiveCfg = Release|Any CPU
		{537E8519-CD44-4CC9-9E29-9D07F6E282CD}.ClickOnce Debug|Any CPU.ActiveCfg = Debug|Any CPU
		{537E8519-CD44-4CC9-9E29-9D07F6E282CD}.ClickOnce Debug|Any CPU.Build.0 = Debug|Any CPU
		{537E8519-CD44-4CC9-9E29-9D07F6E282CD}.ClickOnce Debug|Mixed Platforms.ActiveCfg = Debug|Any CPU
		{537E8519-CD44-4CC9-9E29-9D07F6E282CD}.ClickOnce Debug|Mixed Platforms.Build.0 = Debug|Any CPU
		{537E8519-CD44-4CC9-9E29-9D07F6E282CD}.ClickOnce Debug|x86.ActiveCfg = Debug|Any CPU
		{537E8519-CD44-4CC9-9E29-9D07F6E282CD}.ClickOnce Release|Any CPU.ActiveCfg = Release|Any CPU
		{537E8519-CD44-4CC9-9E29-9D07F6E282CD}.ClickOnce Release|Any CPU.Build.0 = Release|Any CPU
		{537E8519-CD44-4CC9-9E29-9D07F6E282CD}.ClickOnce Release|Mixed Platforms.ActiveCfg = Release|Any CPU
		{537E8519-CD44-4CC9-9E29-9D07F6E282CD}.ClickOnce Release|Mixed Platforms.Build.0 = Release|Any CPU
		{537E8519-CD44-4CC9-9E29-9D07F6E282CD}.ClickOnce Release|x86.ActiveCfg = Release|Any CPU
		{537E8519-CD44-4CC9-9E29-9D07F6E282CD}.Debug|Any CPU.ActiveCfg = Debug|Any CPU
		{537E8519-CD44-4CC9-9E29-9D07F6E282CD}.Debug|Any CPU.Build.0 = Debug|Any CPU
		{537E8519-CD44-4CC9-9E29-9D07F6E282CD}.Debug|Mixed Platforms.ActiveCfg = Debug|Any CPU
		{537E8519-CD44-4CC9-9E29-9D07F6E282CD}.Debug|Mixed Platforms.Build.0 = Debug|Any CPU
		{537E8519-CD44-4CC9-9E29-9D07F6E282CD}.Debug|x86.ActiveCfg = Debug|Any CPU
		{537E8519-CD44-4CC9-9E29-9D07F6E282CD}.Release|Any CPU.ActiveCfg = Release|Any CPU
		{537E8519-CD44-4CC9-9E29-9D07F6E282CD}.Release|Any CPU.Build.0 = Release|Any CPU
		{537E8519-CD44-4CC9-9E29-9D07F6E282CD}.Release|Mixed Platforms.ActiveCfg = Release|Any CPU
		{537E8519-CD44-4CC9-9E29-9D07F6E282CD}.Release|Mixed Platforms.Build.0 = Release|Any CPU
		{537E8519-CD44-4CC9-9E29-9D07F6E282CD}.Release|x86.ActiveCfg = Release|Any CPU
		{537E8519-CD44-4CC9-9E29-9D07F6E282CD}.XBAP Debug|Any CPU.ActiveCfg = Debug|Any CPU
		{537E8519-CD44-4CC9-9E29-9D07F6E282CD}.XBAP Debug|Any CPU.Build.0 = Debug|Any CPU
		{537E8519-CD44-4CC9-9E29-9D07F6E282CD}.XBAP Debug|Mixed Platforms.ActiveCfg = Debug|Any CPU
		{537E8519-CD44-4CC9-9E29-9D07F6E282CD}.XBAP Debug|Mixed Platforms.Build.0 = Debug|Any CPU
		{537E8519-CD44-4CC9-9E29-9D07F6E282CD}.XBAP Debug|x86.ActiveCfg = Debug|Any CPU
		{537E8519-CD44-4CC9-9E29-9D07F6E282CD}.XBAP Release|Any CPU.ActiveCfg = Release|Any CPU
		{537E8519-CD44-4CC9-9E29-9D07F6E282CD}.XBAP Release|Any CPU.Build.0 = Release|Any CPU
		{537E8519-CD44-4CC9-9E29-9D07F6E282CD}.XBAP Release|Mixed Platforms.ActiveCfg = Release|Any CPU
		{537E8519-CD44-4CC9-9E29-9D07F6E282CD}.XBAP Release|Mixed Platforms.Build.0 = Release|Any CPU
		{537E8519-CD44-4CC9-9E29-9D07F6E282CD}.XBAP Release|x86.ActiveCfg = Release|Any CPU
		{0C49CFB7-D077-40B5-98A4-EFDA3AD098E3}.ClickOnce Debug|Any CPU.ActiveCfg = Debug|Any CPU
		{0C49CFB7-D077-40B5-98A4-EFDA3AD098E3}.ClickOnce Debug|Any CPU.Build.0 = Debug|Any CPU
		{0C49CFB7-D077-40B5-98A4-EFDA3AD098E3}.ClickOnce Debug|Mixed Platforms.ActiveCfg = Debug|Any CPU
		{0C49CFB7-D077-40B5-98A4-EFDA3AD098E3}.ClickOnce Debug|Mixed Platforms.Build.0 = Debug|Any CPU
		{0C49CFB7-D077-40B5-98A4-EFDA3AD098E3}.ClickOnce Debug|x86.ActiveCfg = Debug|Any CPU
		{0C49CFB7-D077-40B5-98A4-EFDA3AD098E3}.ClickOnce Release|Any CPU.ActiveCfg = Release|Any CPU
		{0C49CFB7-D077-40B5-98A4-EFDA3AD098E3}.ClickOnce Release|Any CPU.Build.0 = Release|Any CPU
		{0C49CFB7-D077-40B5-98A4-EFDA3AD098E3}.ClickOnce Release|Mixed Platforms.ActiveCfg = Release|Any CPU
		{0C49CFB7-D077-40B5-98A4-EFDA3AD098E3}.ClickOnce Release|Mixed Platforms.Build.0 = Release|Any CPU
		{0C49CFB7-D077-40B5-98A4-EFDA3AD098E3}.ClickOnce Release|x86.ActiveCfg = Release|Any CPU
		{0C49CFB7-D077-40B5-98A4-EFDA3AD098E3}.Debug|Any CPU.ActiveCfg = Debug|Any CPU
		{0C49CFB7-D077-40B5-98A4-EFDA3AD098E3}.Debug|Any CPU.Build.0 = Debug|Any CPU
		{0C49CFB7-D077-40B5-98A4-EFDA3AD098E3}.Debug|Mixed Platforms.ActiveCfg = Debug|Any CPU
		{0C49CFB7-D077-40B5-98A4-EFDA3AD098E3}.Debug|Mixed Platforms.Build.0 = Debug|Any CPU
		{0C49CFB7-D077-40B5-98A4-EFDA3AD098E3}.Debug|x86.ActiveCfg = Debug|Any CPU
		{0C49CFB7-D077-40B5-98A4-EFDA3AD098E3}.Release|Any CPU.ActiveCfg = Release|Any CPU
		{0C49CFB7-D077-40B5-98A4-EFDA3AD098E3}.Release|Any CPU.Build.0 = Release|Any CPU
		{0C49CFB7-D077-40B5-98A4-EFDA3AD098E3}.Release|Mixed Platforms.ActiveCfg = Release|Any CPU
		{0C49CFB7-D077-40B5-98A4-EFDA3AD098E3}.Release|Mixed Platforms.Build.0 = Release|Any CPU
		{0C49CFB7-D077-40B5-98A4-EFDA3AD098E3}.Release|x86.ActiveCfg = Release|Any CPU
		{0C49CFB7-D077-40B5-98A4-EFDA3AD098E3}.XBAP Debug|Any CPU.ActiveCfg = Debug|Any CPU
		{0C49CFB7-D077-40B5-98A4-EFDA3AD098E3}.XBAP Debug|Any CPU.Build.0 = Debug|Any CPU
		{0C49CFB7-D077-40B5-98A4-EFDA3AD098E3}.XBAP Debug|Mixed Platforms.ActiveCfg = Debug|Any CPU
		{0C49CFB7-D077-40B5-98A4-EFDA3AD098E3}.XBAP Debug|Mixed Platforms.Build.0 = Debug|Any CPU
		{0C49CFB7-D077-40B5-98A4-EFDA3AD098E3}.XBAP Debug|x86.ActiveCfg = Debug|Any CPU
		{0C49CFB7-D077-40B5-98A4-EFDA3AD098E3}.XBAP Release|Any CPU.ActiveCfg = Release|Any CPU
		{0C49CFB7-D077-40B5-98A4-EFDA3AD098E3}.XBAP Release|Any CPU.Build.0 = Release|Any CPU
		{0C49CFB7-D077-40B5-98A4-EFDA3AD098E3}.XBAP Release|Mixed Platforms.ActiveCfg = Release|Any CPU
		{0C49CFB7-D077-40B5-98A4-EFDA3AD098E3}.XBAP Release|Mixed Platforms.Build.0 = Release|Any CPU
		{0C49CFB7-D077-40B5-98A4-EFDA3AD098E3}.XBAP Release|x86.ActiveCfg = Release|Any CPU
		{FD57F3C1-71D6-42C6-B391-9AD356241411}.ClickOnce Debug|Any CPU.ActiveCfg = Debug|Any CPU
		{FD57F3C1-71D6-42C6-B391-9AD356241411}.ClickOnce Debug|Any CPU.Build.0 = Debug|Any CPU
		{FD57F3C1-71D6-42C6-B391-9AD356241411}.ClickOnce Debug|Mixed Platforms.ActiveCfg = Debug|Any CPU
		{FD57F3C1-71D6-42C6-B391-9AD356241411}.ClickOnce Debug|Mixed Platforms.Build.0 = Debug|Any CPU
		{FD57F3C1-71D6-42C6-B391-9AD356241411}.ClickOnce Debug|x86.ActiveCfg = Debug|Any CPU
		{FD57F3C1-71D6-42C6-B391-9AD356241411}.ClickOnce Release|Any CPU.ActiveCfg = Release|Any CPU
		{FD57F3C1-71D6-42C6-B391-9AD356241411}.ClickOnce Release|Any CPU.Build.0 = Release|Any CPU
		{FD57F3C1-71D6-42C6-B391-9AD356241411}.ClickOnce Release|Mixed Platforms.ActiveCfg = Release|Any CPU
		{FD57F3C1-71D6-42C6-B391-9AD356241411}.ClickOnce Release|Mixed Platforms.Build.0 = Release|Any CPU
		{FD57F3C1-71D6-42C6-B391-9AD356241411}.ClickOnce Release|x86.ActiveCfg = Release|Any CPU
		{FD57F3C1-71D6-42C6-B391-9AD356241411}.Debug|Any CPU.ActiveCfg = Debug|Any CPU
		{FD57F3C1-71D6-42C6-B391-9AD356241411}.Debug|Any CPU.Build.0 = Debug|Any CPU
		{FD57F3C1-71D6-42C6-B391-9AD356241411}.Debug|Mixed Platforms.ActiveCfg = Debug|Any CPU
		{FD57F3C1-71D6-42C6-B391-9AD356241411}.Debug|Mixed Platforms.Build.0 = Debug|Any CPU
		{FD57F3C1-71D6-42C6-B391-9AD356241411}.Debug|x86.ActiveCfg = Debug|Any CPU
		{FD57F3C1-71D6-42C6-B391-9AD356241411}.Release|Any CPU.ActiveCfg = Release|Any CPU
		{FD57F3C1-71D6-42C6-B391-9AD356241411}.Release|Any CPU.Build.0 = Release|Any CPU
		{FD57F3C1-71D6-42C6-B391-9AD356241411}.Release|Mixed Platforms.ActiveCfg = Release|Any CPU
		{FD57F3C1-71D6-42C6-B391-9AD356241411}.Release|Mixed Platforms.Build.0 = Release|Any CPU
		{FD57F3C1-71D6-42C6-B391-9AD356241411}.Release|x86.ActiveCfg = Release|Any CPU
		{FD57F3C1-71D6-42C6-B391-9AD356241411}.XBAP Debug|Any CPU.ActiveCfg = Debug|Any CPU
		{FD57F3C1-71D6-42C6-B391-9AD356241411}.XBAP Debug|Any CPU.Build.0 = Debug|Any CPU
		{FD57F3C1-71D6-42C6-B391-9AD356241411}.XBAP Debug|Mixed Platforms.ActiveCfg = Debug|Any CPU
		{FD57F3C1-71D6-42C6-B391-9AD356241411}.XBAP Debug|Mixed Platforms.Build.0 = Debug|Any CPU
		{FD57F3C1-71D6-42C6-B391-9AD356241411}.XBAP Debug|x86.ActiveCfg = Debug|Any CPU
		{FD57F3C1-71D6-42C6-B391-9AD356241411}.XBAP Release|Any CPU.ActiveCfg = Release|Any CPU
		{FD57F3C1-71D6-42C6-B391-9AD356241411}.XBAP Release|Any CPU.Build.0 = Release|Any CPU
		{FD57F3C1-71D6-42C6-B391-9AD356241411}.XBAP Release|Mixed Platforms.ActiveCfg = Release|Any CPU
		{FD57F3C1-71D6-42C6-B391-9AD356241411}.XBAP Release|Mixed Platforms.Build.0 = Release|Any CPU
		{FD57F3C1-71D6-42C6-B391-9AD356241411}.XBAP Release|x86.ActiveCfg = Release|Any CPU
		{82A8069D-FD31-4CCA-8096-F93050B0A49D}.ClickOnce Debug|Any CPU.ActiveCfg = Debug|Any CPU
		{82A8069D-FD31-4CCA-8096-F93050B0A49D}.ClickOnce Debug|Any CPU.Build.0 = Debug|Any CPU
		{82A8069D-FD31-4CCA-8096-F93050B0A49D}.ClickOnce Debug|Mixed Platforms.ActiveCfg = Debug|Any CPU
		{82A8069D-FD31-4CCA-8096-F93050B0A49D}.ClickOnce Debug|Mixed Platforms.Build.0 = Debug|Any CPU
		{82A8069D-FD31-4CCA-8096-F93050B0A49D}.ClickOnce Debug|x86.ActiveCfg = Debug|Any CPU
		{82A8069D-FD31-4CCA-8096-F93050B0A49D}.ClickOnce Release|Any CPU.ActiveCfg = Release|Any CPU
		{82A8069D-FD31-4CCA-8096-F93050B0A49D}.ClickOnce Release|Any CPU.Build.0 = Release|Any CPU
		{82A8069D-FD31-4CCA-8096-F93050B0A49D}.ClickOnce Release|Mixed Platforms.ActiveCfg = Release|Any CPU
		{82A8069D-FD31-4CCA-8096-F93050B0A49D}.ClickOnce Release|Mixed Platforms.Build.0 = Release|Any CPU
		{82A8069D-FD31-4CCA-8096-F93050B0A49D}.ClickOnce Release|x86.ActiveCfg = Release|Any CPU
		{82A8069D-FD31-4CCA-8096-F93050B0A49D}.Debug|Any CPU.ActiveCfg = Debug|Any CPU
		{82A8069D-FD31-4CCA-8096-F93050B0A49D}.Debug|Any CPU.Build.0 = Debug|Any CPU
		{82A8069D-FD31-4CCA-8096-F93050B0A49D}.Debug|Mixed Platforms.ActiveCfg = Debug|Any CPU
		{82A8069D-FD31-4CCA-8096-F93050B0A49D}.Debug|Mixed Platforms.Build.0 = Debug|Any CPU
		{82A8069D-FD31-4CCA-8096-F93050B0A49D}.Debug|x86.ActiveCfg = Debug|Any CPU
		{82A8069D-FD31-4CCA-8096-F93050B0A49D}.Release|Any CPU.ActiveCfg = Release|Any CPU
		{82A8069D-FD31-4CCA-8096-F93050B0A49D}.Release|Any CPU.Build.0 = Release|Any CPU
		{82A8069D-FD31-4CCA-8096-F93050B0A49D}.Release|Mixed Platforms.ActiveCfg = Release|Any CPU
		{82A8069D-FD31-4CCA-8096-F93050B0A49D}.Release|Mixed Platforms.Build.0 = Release|Any CPU
		{82A8069D-FD31-4CCA-8096-F93050B0A49D}.Release|x86.ActiveCfg = Release|Any CPU
		{82A8069D-FD31-4CCA-8096-F93050B0A49D}.XBAP Debug|Any CPU.ActiveCfg = Debug|Any CPU
		{82A8069D-FD31-4CCA-8096-F93050B0A49D}.XBAP Debug|Any CPU.Build.0 = Debug|Any CPU
		{82A8069D-FD31-4CCA-8096-F93050B0A49D}.XBAP Debug|Mixed Platforms.ActiveCfg = Debug|Any CPU
		{82A8069D-FD31-4CCA-8096-F93050B0A49D}.XBAP Debug|Mixed Platforms.Build.0 = Debug|Any CPU
		{82A8069D-FD31-4CCA-8096-F93050B0A49D}.XBAP Debug|x86.ActiveCfg = Debug|Any CPU
		{82A8069D-FD31-4CCA-8096-F93050B0A49D}.XBAP Release|Any CPU.ActiveCfg = Release|Any CPU
		{82A8069D-FD31-4CCA-8096-F93050B0A49D}.XBAP Release|Any CPU.Build.0 = Release|Any CPU
		{82A8069D-FD31-4CCA-8096-F93050B0A49D}.XBAP Release|Mixed Platforms.ActiveCfg = Release|Any CPU
		{82A8069D-FD31-4CCA-8096-F93050B0A49D}.XBAP Release|Mixed Platforms.Build.0 = Release|Any CPU
		{82A8069D-FD31-4CCA-8096-F93050B0A49D}.XBAP Release|x86.ActiveCfg = Release|Any CPU
		{1D5E68F4-7DE5-4705-BF46-32751D8AAFF3}.ClickOnce Debug|Any CPU.ActiveCfg = Debug|Any CPU
		{1D5E68F4-7DE5-4705-BF46-32751D8AAFF3}.ClickOnce Debug|Any CPU.Build.0 = Debug|Any CPU
		{1D5E68F4-7DE5-4705-BF46-32751D8AAFF3}.ClickOnce Debug|Mixed Platforms.ActiveCfg = Debug|Any CPU
		{1D5E68F4-7DE5-4705-BF46-32751D8AAFF3}.ClickOnce Debug|Mixed Platforms.Build.0 = Debug|Any CPU
		{1D5E68F4-7DE5-4705-BF46-32751D8AAFF3}.ClickOnce Debug|x86.ActiveCfg = Debug|Any CPU
		{1D5E68F4-7DE5-4705-BF46-32751D8AAFF3}.ClickOnce Release|Any CPU.ActiveCfg = Release|Any CPU
		{1D5E68F4-7DE5-4705-BF46-32751D8AAFF3}.ClickOnce Release|Any CPU.Build.0 = Release|Any CPU
		{1D5E68F4-7DE5-4705-BF46-32751D8AAFF3}.ClickOnce Release|Mixed Platforms.ActiveCfg = Release|Any CPU
		{1D5E68F4-7DE5-4705-BF46-32751D8AAFF3}.ClickOnce Release|Mixed Platforms.Build.0 = Release|Any CPU
		{1D5E68F4-7DE5-4705-BF46-32751D8AAFF3}.ClickOnce Release|x86.ActiveCfg = Release|Any CPU
		{1D5E68F4-7DE5-4705-BF46-32751D8AAFF3}.Debug|Any CPU.ActiveCfg = Debug|Any CPU
		{1D5E68F4-7DE5-4705-BF46-32751D8AAFF3}.Debug|Any CPU.Build.0 = Debug|Any CPU
		{1D5E68F4-7DE5-4705-BF46-32751D8AAFF3}.Debug|Mixed Platforms.ActiveCfg = Debug|Any CPU
		{1D5E68F4-7DE5-4705-BF46-32751D8AAFF3}.Debug|Mixed Platforms.Build.0 = Debug|Any CPU
		{1D5E68F4-7DE5-4705-BF46-32751D8AAFF3}.Debug|x86.ActiveCfg = Debug|Any CPU
		{1D5E68F4-7DE5-4705-BF46-32751D8AAFF3}.Release|Any CPU.ActiveCfg = Release|Any CPU
		{1D5E68F4-7DE5-4705-BF46-32751D8AAFF3}.Release|Any CPU.Build.0 = Release|Any CPU
		{1D5E68F4-7DE5-4705-BF46-32751D8AAFF3}.Release|Mixed Platforms.ActiveCfg = Release|Any CPU
		{1D5E68F4-7DE5-4705-BF46-32751D8AAFF3}.Release|Mixed Platforms.Build.0 = Release|Any CPU
		{1D5E68F4-7DE5-4705-BF46-32751D8AAFF3}.Release|x86.ActiveCfg = Release|Any CPU
		{1D5E68F4-7DE5-4705-BF46-32751D8AAFF3}.XBAP Debug|Any CPU.ActiveCfg = Debug|Any CPU
		{1D5E68F4-7DE5-4705-BF46-32751D8AAFF3}.XBAP Debug|Any CPU.Build.0 = Debug|Any CPU
		{1D5E68F4-7DE5-4705-BF46-32751D8AAFF3}.XBAP Debug|Mixed Platforms.ActiveCfg = Debug|Any CPU
		{1D5E68F4-7DE5-4705-BF46-32751D8AAFF3}.XBAP Debug|Mixed Platforms.Build.0 = Debug|Any CPU
		{1D5E68F4-7DE5-4705-BF46-32751D8AAFF3}.XBAP Debug|x86.ActiveCfg = Debug|Any CPU
		{1D5E68F4-7DE5-4705-BF46-32751D8AAFF3}.XBAP Release|Any CPU.ActiveCfg = Release|Any CPU
		{1D5E68F4-7DE5-4705-BF46-32751D8AAFF3}.XBAP Release|Any CPU.Build.0 = Release|Any CPU
		{1D5E68F4-7DE5-4705-BF46-32751D8AAFF3}.XBAP Release|Mixed Platforms.ActiveCfg = Release|Any CPU
		{1D5E68F4-7DE5-4705-BF46-32751D8AAFF3}.XBAP Release|Mixed Platforms.Build.0 = Release|Any CPU
		{1D5E68F4-7DE5-4705-BF46-32751D8AAFF3}.XBAP Release|x86.ActiveCfg = Release|Any CPU
		{F7757306-F486-4BE3-99D7-80C5B7ED325B}.ClickOnce Debug|Any CPU.ActiveCfg = Debug|Any CPU
		{F7757306-F486-4BE3-99D7-80C5B7ED325B}.ClickOnce Debug|Any CPU.Build.0 = Debug|Any CPU
		{F7757306-F486-4BE3-99D7-80C5B7ED325B}.ClickOnce Debug|Mixed Platforms.ActiveCfg = Debug|Any CPU
		{F7757306-F486-4BE3-99D7-80C5B7ED325B}.ClickOnce Debug|Mixed Platforms.Build.0 = Debug|Any CPU
		{F7757306-F486-4BE3-99D7-80C5B7ED325B}.ClickOnce Debug|x86.ActiveCfg = Debug|Any CPU
		{F7757306-F486-4BE3-99D7-80C5B7ED325B}.ClickOnce Release|Any CPU.ActiveCfg = Release|Any CPU
		{F7757306-F486-4BE3-99D7-80C5B7ED325B}.ClickOnce Release|Any CPU.Build.0 = Release|Any CPU
		{F7757306-F486-4BE3-99D7-80C5B7ED325B}.ClickOnce Release|Mixed Platforms.ActiveCfg = Release|Any CPU
		{F7757306-F486-4BE3-99D7-80C5B7ED325B}.ClickOnce Release|Mixed Platforms.Build.0 = Release|Any CPU
		{F7757306-F486-4BE3-99D7-80C5B7ED325B}.ClickOnce Release|x86.ActiveCfg = Release|Any CPU
		{F7757306-F486-4BE3-99D7-80C5B7ED325B}.Debug|Any CPU.ActiveCfg = Debug|Any CPU
		{F7757306-F486-4BE3-99D7-80C5B7ED325B}.Debug|Any CPU.Build.0 = Debug|Any CPU
		{F7757306-F486-4BE3-99D7-80C5B7ED325B}.Debug|Mixed Platforms.ActiveCfg = Debug|Any CPU
		{F7757306-F486-4BE3-99D7-80C5B7ED325B}.Debug|Mixed Platforms.Build.0 = Debug|Any CPU
		{F7757306-F486-4BE3-99D7-80C5B7ED325B}.Debug|x86.ActiveCfg = Debug|Any CPU
		{F7757306-F486-4BE3-99D7-80C5B7ED325B}.Release|Any CPU.ActiveCfg = Release|Any CPU
		{F7757306-F486-4BE3-99D7-80C5B7ED325B}.Release|Any CPU.Build.0 = Release|Any CPU
		{F7757306-F486-4BE3-99D7-80C5B7ED325B}.Release|Mixed Platforms.ActiveCfg = Release|Any CPU
		{F7757306-F486-4BE3-99D7-80C5B7ED325B}.Release|Mixed Platforms.Build.0 = Release|Any CPU
		{F7757306-F486-4BE3-99D7-80C5B7ED325B}.Release|x86.ActiveCfg = Release|Any CPU
		{F7757306-F486-4BE3-99D7-80C5B7ED325B}.XBAP Debug|Any CPU.ActiveCfg = Debug|Any CPU
		{F7757306-F486-4BE3-99D7-80C5B7ED325B}.XBAP Debug|Any CPU.Build.0 = Debug|Any CPU
		{F7757306-F486-4BE3-99D7-80C5B7ED325B}.XBAP Debug|Mixed Platforms.ActiveCfg = Debug|Any CPU
		{F7757306-F486-4BE3-99D7-80C5B7ED325B}.XBAP Debug|Mixed Platforms.Build.0 = Debug|Any CPU
		{F7757306-F486-4BE3-99D7-80C5B7ED325B}.XBAP Debug|x86.ActiveCfg = Debug|Any CPU
		{F7757306-F486-4BE3-99D7-80C5B7ED325B}.XBAP Release|Any CPU.ActiveCfg = Release|Any CPU
		{F7757306-F486-4BE3-99D7-80C5B7ED325B}.XBAP Release|Any CPU.Build.0 = Release|Any CPU
		{F7757306-F486-4BE3-99D7-80C5B7ED325B}.XBAP Release|Mixed Platforms.ActiveCfg = Release|Any CPU
		{F7757306-F486-4BE3-99D7-80C5B7ED325B}.XBAP Release|Mixed Platforms.Build.0 = Release|Any CPU
		{F7757306-F486-4BE3-99D7-80C5B7ED325B}.XBAP Release|x86.ActiveCfg = Release|Any CPU
		{EB48182A-58EF-48EE-89FC-3DA5F8C9A6E5}.ClickOnce Debug|Any CPU.ActiveCfg = Debug|Any CPU
		{EB48182A-58EF-48EE-89FC-3DA5F8C9A6E5}.ClickOnce Debug|Any CPU.Build.0 = Debug|Any CPU
		{EB48182A-58EF-48EE-89FC-3DA5F8C9A6E5}.ClickOnce Debug|Mixed Platforms.ActiveCfg = Debug|Any CPU
		{EB48182A-58EF-48EE-89FC-3DA5F8C9A6E5}.ClickOnce Debug|Mixed Platforms.Build.0 = Debug|Any CPU
		{EB48182A-58EF-48EE-89FC-3DA5F8C9A6E5}.ClickOnce Debug|x86.ActiveCfg = Debug|Any CPU
		{EB48182A-58EF-48EE-89FC-3DA5F8C9A6E5}.ClickOnce Release|Any CPU.ActiveCfg = Release|Any CPU
		{EB48182A-58EF-48EE-89FC-3DA5F8C9A6E5}.ClickOnce Release|Any CPU.Build.0 = Release|Any CPU
		{EB48182A-58EF-48EE-89FC-3DA5F8C9A6E5}.ClickOnce Release|Mixed Platforms.ActiveCfg = Release|Any CPU
		{EB48182A-58EF-48EE-89FC-3DA5F8C9A6E5}.ClickOnce Release|Mixed Platforms.Build.0 = Release|Any CPU
		{EB48182A-58EF-48EE-89FC-3DA5F8C9A6E5}.ClickOnce Release|x86.ActiveCfg = Release|Any CPU
		{EB48182A-58EF-48EE-89FC-3DA5F8C9A6E5}.Debug|Any CPU.ActiveCfg = Debug|Any CPU
		{EB48182A-58EF-48EE-89FC-3DA5F8C9A6E5}.Debug|Any CPU.Build.0 = Debug|Any CPU
		{EB48182A-58EF-48EE-89FC-3DA5F8C9A6E5}.Debug|Mixed Platforms.ActiveCfg = Debug|Any CPU
		{EB48182A-58EF-48EE-89FC-3DA5F8C9A6E5}.Debug|Mixed Platforms.Build.0 = Debug|Any CPU
		{EB48182A-58EF-48EE-89FC-3DA5F8C9A6E5}.Debug|x86.ActiveCfg = Debug|Any CPU
		{EB48182A-58EF-48EE-89FC-3DA5F8C9A6E5}.Release|Any CPU.ActiveCfg = Release|Any CPU
		{EB48182A-58EF-48EE-89FC-3DA5F8C9A6E5}.Release|Any CPU.Build.0 = Release|Any CPU
		{EB48182A-58EF-48EE-89FC-3DA5F8C9A6E5}.Release|Mixed Platforms.ActiveCfg = Release|Any CPU
		{EB48182A-58EF-48EE-89FC-3DA5F8C9A6E5}.Release|Mixed Platforms.Build.0 = Release|Any CPU
		{EB48182A-58EF-48EE-89FC-3DA5F8C9A6E5}.Release|x86.ActiveCfg = Release|Any CPU
		{EB48182A-58EF-48EE-89FC-3DA5F8C9A6E5}.XBAP Debug|Any CPU.ActiveCfg = Debug|Any CPU
		{EB48182A-58EF-48EE-89FC-3DA5F8C9A6E5}.XBAP Debug|Any CPU.Build.0 = Debug|Any CPU
		{EB48182A-58EF-48EE-89FC-3DA5F8C9A6E5}.XBAP Debug|Mixed Platforms.ActiveCfg = Debug|Any CPU
		{EB48182A-58EF-48EE-89FC-3DA5F8C9A6E5}.XBAP Debug|Mixed Platforms.Build.0 = Debug|Any CPU
		{EB48182A-58EF-48EE-89FC-3DA5F8C9A6E5}.XBAP Debug|x86.ActiveCfg = Debug|Any CPU
		{EB48182A-58EF-48EE-89FC-3DA5F8C9A6E5}.XBAP Release|Any CPU.ActiveCfg = Release|Any CPU
		{EB48182A-58EF-48EE-89FC-3DA5F8C9A6E5}.XBAP Release|Any CPU.Build.0 = Release|Any CPU
		{EB48182A-58EF-48EE-89FC-3DA5F8C9A6E5}.XBAP Release|Mixed Platforms.ActiveCfg = Release|Any CPU
		{EB48182A-58EF-48EE-89FC-3DA5F8C9A6E5}.XBAP Release|Mixed Platforms.Build.0 = Release|Any CPU
		{EB48182A-58EF-48EE-89FC-3DA5F8C9A6E5}.XBAP Release|x86.ActiveCfg = Release|Any CPU
		{6DBAD298-4C04-4E60-A8AF-CD6EC63549DE}.ClickOnce Debug|Any CPU.ActiveCfg = Debug|Any CPU
		{6DBAD298-4C04-4E60-A8AF-CD6EC63549DE}.ClickOnce Debug|Any CPU.Build.0 = Debug|Any CPU
		{6DBAD298-4C04-4E60-A8AF-CD6EC63549DE}.ClickOnce Debug|Mixed Platforms.ActiveCfg = Debug|Any CPU
		{6DBAD298-4C04-4E60-A8AF-CD6EC63549DE}.ClickOnce Debug|Mixed Platforms.Build.0 = Debug|Any CPU
		{6DBAD298-4C04-4E60-A8AF-CD6EC63549DE}.ClickOnce Debug|x86.ActiveCfg = Debug|Any CPU
		{6DBAD298-4C04-4E60-A8AF-CD6EC63549DE}.ClickOnce Release|Any CPU.ActiveCfg = Release|Any CPU
		{6DBAD298-4C04-4E60-A8AF-CD6EC63549DE}.ClickOnce Release|Any CPU.Build.0 = Release|Any CPU
		{6DBAD298-4C04-4E60-A8AF-CD6EC63549DE}.ClickOnce Release|Mixed Platforms.ActiveCfg = Release|Any CPU
		{6DBAD298-4C04-4E60-A8AF-CD6EC63549DE}.ClickOnce Release|Mixed Platforms.Build.0 = Release|Any CPU
		{6DBAD298-4C04-4E60-A8AF-CD6EC63549DE}.ClickOnce Release|x86.ActiveCfg = Release|Any CPU
		{6DBAD298-4C04-4E60-A8AF-CD6EC63549DE}.Debug|Any CPU.ActiveCfg = Debug|Any CPU
		{6DBAD298-4C04-4E60-A8AF-CD6EC63549DE}.Debug|Any CPU.Build.0 = Debug|Any CPU
		{6DBAD298-4C04-4E60-A8AF-CD6EC63549DE}.Debug|Mixed Platforms.ActiveCfg = Debug|Any CPU
		{6DBAD298-4C04-4E60-A8AF-CD6EC63549DE}.Debug|Mixed Platforms.Build.0 = Debug|Any CPU
		{6DBAD298-4C04-4E60-A8AF-CD6EC63549DE}.Debug|x86.ActiveCfg = Debug|Any CPU
		{6DBAD298-4C04-4E60-A8AF-CD6EC63549DE}.Release|Any CPU.ActiveCfg = Release|Any CPU
		{6DBAD298-4C04-4E60-A8AF-CD6EC63549DE}.Release|Any CPU.Build.0 = Release|Any CPU
		{6DBAD298-4C04-4E60-A8AF-CD6EC63549DE}.Release|Mixed Platforms.ActiveCfg = Release|Any CPU
		{6DBAD298-4C04-4E60-A8AF-CD6EC63549DE}.Release|Mixed Platforms.Build.0 = Release|Any CPU
		{6DBAD298-4C04-4E60-A8AF-CD6EC63549DE}.Release|x86.ActiveCfg = Release|Any CPU
		{6DBAD298-4C04-4E60-A8AF-CD6EC63549DE}.XBAP Debug|Any CPU.ActiveCfg = Debug|Any CPU
		{6DBAD298-4C04-4E60-A8AF-CD6EC63549DE}.XBAP Debug|Any CPU.Build.0 = Debug|Any CPU
		{6DBAD298-4C04-4E60-A8AF-CD6EC63549DE}.XBAP Debug|Mixed Platforms.ActiveCfg = Debug|Any CPU
		{6DBAD298-4C04-4E60-A8AF-CD6EC63549DE}.XBAP Debug|Mixed Platforms.Build.0 = Debug|Any CPU
		{6DBAD298-4C04-4E60-A8AF-CD6EC63549DE}.XBAP Debug|x86.ActiveCfg = Debug|Any CPU
		{6DBAD298-4C04-4E60-A8AF-CD6EC63549DE}.XBAP Release|Any CPU.ActiveCfg = Release|Any CPU
		{6DBAD298-4C04-4E60-A8AF-CD6EC63549DE}.XBAP Release|Any CPU.Build.0 = Release|Any CPU
		{6DBAD298-4C04-4E60-A8AF-CD6EC63549DE}.XBAP Release|Mixed Platforms.ActiveCfg = Release|Any CPU
		{6DBAD298-4C04-4E60-A8AF-CD6EC63549DE}.XBAP Release|Mixed Platforms.Build.0 = Release|Any CPU
		{6DBAD298-4C04-4E60-A8AF-CD6EC63549DE}.XBAP Release|x86.ActiveCfg = Release|Any CPU
		{B217D6F0-86FD-467A-B978-7E54FE364909}.ClickOnce Debug|Any CPU.ActiveCfg = Debug|Any CPU
		{B217D6F0-86FD-467A-B978-7E54FE364909}.ClickOnce Debug|Any CPU.Build.0 = Debug|Any CPU
		{B217D6F0-86FD-467A-B978-7E54FE364909}.ClickOnce Debug|Mixed Platforms.ActiveCfg = Debug|Any CPU
		{B217D6F0-86FD-467A-B978-7E54FE364909}.ClickOnce Debug|Mixed Platforms.Build.0 = Debug|Any CPU
		{B217D6F0-86FD-467A-B978-7E54FE364909}.ClickOnce Debug|x86.ActiveCfg = Debug|Any CPU
		{B217D6F0-86FD-467A-B978-7E54FE364909}.ClickOnce Release|Any CPU.ActiveCfg = Release|Any CPU
		{B217D6F0-86FD-467A-B978-7E54FE364909}.ClickOnce Release|Any CPU.Build.0 = Release|Any CPU
		{B217D6F0-86FD-467A-B978-7E54FE364909}.ClickOnce Release|Mixed Platforms.ActiveCfg = Release|Any CPU
		{B217D6F0-86FD-467A-B978-7E54FE364909}.ClickOnce Release|Mixed Platforms.Build.0 = Release|Any CPU
		{B217D6F0-86FD-467A-B978-7E54FE364909}.ClickOnce Release|x86.ActiveCfg = Release|Any CPU
		{B217D6F0-86FD-467A-B978-7E54FE364909}.Debug|Any CPU.ActiveCfg = Debug|Any CPU
		{B217D6F0-86FD-467A-B978-7E54FE364909}.Debug|Any CPU.Build.0 = Debug|Any CPU
		{B217D6F0-86FD-467A-B978-7E54FE364909}.Debug|Mixed Platforms.ActiveCfg = Debug|Any CPU
		{B217D6F0-86FD-467A-B978-7E54FE364909}.Debug|Mixed Platforms.Build.0 = Debug|Any CPU
		{B217D6F0-86FD-467A-B978-7E54FE364909}.Debug|x86.ActiveCfg = Debug|Any CPU
		{B217D6F0-86FD-467A-B978-7E54FE364909}.Release|Any CPU.ActiveCfg = Release|Any CPU
		{B217D6F0-86FD-467A-B978-7E54FE364909}.Release|Any CPU.Build.0 = Release|Any CPU
		{B217D6F0-86FD-467A-B978-7E54FE364909}.Release|Mixed Platforms.ActiveCfg = Release|Any CPU
		{B217D6F0-86FD-467A-B978-7E54FE364909}.Release|Mixed Platforms.Build.0 = Release|Any CPU
		{B217D6F0-86FD-467A-B978-7E54FE364909}.Release|x86.ActiveCfg = Release|Any CPU
		{B217D6F0-86FD-467A-B978-7E54FE364909}.XBAP Debug|Any CPU.ActiveCfg = Debug|Any CPU
		{B217D6F0-86FD-467A-B978-7E54FE364909}.XBAP Debug|Any CPU.Build.0 = Debug|Any CPU
		{B217D6F0-86FD-467A-B978-7E54FE364909}.XBAP Debug|Mixed Platforms.ActiveCfg = Debug|Any CPU
		{B217D6F0-86FD-467A-B978-7E54FE364909}.XBAP Debug|Mixed Platforms.Build.0 = Debug|Any CPU
		{B217D6F0-86FD-467A-B978-7E54FE364909}.XBAP Debug|x86.ActiveCfg = Debug|Any CPU
		{B217D6F0-86FD-467A-B978-7E54FE364909}.XBAP Release|Any CPU.ActiveCfg = Release|Any CPU
		{B217D6F0-86FD-467A-B978-7E54FE364909}.XBAP Release|Any CPU.Build.0 = Release|Any CPU
		{B217D6F0-86FD-467A-B978-7E54FE364909}.XBAP Release|Mixed Platforms.ActiveCfg = Release|Any CPU
		{B217D6F0-86FD-467A-B978-7E54FE364909}.XBAP Release|Mixed Platforms.Build.0 = Release|Any CPU
		{B217D6F0-86FD-467A-B978-7E54FE364909}.XBAP Release|x86.ActiveCfg = Release|Any CPU
		{0EE13420-3C93-46BE-B07B-BBCE9D24B9CB}.ClickOnce Debug|Any CPU.ActiveCfg = Debug|Any CPU
		{0EE13420-3C93-46BE-B07B-BBCE9D24B9CB}.ClickOnce Debug|Any CPU.Build.0 = Debug|Any CPU
		{0EE13420-3C93-46BE-B07B-BBCE9D24B9CB}.ClickOnce Debug|Mixed Platforms.ActiveCfg = Debug|Any CPU
		{0EE13420-3C93-46BE-B07B-BBCE9D24B9CB}.ClickOnce Debug|Mixed Platforms.Build.0 = Debug|Any CPU
		{0EE13420-3C93-46BE-B07B-BBCE9D24B9CB}.ClickOnce Debug|x86.ActiveCfg = Debug|Any CPU
		{0EE13420-3C93-46BE-B07B-BBCE9D24B9CB}.ClickOnce Release|Any CPU.ActiveCfg = Release|Any CPU
		{0EE13420-3C93-46BE-B07B-BBCE9D24B9CB}.ClickOnce Release|Any CPU.Build.0 = Release|Any CPU
		{0EE13420-3C93-46BE-B07B-BBCE9D24B9CB}.ClickOnce Release|Mixed Platforms.ActiveCfg = Release|Any CPU
		{0EE13420-3C93-46BE-B07B-BBCE9D24B9CB}.ClickOnce Release|Mixed Platforms.Build.0 = Release|Any CPU
		{0EE13420-3C93-46BE-B07B-BBCE9D24B9CB}.ClickOnce Release|x86.ActiveCfg = Release|Any CPU
		{0EE13420-3C93-46BE-B07B-BBCE9D24B9CB}.Debug|Any CPU.ActiveCfg = Debug|Any CPU
		{0EE13420-3C93-46BE-B07B-BBCE9D24B9CB}.Debug|Any CPU.Build.0 = Debug|Any CPU
		{0EE13420-3C93-46BE-B07B-BBCE9D24B9CB}.Debug|Mixed Platforms.ActiveCfg = Debug|Any CPU
		{0EE13420-3C93-46BE-B07B-BBCE9D24B9CB}.Debug|Mixed Platforms.Build.0 = Debug|Any CPU
		{0EE13420-3C93-46BE-B07B-BBCE9D24B9CB}.Debug|x86.ActiveCfg = Debug|Any CPU
		{0EE13420-3C93-46BE-B07B-BBCE9D24B9CB}.Release|Any CPU.ActiveCfg = Release|Any CPU
		{0EE13420-3C93-46BE-B07B-BBCE9D24B9CB}.Release|Any CPU.Build.0 = Release|Any CPU
		{0EE13420-3C93-46BE-B07B-BBCE9D24B9CB}.Release|Mixed Platforms.ActiveCfg = Release|Any CPU
		{0EE13420-3C93-46BE-B07B-BBCE9D24B9CB}.Release|Mixed Platforms.Build.0 = Release|Any CPU
		{0EE13420-3C93-46BE-B07B-BBCE9D24B9CB}.Release|x86.ActiveCfg = Release|Any CPU
		{0EE13420-3C93-46BE-B07B-BBCE9D24B9CB}.XBAP Debug|Any CPU.ActiveCfg = Debug|Any CPU
		{0EE13420-3C93-46BE-B07B-BBCE9D24B9CB}.XBAP Debug|Any CPU.Build.0 = Debug|Any CPU
		{0EE13420-3C93-46BE-B07B-BBCE9D24B9CB}.XBAP Debug|Mixed Platforms.ActiveCfg = Debug|Any CPU
		{0EE13420-3C93-46BE-B07B-BBCE9D24B9CB}.XBAP Debug|Mixed Platforms.Build.0 = Debug|Any CPU
		{0EE13420-3C93-46BE-B07B-BBCE9D24B9CB}.XBAP Debug|x86.ActiveCfg = Debug|Any CPU
		{0EE13420-3C93-46BE-B07B-BBCE9D24B9CB}.XBAP Release|Any CPU.ActiveCfg = Release|Any CPU
		{0EE13420-3C93-46BE-B07B-BBCE9D24B9CB}.XBAP Release|Any CPU.Build.0 = Release|Any CPU
		{0EE13420-3C93-46BE-B07B-BBCE9D24B9CB}.XBAP Release|Mixed Platforms.ActiveCfg = Release|Any CPU
		{0EE13420-3C93-46BE-B07B-BBCE9D24B9CB}.XBAP Release|Mixed Platforms.Build.0 = Release|Any CPU
		{0EE13420-3C93-46BE-B07B-BBCE9D24B9CB}.XBAP Release|x86.ActiveCfg = Release|Any CPU
	EndGlobalSection
	GlobalSection(SolutionProperties) = preSolution
		HideSolutionNode = FALSE
	EndGlobalSection
	GlobalSection(NestedProjects) = preSolution
		{595D5886-5982-4A51-ABA0-EA661C54D95B} = {E49FCF26-6BCA-47F4-B671-FA02A9D9AB07}
		{537E8519-CD44-4CC9-9E29-9D07F6E282CD} = {E49FCF26-6BCA-47F4-B671-FA02A9D9AB07}
		{0C49CFB7-D077-40B5-98A4-EFDA3AD098E3} = {E49FCF26-6BCA-47F4-B671-FA02A9D9AB07}
		{FD57F3C1-71D6-42C6-B391-9AD356241411} = {E49FCF26-6BCA-47F4-B671-FA02A9D9AB07}
		{82A8069D-FD31-4CCA-8096-F93050B0A49D} = {98F72949-090F-4587-80D4-2A7A07F43515}
		{1D5E68F4-7DE5-4705-BF46-32751D8AAFF3} = {A41E8700-571F-47B4-8E63-E701B0B87032}
		{F7757306-F486-4BE3-99D7-80C5B7ED325B} = {E49FCF26-6BCA-47F4-B671-FA02A9D9AB07}
		{EB48182A-58EF-48EE-89FC-3DA5F8C9A6E5} = {A41E8700-571F-47B4-8E63-E701B0B87032}
		{6DBAD298-4C04-4E60-A8AF-CD6EC63549DE} = {98F72949-090F-4587-80D4-2A7A07F43515}
		{B217D6F0-86FD-467A-B978-7E54FE364909} = {43B7FB56-388B-45FA-8B42-DF9E69C341F9}
		{0EE13420-3C93-46BE-B07B-BBCE9D24B9CB} = {35D12EC8-A05F-4954-AF33-2678033F48D7}
	EndGlobalSection
	GlobalSection(TestCaseManagementSettings) = postSolution
		CategoryFile = Pms.MobiCore.root.vsmdi
	EndGlobalSection
EndGlobal
