
Microsoft Visual Studio Solution File, Format Version 12.00
# Visual Studio 2013
VisualStudioVersion = 12.0.30723.0
MinimumVisualStudioVersion = 10.0.40219.1
Project("{2150E333-8FDC-42A3-9474-1A3956D46DE8}") = "1400 - Solution Items", "1400 - Solution Items", "{ED0E23F2-DB69-49DA-AA7A-6CF3C77B1D7A}"
EndProject
Project("{2150E333-8FDC-42A3-9474-1A3956D46DE8}") = "0200 - Broobu UI Framework", "0200 - Broobu UI Framework", "{98F72949-090F-4587-80D4-2A7A07F43515}"
EndProject
Project("{2150E333-8FDC-42A3-9474-1A3956D46DE8}") = "Draft", "Draft", "{19D224DA-6E8F-44FE-AB1C-5461E19CCBBB}"
EndProject
Project("{FAE04EC0-301F-11D3-BF4B-00C04F79EFBC}") = "TestSMTP.console", "..\Draft\TestSMTP.console\TestSMTP.console.csproj", "{C89308C7-8E27-4775-B99E-73A2E25515FF}"
EndProject
Project("{FAE04EC0-301F-11D3-BF4B-00C04F79EFBC}") = "Broobu.Fx.UI", "..\UI\Broobu.Fx.UI\Broobu.Fx.UI.csproj", "{6DBAD298-4C04-4E60-A8AF-CD6EC63549DE}"
EndProject
Project("{2150E333-8FDC-42A3-9474-1A3956D46DE8}") = "0100 - Adapters", "0100 - Adapters", "{05719120-130B-4F94-A44B-51A0A5ED7DDC}"
EndProject
Project("{2150E333-8FDC-42A3-9474-1A3956D46DE8}") = "0350 - Taxonomy Service", "0350 - Taxonomy Service", "{6096D334-1959-4F24-BD21-242F11143762}"
EndProject
Project("{FAE04EC0-301F-11D3-BF4B-00C04F79EFBC}") = "Broobu.Taxonomy.Contract", "..\Contract\Broobu.Taxonomy.Contract\Broobu.Taxonomy.Contract.csproj", "{B217D6F0-86FD-467A-B978-7E54FE364909}"
EndProject
Project("{FAE04EC0-301F-11D3-BF4B-00C04F79EFBC}") = "Broobu.Taxonomy.Business", "..\Business\Broobu.Taxonomy.Business\Broobu.Taxonomy.Business.csproj", "{1A4510E0-F736-4D4A-B0E5-B09B6B6E2E14}"
EndProject
Project("{FAE04EC0-301F-11D3-BF4B-00C04F79EFBC}") = "Broobu.Taxonomy.Service", "..\Service\Broobu.Taxonomy.Service\Broobu.Taxonomy.Service.csproj", "{6505B2A4-1F29-4FB4-BBFA-6A2F4F4B8E13}"
EndProject
Project("{2150E333-8FDC-42A3-9474-1A3956D46DE8}") = "1050 - Manage Taxonomy Service", "1050 - Manage Taxonomy Service", "{C2597D94-48AE-4354-80E4-05268A5348B7}"
EndProject
Project("{FAE04EC0-301F-11D3-BF4B-00C04F79EFBC}") = "Broobu.ManageTaxo.Contract", "..\Contract\Broobu.ManageTaxo.Contract\Broobu.ManageTaxo.Contract.csproj", "{2C415F34-BAB1-42E7-A982-AD513FA6D271}"
EndProject
Project("{2150E333-8FDC-42A3-9474-1A3956D46DE8}") = "0000 - Reference", "0000 - Reference", "{35D12EC8-A05F-4954-AF33-2678033F48D7}"
EndProject
Project("{FAE04EC0-301F-11D3-BF4B-00C04F79EFBC}") = "Broobu.Taxonomy.Contract.Test", "..\Release\Contracts\Test\Broobu.Taxonomy.Contract.Test\Broobu.Taxonomy.Contract.Test.csproj", "{7DD8B722-505F-4195-AFAC-E49149F27CA9}"
EndProject
Project("{FAE04EC0-301F-11D3-BF4B-00C04F79EFBC}") = "Broobu.Taxonomy.UI.Controls", "..\UI\Broobu.Taxonomy.UI.Controls\Broobu.Taxonomy.UI.Controls.csproj", "{D5C3E3AE-7150-4FA0-A869-285B7FDD6A25}"
EndProject
Project("{FAE04EC0-301F-11D3-BF4B-00C04F79EFBC}") = "Iris.Fx", "..\..\Iris\IrisFx\Framework\Iris.Fx\Iris.Fx.csproj", "{82A8069D-FD31-4CCA-8096-F93050B0A49D}"
EndProject
Project("{2150E333-8FDC-42A3-9474-1A3956D46DE8}") = "0010 - Technical Documentation", "0010 - Technical Documentation", "{E6852AB7-3093-489E-8F01-B3709D024A4B}"
	ProjectSection(SolutionItems) = preProject
		..\Architecture\Broobu.eap = ..\Architecture\Broobu.eap
	EndProjectSection
EndProject
Project("{FAE04EC0-301F-11D3-BF4B-00C04F79EFBC}") = "Broobu.ManageDescription.UI", "..\UI\Broobu.ManageDescription.UI\Broobu.ManageDescription.UI.csproj", "{2FDB8015-8A11-4947-870A-AC9DC71714F9}"
EndProject
Project("{FAE04EC0-301F-11D3-BF4B-00C04F79EFBC}") = "Broobu.ManageTaxo.UI.Controls", "..\UI\Broobu.ManageTaxo.UI.Controls\Broobu.ManageTaxo.UI.Controls.csproj", "{51156616-5659-4BA6-B7DA-7D021D83429B}"
EndProject
Project("{FAE04EC0-301F-11D3-BF4B-00C04F79EFBC}") = "Broobu.ManageTaxo.Service", "..\Service\Broobu.ManageTaxo.Service\Broobu.ManageTaxo.Service.csproj", "{2D3BCFB2-F1C5-429F-A6C0-4914D38024AA}"
EndProject
Project("{FAE04EC0-301F-11D3-BF4B-00C04F79EFBC}") = "Broobu.ManageTaxo.Business", "..\Business\Broobu.ManageTaxo.Business\Broobu.ManageTaxo.Business.csproj", "{B592A17D-72A3-4609-A075-BEB9263ADB16}"
EndProject
Project("{FAE04EC0-301F-11D3-BF4B-00C04F79EFBC}") = "Broobu.ManageTaxo.UI", "..\UI\Broobu.ManageTaxo.UI\Broobu.ManageTaxo.UI.csproj", "{9D6D1576-2A60-4E8A-B559-1949518C8ABE}"
EndProject
Project("{FAE04EC0-301F-11D3-BF4B-00C04F79EFBC}") = "Broobu.Taxonomy.Business.Test", "..\Business\Test\Broobu.Taxonomy.Business.Test\Broobu.Taxonomy.Business.Test.csproj", "{CDF7B5C0-DFCB-49B0-BD51-971A115F9001}"
EndProject
Project("{2150E333-8FDC-42A3-9474-1A3956D46DE8}") = "0400 - Authorization", "0400 - Authorization", "{49EB2EA1-6E4D-4E3B-B4FE-BEB32DF5E3E7}"
EndProject
Project("{FAE04EC0-301F-11D3-BF4B-00C04F79EFBC}") = "Broobu.Authorization.Contract", "..\Contract\Broobu.Authorization.Contract\Broobu.Authorization.Contract.csproj", "{2B1E4372-F6D6-4E9B-A7BD-887B10A86CF2}"
EndProject
Project("{FAE04EC0-301F-11D3-BF4B-00C04F79EFBC}") = "Broobu.Authorization.Business", "..\Business\Broobu.Authorization.Business\Broobu.Authorization.Business.csproj", "{90B65713-5A65-4069-B9F2-0CCE891CFB3A}"
EndProject
Project("{FAE04EC0-301F-11D3-BF4B-00C04F79EFBC}") = "Broobu.Authorization.Business.Test", "..\Business\Test\Broobu.Authorization.Business.Test\Broobu.Authorization.Business.Test.csproj", "{4CB195B7-2C78-4E16-B816-E3DDB2F8DC15}"
EndProject
Project("{FAE04EC0-301F-11D3-BF4B-00C04F79EFBC}") = "Broobu.Disco.Service", "..\Service\Broobu.Disco.Service\Broobu.Disco.Service.csproj", "{E40E7F34-8CDB-479D-9263-D010A1DD9A63}"
EndProject
Project("{FAE04EC0-301F-11D3-BF4B-00C04F79EFBC}") = "Broobu.LATI.Contract", "..\Contract\Broobu.LATI.Contract\Broobu.LATI.Contract.csproj", "{0EE13420-3C93-46BE-B07B-BBCE9D24B9CB}"
EndProject
Global
	GlobalSection(SolutionConfigurationPlatforms) = preSolution
		ClickOnce Debug|Any CPU = ClickOnce Debug|Any CPU
		ClickOnce Debug|ARM = ClickOnce Debug|ARM
		ClickOnce Debug|Mixed Platforms = ClickOnce Debug|Mixed Platforms
		ClickOnce Debug|x64 = ClickOnce Debug|x64
		ClickOnce Debug|x86 = ClickOnce Debug|x86
		ClickOnce Release|Any CPU = ClickOnce Release|Any CPU
		ClickOnce Release|ARM = ClickOnce Release|ARM
		ClickOnce Release|Mixed Platforms = ClickOnce Release|Mixed Platforms
		ClickOnce Release|x64 = ClickOnce Release|x64
		ClickOnce Release|x86 = ClickOnce Release|x86
		Debug|Any CPU = Debug|Any CPU
		Debug|ARM = Debug|ARM
		Debug|Mixed Platforms = Debug|Mixed Platforms
		Debug|x64 = Debug|x64
		Debug|x86 = Debug|x86
		Release|Any CPU = Release|Any CPU
		Release|ARM = Release|ARM
		Release|Mixed Platforms = Release|Mixed Platforms
		Release|x64 = Release|x64
		Release|x86 = Release|x86
		XBAP Debug|Any CPU = XBAP Debug|Any CPU
		XBAP Debug|ARM = XBAP Debug|ARM
		XBAP Debug|Mixed Platforms = XBAP Debug|Mixed Platforms
		XBAP Debug|x64 = XBAP Debug|x64
		XBAP Debug|x86 = XBAP Debug|x86
		XBAP Release|Any CPU = XBAP Release|Any CPU
		XBAP Release|ARM = XBAP Release|ARM
		XBAP Release|Mixed Platforms = XBAP Release|Mixed Platforms
		XBAP Release|x64 = XBAP Release|x64
		XBAP Release|x86 = XBAP Release|x86
	EndGlobalSection
	GlobalSection(ProjectConfigurationPlatforms) = postSolution
		{C89308C7-8E27-4775-B99E-73A2E25515FF}.ClickOnce Debug|Any CPU.ActiveCfg = Debug|Any CPU
		{C89308C7-8E27-4775-B99E-73A2E25515FF}.ClickOnce Debug|Any CPU.Build.0 = Debug|Any CPU
		{C89308C7-8E27-4775-B99E-73A2E25515FF}.ClickOnce Debug|ARM.ActiveCfg = Debug|Any CPU
		{C89308C7-8E27-4775-B99E-73A2E25515FF}.ClickOnce Debug|Mixed Platforms.ActiveCfg = Debug|Any CPU
		{C89308C7-8E27-4775-B99E-73A2E25515FF}.ClickOnce Debug|Mixed Platforms.Build.0 = Debug|Any CPU
		{C89308C7-8E27-4775-B99E-73A2E25515FF}.ClickOnce Debug|x64.ActiveCfg = Debug|Any CPU
		{C89308C7-8E27-4775-B99E-73A2E25515FF}.ClickOnce Debug|x86.ActiveCfg = Debug|Any CPU
		{C89308C7-8E27-4775-B99E-73A2E25515FF}.ClickOnce Release|Any CPU.ActiveCfg = Release|Any CPU
		{C89308C7-8E27-4775-B99E-73A2E25515FF}.ClickOnce Release|Any CPU.Build.0 = Release|Any CPU
		{C89308C7-8E27-4775-B99E-73A2E25515FF}.ClickOnce Release|ARM.ActiveCfg = Release|Any CPU
		{C89308C7-8E27-4775-B99E-73A2E25515FF}.ClickOnce Release|Mixed Platforms.ActiveCfg = Release|Any CPU
		{C89308C7-8E27-4775-B99E-73A2E25515FF}.ClickOnce Release|Mixed Platforms.Build.0 = Release|Any CPU
		{C89308C7-8E27-4775-B99E-73A2E25515FF}.ClickOnce Release|x64.ActiveCfg = Release|Any CPU
		{C89308C7-8E27-4775-B99E-73A2E25515FF}.ClickOnce Release|x86.ActiveCfg = Release|Any CPU
		{C89308C7-8E27-4775-B99E-73A2E25515FF}.Debug|Any CPU.ActiveCfg = Debug|Any CPU
		{C89308C7-8E27-4775-B99E-73A2E25515FF}.Debug|Any CPU.Build.0 = Debug|Any CPU
		{C89308C7-8E27-4775-B99E-73A2E25515FF}.Debug|ARM.ActiveCfg = Debug|Any CPU
		{C89308C7-8E27-4775-B99E-73A2E25515FF}.Debug|Mixed Platforms.ActiveCfg = Debug|Any CPU
		{C89308C7-8E27-4775-B99E-73A2E25515FF}.Debug|Mixed Platforms.Build.0 = Debug|Any CPU
		{C89308C7-8E27-4775-B99E-73A2E25515FF}.Debug|x64.ActiveCfg = Debug|Any CPU
		{C89308C7-8E27-4775-B99E-73A2E25515FF}.Debug|x86.ActiveCfg = Debug|Any CPU
		{C89308C7-8E27-4775-B99E-73A2E25515FF}.Release|Any CPU.ActiveCfg = Release|Any CPU
		{C89308C7-8E27-4775-B99E-73A2E25515FF}.Release|Any CPU.Build.0 = Release|Any CPU
		{C89308C7-8E27-4775-B99E-73A2E25515FF}.Release|ARM.ActiveCfg = Release|Any CPU
		{C89308C7-8E27-4775-B99E-73A2E25515FF}.Release|Mixed Platforms.ActiveCfg = Release|Any CPU
		{C89308C7-8E27-4775-B99E-73A2E25515FF}.Release|Mixed Platforms.Build.0 = Release|Any CPU
		{C89308C7-8E27-4775-B99E-73A2E25515FF}.Release|x64.ActiveCfg = Release|Any CPU
		{C89308C7-8E27-4775-B99E-73A2E25515FF}.Release|x86.ActiveCfg = Release|Any CPU
		{C89308C7-8E27-4775-B99E-73A2E25515FF}.XBAP Debug|Any CPU.ActiveCfg = Debug|Any CPU
		{C89308C7-8E27-4775-B99E-73A2E25515FF}.XBAP Debug|Any CPU.Build.0 = Debug|Any CPU
		{C89308C7-8E27-4775-B99E-73A2E25515FF}.XBAP Debug|ARM.ActiveCfg = Debug|Any CPU
		{C89308C7-8E27-4775-B99E-73A2E25515FF}.XBAP Debug|Mixed Platforms.ActiveCfg = Debug|Any CPU
		{C89308C7-8E27-4775-B99E-73A2E25515FF}.XBAP Debug|Mixed Platforms.Build.0 = Debug|Any CPU
		{C89308C7-8E27-4775-B99E-73A2E25515FF}.XBAP Debug|x64.ActiveCfg = Debug|Any CPU
		{C89308C7-8E27-4775-B99E-73A2E25515FF}.XBAP Debug|x86.ActiveCfg = Debug|Any CPU
		{C89308C7-8E27-4775-B99E-73A2E25515FF}.XBAP Release|Any CPU.ActiveCfg = Release|Any CPU
		{C89308C7-8E27-4775-B99E-73A2E25515FF}.XBAP Release|Any CPU.Build.0 = Release|Any CPU
		{C89308C7-8E27-4775-B99E-73A2E25515FF}.XBAP Release|ARM.ActiveCfg = Release|Any CPU
		{C89308C7-8E27-4775-B99E-73A2E25515FF}.XBAP Release|Mixed Platforms.ActiveCfg = Release|Any CPU
		{C89308C7-8E27-4775-B99E-73A2E25515FF}.XBAP Release|Mixed Platforms.Build.0 = Release|Any CPU
		{C89308C7-8E27-4775-B99E-73A2E25515FF}.XBAP Release|x64.ActiveCfg = Release|Any CPU
		{C89308C7-8E27-4775-B99E-73A2E25515FF}.XBAP Release|x86.ActiveCfg = Release|Any CPU
		{6DBAD298-4C04-4E60-A8AF-CD6EC63549DE}.ClickOnce Debug|Any CPU.ActiveCfg = Debug|Any CPU
		{6DBAD298-4C04-4E60-A8AF-CD6EC63549DE}.ClickOnce Debug|Any CPU.Build.0 = Debug|Any CPU
		{6DBAD298-4C04-4E60-A8AF-CD6EC63549DE}.ClickOnce Debug|ARM.ActiveCfg = Debug|Any CPU
		{6DBAD298-4C04-4E60-A8AF-CD6EC63549DE}.ClickOnce Debug|Mixed Platforms.ActiveCfg = Debug|Any CPU
		{6DBAD298-4C04-4E60-A8AF-CD6EC63549DE}.ClickOnce Debug|Mixed Platforms.Build.0 = Debug|Any CPU
		{6DBAD298-4C04-4E60-A8AF-CD6EC63549DE}.ClickOnce Debug|x64.ActiveCfg = Debug|Any CPU
		{6DBAD298-4C04-4E60-A8AF-CD6EC63549DE}.ClickOnce Debug|x86.ActiveCfg = Debug|Any CPU
		{6DBAD298-4C04-4E60-A8AF-CD6EC63549DE}.ClickOnce Release|Any CPU.ActiveCfg = Release|Any CPU
		{6DBAD298-4C04-4E60-A8AF-CD6EC63549DE}.ClickOnce Release|Any CPU.Build.0 = Release|Any CPU
		{6DBAD298-4C04-4E60-A8AF-CD6EC63549DE}.ClickOnce Release|ARM.ActiveCfg = Release|Any CPU
		{6DBAD298-4C04-4E60-A8AF-CD6EC63549DE}.ClickOnce Release|Mixed Platforms.ActiveCfg = Release|Any CPU
		{6DBAD298-4C04-4E60-A8AF-CD6EC63549DE}.ClickOnce Release|Mixed Platforms.Build.0 = Release|Any CPU
		{6DBAD298-4C04-4E60-A8AF-CD6EC63549DE}.ClickOnce Release|x64.ActiveCfg = Release|Any CPU
		{6DBAD298-4C04-4E60-A8AF-CD6EC63549DE}.ClickOnce Release|x86.ActiveCfg = Release|Any CPU
		{6DBAD298-4C04-4E60-A8AF-CD6EC63549DE}.Debug|Any CPU.ActiveCfg = Debug|Any CPU
		{6DBAD298-4C04-4E60-A8AF-CD6EC63549DE}.Debug|Any CPU.Build.0 = Debug|Any CPU
		{6DBAD298-4C04-4E60-A8AF-CD6EC63549DE}.Debug|ARM.ActiveCfg = Debug|Any CPU
		{6DBAD298-4C04-4E60-A8AF-CD6EC63549DE}.Debug|Mixed Platforms.ActiveCfg = Debug|Any CPU
		{6DBAD298-4C04-4E60-A8AF-CD6EC63549DE}.Debug|Mixed Platforms.Build.0 = Debug|Any CPU
		{6DBAD298-4C04-4E60-A8AF-CD6EC63549DE}.Debug|x64.ActiveCfg = Debug|Any CPU
		{6DBAD298-4C04-4E60-A8AF-CD6EC63549DE}.Debug|x86.ActiveCfg = Debug|Any CPU
		{6DBAD298-4C04-4E60-A8AF-CD6EC63549DE}.Release|Any CPU.ActiveCfg = Release|Any CPU
		{6DBAD298-4C04-4E60-A8AF-CD6EC63549DE}.Release|Any CPU.Build.0 = Release|Any CPU
		{6DBAD298-4C04-4E60-A8AF-CD6EC63549DE}.Release|ARM.ActiveCfg = Release|Any CPU
		{6DBAD298-4C04-4E60-A8AF-CD6EC63549DE}.Release|Mixed Platforms.ActiveCfg = Release|Any CPU
		{6DBAD298-4C04-4E60-A8AF-CD6EC63549DE}.Release|Mixed Platforms.Build.0 = Release|Any CPU
		{6DBAD298-4C04-4E60-A8AF-CD6EC63549DE}.Release|x64.ActiveCfg = Release|Any CPU
		{6DBAD298-4C04-4E60-A8AF-CD6EC63549DE}.Release|x86.ActiveCfg = Release|Any CPU
		{6DBAD298-4C04-4E60-A8AF-CD6EC63549DE}.XBAP Debug|Any CPU.ActiveCfg = Debug|Any CPU
		{6DBAD298-4C04-4E60-A8AF-CD6EC63549DE}.XBAP Debug|Any CPU.Build.0 = Debug|Any CPU
		{6DBAD298-4C04-4E60-A8AF-CD6EC63549DE}.XBAP Debug|ARM.ActiveCfg = Debug|Any CPU
		{6DBAD298-4C04-4E60-A8AF-CD6EC63549DE}.XBAP Debug|Mixed Platforms.ActiveCfg = Debug|Any CPU
		{6DBAD298-4C04-4E60-A8AF-CD6EC63549DE}.XBAP Debug|Mixed Platforms.Build.0 = Debug|Any CPU
		{6DBAD298-4C04-4E60-A8AF-CD6EC63549DE}.XBAP Debug|x64.ActiveCfg = Debug|Any CPU
		{6DBAD298-4C04-4E60-A8AF-CD6EC63549DE}.XBAP Debug|x86.ActiveCfg = Debug|Any CPU
		{6DBAD298-4C04-4E60-A8AF-CD6EC63549DE}.XBAP Release|Any CPU.ActiveCfg = Release|Any CPU
		{6DBAD298-4C04-4E60-A8AF-CD6EC63549DE}.XBAP Release|Any CPU.Build.0 = Release|Any CPU
		{6DBAD298-4C04-4E60-A8AF-CD6EC63549DE}.XBAP Release|ARM.ActiveCfg = Release|Any CPU
		{6DBAD298-4C04-4E60-A8AF-CD6EC63549DE}.XBAP Release|Mixed Platforms.ActiveCfg = Release|Any CPU
		{6DBAD298-4C04-4E60-A8AF-CD6EC63549DE}.XBAP Release|Mixed Platforms.Build.0 = Release|Any CPU
		{6DBAD298-4C04-4E60-A8AF-CD6EC63549DE}.XBAP Release|x64.ActiveCfg = Release|Any CPU
		{6DBAD298-4C04-4E60-A8AF-CD6EC63549DE}.XBAP Release|x86.ActiveCfg = Release|Any CPU
		{B217D6F0-86FD-467A-B978-7E54FE364909}.ClickOnce Debug|Any CPU.ActiveCfg = Debug|Any CPU
		{B217D6F0-86FD-467A-B978-7E54FE364909}.ClickOnce Debug|Any CPU.Build.0 = Debug|Any CPU
		{B217D6F0-86FD-467A-B978-7E54FE364909}.ClickOnce Debug|ARM.ActiveCfg = Debug|Any CPU
		{B217D6F0-86FD-467A-B978-7E54FE364909}.ClickOnce Debug|Mixed Platforms.ActiveCfg = Debug|Any CPU
		{B217D6F0-86FD-467A-B978-7E54FE364909}.ClickOnce Debug|Mixed Platforms.Build.0 = Debug|Any CPU
		{B217D6F0-86FD-467A-B978-7E54FE364909}.ClickOnce Debug|x64.ActiveCfg = Debug|Any CPU
		{B217D6F0-86FD-467A-B978-7E54FE364909}.ClickOnce Debug|x86.ActiveCfg = Debug|Any CPU
		{B217D6F0-86FD-467A-B978-7E54FE364909}.ClickOnce Release|Any CPU.ActiveCfg = Release|Any CPU
		{B217D6F0-86FD-467A-B978-7E54FE364909}.ClickOnce Release|Any CPU.Build.0 = Release|Any CPU
		{B217D6F0-86FD-467A-B978-7E54FE364909}.ClickOnce Release|ARM.ActiveCfg = Release|Any CPU
		{B217D6F0-86FD-467A-B978-7E54FE364909}.ClickOnce Release|Mixed Platforms.ActiveCfg = Release|Any CPU
		{B217D6F0-86FD-467A-B978-7E54FE364909}.ClickOnce Release|Mixed Platforms.Build.0 = Release|Any CPU
		{B217D6F0-86FD-467A-B978-7E54FE364909}.ClickOnce Release|x64.ActiveCfg = Release|Any CPU
		{B217D6F0-86FD-467A-B978-7E54FE364909}.ClickOnce Release|x86.ActiveCfg = Release|Any CPU
		{B217D6F0-86FD-467A-B978-7E54FE364909}.Debug|Any CPU.ActiveCfg = Debug|Any CPU
		{B217D6F0-86FD-467A-B978-7E54FE364909}.Debug|Any CPU.Build.0 = Debug|Any CPU
		{B217D6F0-86FD-467A-B978-7E54FE364909}.Debug|ARM.ActiveCfg = Debug|Any CPU
		{B217D6F0-86FD-467A-B978-7E54FE364909}.Debug|Mixed Platforms.ActiveCfg = Debug|Any CPU
		{B217D6F0-86FD-467A-B978-7E54FE364909}.Debug|Mixed Platforms.Build.0 = Debug|Any CPU
		{B217D6F0-86FD-467A-B978-7E54FE364909}.Debug|x64.ActiveCfg = Debug|Any CPU
		{B217D6F0-86FD-467A-B978-7E54FE364909}.Debug|x86.ActiveCfg = Debug|Any CPU
		{B217D6F0-86FD-467A-B978-7E54FE364909}.Release|Any CPU.ActiveCfg = Release|Any CPU
		{B217D6F0-86FD-467A-B978-7E54FE364909}.Release|Any CPU.Build.0 = Release|Any CPU
		{B217D6F0-86FD-467A-B978-7E54FE364909}.Release|ARM.ActiveCfg = Release|Any CPU
		{B217D6F0-86FD-467A-B978-7E54FE364909}.Release|Mixed Platforms.ActiveCfg = Release|Any CPU
		{B217D6F0-86FD-467A-B978-7E54FE364909}.Release|Mixed Platforms.Build.0 = Release|Any CPU
		{B217D6F0-86FD-467A-B978-7E54FE364909}.Release|x64.ActiveCfg = Release|Any CPU
		{B217D6F0-86FD-467A-B978-7E54FE364909}.Release|x86.ActiveCfg = Release|Any CPU
		{B217D6F0-86FD-467A-B978-7E54FE364909}.XBAP Debug|Any CPU.ActiveCfg = Debug|Any CPU
		{B217D6F0-86FD-467A-B978-7E54FE364909}.XBAP Debug|Any CPU.Build.0 = Debug|Any CPU
		{B217D6F0-86FD-467A-B978-7E54FE364909}.XBAP Debug|ARM.ActiveCfg = Debug|Any CPU
		{B217D6F0-86FD-467A-B978-7E54FE364909}.XBAP Debug|Mixed Platforms.ActiveCfg = Debug|Any CPU
		{B217D6F0-86FD-467A-B978-7E54FE364909}.XBAP Debug|Mixed Platforms.Build.0 = Debug|Any CPU
		{B217D6F0-86FD-467A-B978-7E54FE364909}.XBAP Debug|x64.ActiveCfg = Debug|Any CPU
		{B217D6F0-86FD-467A-B978-7E54FE364909}.XBAP Debug|x86.ActiveCfg = Debug|Any CPU
		{B217D6F0-86FD-467A-B978-7E54FE364909}.XBAP Release|Any CPU.ActiveCfg = Release|Any CPU
		{B217D6F0-86FD-467A-B978-7E54FE364909}.XBAP Release|Any CPU.Build.0 = Release|Any CPU
		{B217D6F0-86FD-467A-B978-7E54FE364909}.XBAP Release|ARM.ActiveCfg = Release|Any CPU
		{B217D6F0-86FD-467A-B978-7E54FE364909}.XBAP Release|Mixed Platforms.ActiveCfg = Release|Any CPU
		{B217D6F0-86FD-467A-B978-7E54FE364909}.XBAP Release|Mixed Platforms.Build.0 = Release|Any CPU
		{B217D6F0-86FD-467A-B978-7E54FE364909}.XBAP Release|x64.ActiveCfg = Release|Any CPU
		{B217D6F0-86FD-467A-B978-7E54FE364909}.XBAP Release|x86.ActiveCfg = Release|Any CPU
		{1A4510E0-F736-4D4A-B0E5-B09B6B6E2E14}.ClickOnce Debug|Any CPU.ActiveCfg = Debug|Any CPU
		{1A4510E0-F736-4D4A-B0E5-B09B6B6E2E14}.ClickOnce Debug|Any CPU.Build.0 = Debug|Any CPU
		{1A4510E0-F736-4D4A-B0E5-B09B6B6E2E14}.ClickOnce Debug|ARM.ActiveCfg = Debug|Any CPU
		{1A4510E0-F736-4D4A-B0E5-B09B6B6E2E14}.ClickOnce Debug|Mixed Platforms.ActiveCfg = Debug|Any CPU
		{1A4510E0-F736-4D4A-B0E5-B09B6B6E2E14}.ClickOnce Debug|Mixed Platforms.Build.0 = Debug|Any CPU
		{1A4510E0-F736-4D4A-B0E5-B09B6B6E2E14}.ClickOnce Debug|x64.ActiveCfg = Debug|Any CPU
		{1A4510E0-F736-4D4A-B0E5-B09B6B6E2E14}.ClickOnce Debug|x86.ActiveCfg = Debug|Any CPU
		{1A4510E0-F736-4D4A-B0E5-B09B6B6E2E14}.ClickOnce Release|Any CPU.ActiveCfg = Release|Any CPU
		{1A4510E0-F736-4D4A-B0E5-B09B6B6E2E14}.ClickOnce Release|Any CPU.Build.0 = Release|Any CPU
		{1A4510E0-F736-4D4A-B0E5-B09B6B6E2E14}.ClickOnce Release|ARM.ActiveCfg = Release|Any CPU
		{1A4510E0-F736-4D4A-B0E5-B09B6B6E2E14}.ClickOnce Release|Mixed Platforms.ActiveCfg = Release|Any CPU
		{1A4510E0-F736-4D4A-B0E5-B09B6B6E2E14}.ClickOnce Release|Mixed Platforms.Build.0 = Release|Any CPU
		{1A4510E0-F736-4D4A-B0E5-B09B6B6E2E14}.ClickOnce Release|x64.ActiveCfg = Release|Any CPU
		{1A4510E0-F736-4D4A-B0E5-B09B6B6E2E14}.ClickOnce Release|x86.ActiveCfg = Release|Any CPU
		{1A4510E0-F736-4D4A-B0E5-B09B6B6E2E14}.Debug|Any CPU.ActiveCfg = Debug|Any CPU
		{1A4510E0-F736-4D4A-B0E5-B09B6B6E2E14}.Debug|Any CPU.Build.0 = Debug|Any CPU
		{1A4510E0-F736-4D4A-B0E5-B09B6B6E2E14}.Debug|ARM.ActiveCfg = Debug|Any CPU
		{1A4510E0-F736-4D4A-B0E5-B09B6B6E2E14}.Debug|Mixed Platforms.ActiveCfg = Debug|Any CPU
		{1A4510E0-F736-4D4A-B0E5-B09B6B6E2E14}.Debug|Mixed Platforms.Build.0 = Debug|Any CPU
		{1A4510E0-F736-4D4A-B0E5-B09B6B6E2E14}.Debug|x64.ActiveCfg = Debug|Any CPU
		{1A4510E0-F736-4D4A-B0E5-B09B6B6E2E14}.Debug|x86.ActiveCfg = Debug|Any CPU
		{1A4510E0-F736-4D4A-B0E5-B09B6B6E2E14}.Release|Any CPU.ActiveCfg = Release|Any CPU
		{1A4510E0-F736-4D4A-B0E5-B09B6B6E2E14}.Release|Any CPU.Build.0 = Release|Any CPU
		{1A4510E0-F736-4D4A-B0E5-B09B6B6E2E14}.Release|ARM.ActiveCfg = Release|Any CPU
		{1A4510E0-F736-4D4A-B0E5-B09B6B6E2E14}.Release|Mixed Platforms.ActiveCfg = Release|Any CPU
		{1A4510E0-F736-4D4A-B0E5-B09B6B6E2E14}.Release|Mixed Platforms.Build.0 = Release|Any CPU
		{1A4510E0-F736-4D4A-B0E5-B09B6B6E2E14}.Release|x64.ActiveCfg = Release|Any CPU
		{1A4510E0-F736-4D4A-B0E5-B09B6B6E2E14}.Release|x86.ActiveCfg = Release|Any CPU
		{1A4510E0-F736-4D4A-B0E5-B09B6B6E2E14}.XBAP Debug|Any CPU.ActiveCfg = Debug|Any CPU
		{1A4510E0-F736-4D4A-B0E5-B09B6B6E2E14}.XBAP Debug|Any CPU.Build.0 = Debug|Any CPU
		{1A4510E0-F736-4D4A-B0E5-B09B6B6E2E14}.XBAP Debug|ARM.ActiveCfg = Debug|Any CPU
		{1A4510E0-F736-4D4A-B0E5-B09B6B6E2E14}.XBAP Debug|Mixed Platforms.ActiveCfg = Debug|Any CPU
		{1A4510E0-F736-4D4A-B0E5-B09B6B6E2E14}.XBAP Debug|Mixed Platforms.Build.0 = Debug|Any CPU
		{1A4510E0-F736-4D4A-B0E5-B09B6B6E2E14}.XBAP Debug|x64.ActiveCfg = Debug|Any CPU
		{1A4510E0-F736-4D4A-B0E5-B09B6B6E2E14}.XBAP Debug|x86.ActiveCfg = Debug|Any CPU
		{1A4510E0-F736-4D4A-B0E5-B09B6B6E2E14}.XBAP Release|Any CPU.ActiveCfg = Release|Any CPU
		{1A4510E0-F736-4D4A-B0E5-B09B6B6E2E14}.XBAP Release|Any CPU.Build.0 = Release|Any CPU
		{1A4510E0-F736-4D4A-B0E5-B09B6B6E2E14}.XBAP Release|ARM.ActiveCfg = Release|Any CPU
		{1A4510E0-F736-4D4A-B0E5-B09B6B6E2E14}.XBAP Release|Mixed Platforms.ActiveCfg = Release|Any CPU
		{1A4510E0-F736-4D4A-B0E5-B09B6B6E2E14}.XBAP Release|Mixed Platforms.Build.0 = Release|Any CPU
		{1A4510E0-F736-4D4A-B0E5-B09B6B6E2E14}.XBAP Release|x64.ActiveCfg = Release|Any CPU
		{1A4510E0-F736-4D4A-B0E5-B09B6B6E2E14}.XBAP Release|x86.ActiveCfg = Release|Any CPU
		{6505B2A4-1F29-4FB4-BBFA-6A2F4F4B8E13}.ClickOnce Debug|Any CPU.ActiveCfg = Debug|Any CPU
		{6505B2A4-1F29-4FB4-BBFA-6A2F4F4B8E13}.ClickOnce Debug|Any CPU.Build.0 = Debug|Any CPU
		{6505B2A4-1F29-4FB4-BBFA-6A2F4F4B8E13}.ClickOnce Debug|ARM.ActiveCfg = Debug|Any CPU
		{6505B2A4-1F29-4FB4-BBFA-6A2F4F4B8E13}.ClickOnce Debug|Mixed Platforms.ActiveCfg = Debug|Any CPU
		{6505B2A4-1F29-4FB4-BBFA-6A2F4F4B8E13}.ClickOnce Debug|Mixed Platforms.Build.0 = Debug|Any CPU
		{6505B2A4-1F29-4FB4-BBFA-6A2F4F4B8E13}.ClickOnce Debug|x64.ActiveCfg = Debug|Any CPU
		{6505B2A4-1F29-4FB4-BBFA-6A2F4F4B8E13}.ClickOnce Debug|x86.ActiveCfg = Debug|Any CPU
		{6505B2A4-1F29-4FB4-BBFA-6A2F4F4B8E13}.ClickOnce Release|Any CPU.ActiveCfg = Release|Any CPU
		{6505B2A4-1F29-4FB4-BBFA-6A2F4F4B8E13}.ClickOnce Release|Any CPU.Build.0 = Release|Any CPU
		{6505B2A4-1F29-4FB4-BBFA-6A2F4F4B8E13}.ClickOnce Release|ARM.ActiveCfg = Release|Any CPU
		{6505B2A4-1F29-4FB4-BBFA-6A2F4F4B8E13}.ClickOnce Release|Mixed Platforms.ActiveCfg = Release|Any CPU
		{6505B2A4-1F29-4FB4-BBFA-6A2F4F4B8E13}.ClickOnce Release|Mixed Platforms.Build.0 = Release|Any CPU
		{6505B2A4-1F29-4FB4-BBFA-6A2F4F4B8E13}.ClickOnce Release|x64.ActiveCfg = Release|Any CPU
		{6505B2A4-1F29-4FB4-BBFA-6A2F4F4B8E13}.ClickOnce Release|x86.ActiveCfg = Release|Any CPU
		{6505B2A4-1F29-4FB4-BBFA-6A2F4F4B8E13}.Debug|Any CPU.ActiveCfg = Debug|Any CPU
		{6505B2A4-1F29-4FB4-BBFA-6A2F4F4B8E13}.Debug|Any CPU.Build.0 = Debug|Any CPU
		{6505B2A4-1F29-4FB4-BBFA-6A2F4F4B8E13}.Debug|ARM.ActiveCfg = Debug|Any CPU
		{6505B2A4-1F29-4FB4-BBFA-6A2F4F4B8E13}.Debug|Mixed Platforms.ActiveCfg = Debug|Any CPU
		{6505B2A4-1F29-4FB4-BBFA-6A2F4F4B8E13}.Debug|Mixed Platforms.Build.0 = Debug|Any CPU
		{6505B2A4-1F29-4FB4-BBFA-6A2F4F4B8E13}.Debug|x64.ActiveCfg = Debug|Any CPU
		{6505B2A4-1F29-4FB4-BBFA-6A2F4F4B8E13}.Debug|x86.ActiveCfg = Debug|Any CPU
		{6505B2A4-1F29-4FB4-BBFA-6A2F4F4B8E13}.Release|Any CPU.ActiveCfg = Release|Any CPU
		{6505B2A4-1F29-4FB4-BBFA-6A2F4F4B8E13}.Release|Any CPU.Build.0 = Release|Any CPU
		{6505B2A4-1F29-4FB4-BBFA-6A2F4F4B8E13}.Release|ARM.ActiveCfg = Release|Any CPU
		{6505B2A4-1F29-4FB4-BBFA-6A2F4F4B8E13}.Release|Mixed Platforms.ActiveCfg = Release|Any CPU
		{6505B2A4-1F29-4FB4-BBFA-6A2F4F4B8E13}.Release|Mixed Platforms.Build.0 = Release|Any CPU
		{6505B2A4-1F29-4FB4-BBFA-6A2F4F4B8E13}.Release|x64.ActiveCfg = Release|Any CPU
		{6505B2A4-1F29-4FB4-BBFA-6A2F4F4B8E13}.Release|x86.ActiveCfg = Release|Any CPU
		{6505B2A4-1F29-4FB4-BBFA-6A2F4F4B8E13}.XBAP Debug|Any CPU.ActiveCfg = Debug|Any CPU
		{6505B2A4-1F29-4FB4-BBFA-6A2F4F4B8E13}.XBAP Debug|Any CPU.Build.0 = Debug|Any CPU
		{6505B2A4-1F29-4FB4-BBFA-6A2F4F4B8E13}.XBAP Debug|ARM.ActiveCfg = Debug|Any CPU
		{6505B2A4-1F29-4FB4-BBFA-6A2F4F4B8E13}.XBAP Debug|Mixed Platforms.ActiveCfg = Debug|Any CPU
		{6505B2A4-1F29-4FB4-BBFA-6A2F4F4B8E13}.XBAP Debug|Mixed Platforms.Build.0 = Debug|Any CPU
		{6505B2A4-1F29-4FB4-BBFA-6A2F4F4B8E13}.XBAP Debug|x64.ActiveCfg = Debug|Any CPU
		{6505B2A4-1F29-4FB4-BBFA-6A2F4F4B8E13}.XBAP Debug|x86.ActiveCfg = Debug|Any CPU
		{6505B2A4-1F29-4FB4-BBFA-6A2F4F4B8E13}.XBAP Release|Any CPU.ActiveCfg = Release|Any CPU
		{6505B2A4-1F29-4FB4-BBFA-6A2F4F4B8E13}.XBAP Release|Any CPU.Build.0 = Release|Any CPU
		{6505B2A4-1F29-4FB4-BBFA-6A2F4F4B8E13}.XBAP Release|ARM.ActiveCfg = Release|Any CPU
		{6505B2A4-1F29-4FB4-BBFA-6A2F4F4B8E13}.XBAP Release|Mixed Platforms.ActiveCfg = Release|Any CPU
		{6505B2A4-1F29-4FB4-BBFA-6A2F4F4B8E13}.XBAP Release|Mixed Platforms.Build.0 = Release|Any CPU
		{6505B2A4-1F29-4FB4-BBFA-6A2F4F4B8E13}.XBAP Release|x64.ActiveCfg = Release|Any CPU
		{6505B2A4-1F29-4FB4-BBFA-6A2F4F4B8E13}.XBAP Release|x86.ActiveCfg = Release|Any CPU
		{2C415F34-BAB1-42E7-A982-AD513FA6D271}.ClickOnce Debug|Any CPU.ActiveCfg = Debug|Any CPU
		{2C415F34-BAB1-42E7-A982-AD513FA6D271}.ClickOnce Debug|Any CPU.Build.0 = Debug|Any CPU
		{2C415F34-BAB1-42E7-A982-AD513FA6D271}.ClickOnce Debug|ARM.ActiveCfg = Debug|Any CPU
		{2C415F34-BAB1-42E7-A982-AD513FA6D271}.ClickOnce Debug|Mixed Platforms.ActiveCfg = Debug|Any CPU
		{2C415F34-BAB1-42E7-A982-AD513FA6D271}.ClickOnce Debug|Mixed Platforms.Build.0 = Debug|Any CPU
		{2C415F34-BAB1-42E7-A982-AD513FA6D271}.ClickOnce Debug|x64.ActiveCfg = Debug|Any CPU
		{2C415F34-BAB1-42E7-A982-AD513FA6D271}.ClickOnce Debug|x86.ActiveCfg = Debug|Any CPU
		{2C415F34-BAB1-42E7-A982-AD513FA6D271}.ClickOnce Release|Any CPU.ActiveCfg = Release|Any CPU
		{2C415F34-BAB1-42E7-A982-AD513FA6D271}.ClickOnce Release|Any CPU.Build.0 = Release|Any CPU
		{2C415F34-BAB1-42E7-A982-AD513FA6D271}.ClickOnce Release|ARM.ActiveCfg = Release|Any CPU
		{2C415F34-BAB1-42E7-A982-AD513FA6D271}.ClickOnce Release|Mixed Platforms.ActiveCfg = Release|Any CPU
		{2C415F34-BAB1-42E7-A982-AD513FA6D271}.ClickOnce Release|Mixed Platforms.Build.0 = Release|Any CPU
		{2C415F34-BAB1-42E7-A982-AD513FA6D271}.ClickOnce Release|x64.ActiveCfg = Release|Any CPU
		{2C415F34-BAB1-42E7-A982-AD513FA6D271}.ClickOnce Release|x86.ActiveCfg = Release|Any CPU
		{2C415F34-BAB1-42E7-A982-AD513FA6D271}.Debug|Any CPU.ActiveCfg = Debug|Any CPU
		{2C415F34-BAB1-42E7-A982-AD513FA6D271}.Debug|Any CPU.Build.0 = Debug|Any CPU
		{2C415F34-BAB1-42E7-A982-AD513FA6D271}.Debug|ARM.ActiveCfg = Debug|Any CPU
		{2C415F34-BAB1-42E7-A982-AD513FA6D271}.Debug|Mixed Platforms.ActiveCfg = Debug|Any CPU
		{2C415F34-BAB1-42E7-A982-AD513FA6D271}.Debug|Mixed Platforms.Build.0 = Debug|Any CPU
		{2C415F34-BAB1-42E7-A982-AD513FA6D271}.Debug|x64.ActiveCfg = Debug|Any CPU
		{2C415F34-BAB1-42E7-A982-AD513FA6D271}.Debug|x86.ActiveCfg = Debug|Any CPU
		{2C415F34-BAB1-42E7-A982-AD513FA6D271}.Release|Any CPU.ActiveCfg = Release|Any CPU
		{2C415F34-BAB1-42E7-A982-AD513FA6D271}.Release|Any CPU.Build.0 = Release|Any CPU
		{2C415F34-BAB1-42E7-A982-AD513FA6D271}.Release|ARM.ActiveCfg = Release|Any CPU
		{2C415F34-BAB1-42E7-A982-AD513FA6D271}.Release|Mixed Platforms.ActiveCfg = Release|Any CPU
		{2C415F34-BAB1-42E7-A982-AD513FA6D271}.Release|Mixed Platforms.Build.0 = Release|Any CPU
		{2C415F34-BAB1-42E7-A982-AD513FA6D271}.Release|x64.ActiveCfg = Release|Any CPU
		{2C415F34-BAB1-42E7-A982-AD513FA6D271}.Release|x86.ActiveCfg = Release|Any CPU
		{2C415F34-BAB1-42E7-A982-AD513FA6D271}.XBAP Debug|Any CPU.ActiveCfg = Debug|Any CPU
		{2C415F34-BAB1-42E7-A982-AD513FA6D271}.XBAP Debug|Any CPU.Build.0 = Debug|Any CPU
		{2C415F34-BAB1-42E7-A982-AD513FA6D271}.XBAP Debug|ARM.ActiveCfg = Debug|Any CPU
		{2C415F34-BAB1-42E7-A982-AD513FA6D271}.XBAP Debug|Mixed Platforms.ActiveCfg = Debug|Any CPU
		{2C415F34-BAB1-42E7-A982-AD513FA6D271}.XBAP Debug|Mixed Platforms.Build.0 = Debug|Any CPU
		{2C415F34-BAB1-42E7-A982-AD513FA6D271}.XBAP Debug|x64.ActiveCfg = Debug|Any CPU
		{2C415F34-BAB1-42E7-A982-AD513FA6D271}.XBAP Debug|x86.ActiveCfg = Debug|Any CPU
		{2C415F34-BAB1-42E7-A982-AD513FA6D271}.XBAP Release|Any CPU.ActiveCfg = Release|Any CPU
		{2C415F34-BAB1-42E7-A982-AD513FA6D271}.XBAP Release|Any CPU.Build.0 = Release|Any CPU
		{2C415F34-BAB1-42E7-A982-AD513FA6D271}.XBAP Release|ARM.ActiveCfg = Release|Any CPU
		{2C415F34-BAB1-42E7-A982-AD513FA6D271}.XBAP Release|Mixed Platforms.ActiveCfg = Release|Any CPU
		{2C415F34-BAB1-42E7-A982-AD513FA6D271}.XBAP Release|Mixed Platforms.Build.0 = Release|Any CPU
		{2C415F34-BAB1-42E7-A982-AD513FA6D271}.XBAP Release|x64.ActiveCfg = Release|Any CPU
		{2C415F34-BAB1-42E7-A982-AD513FA6D271}.XBAP Release|x86.ActiveCfg = Release|Any CPU
		{7DD8B722-505F-4195-AFAC-E49149F27CA9}.ClickOnce Debug|Any CPU.ActiveCfg = Debug|Any CPU
		{7DD8B722-505F-4195-AFAC-E49149F27CA9}.ClickOnce Debug|Any CPU.Build.0 = Debug|Any CPU
		{7DD8B722-505F-4195-AFAC-E49149F27CA9}.ClickOnce Debug|ARM.ActiveCfg = Debug|Any CPU
		{7DD8B722-505F-4195-AFAC-E49149F27CA9}.ClickOnce Debug|Mixed Platforms.ActiveCfg = Debug|Any CPU
		{7DD8B722-505F-4195-AFAC-E49149F27CA9}.ClickOnce Debug|Mixed Platforms.Build.0 = Debug|Any CPU
		{7DD8B722-505F-4195-AFAC-E49149F27CA9}.ClickOnce Debug|x64.ActiveCfg = Debug|Any CPU
		{7DD8B722-505F-4195-AFAC-E49149F27CA9}.ClickOnce Debug|x86.ActiveCfg = Debug|Any CPU
		{7DD8B722-505F-4195-AFAC-E49149F27CA9}.ClickOnce Release|Any CPU.ActiveCfg = Release|Any CPU
		{7DD8B722-505F-4195-AFAC-E49149F27CA9}.ClickOnce Release|Any CPU.Build.0 = Release|Any CPU
		{7DD8B722-505F-4195-AFAC-E49149F27CA9}.ClickOnce Release|ARM.ActiveCfg = Release|Any CPU
		{7DD8B722-505F-4195-AFAC-E49149F27CA9}.ClickOnce Release|Mixed Platforms.ActiveCfg = Release|Any CPU
		{7DD8B722-505F-4195-AFAC-E49149F27CA9}.ClickOnce Release|Mixed Platforms.Build.0 = Release|Any CPU
		{7DD8B722-505F-4195-AFAC-E49149F27CA9}.ClickOnce Release|x64.ActiveCfg = Release|Any CPU
		{7DD8B722-505F-4195-AFAC-E49149F27CA9}.ClickOnce Release|x86.ActiveCfg = Release|Any CPU
		{7DD8B722-505F-4195-AFAC-E49149F27CA9}.Debug|Any CPU.ActiveCfg = Debug|Any CPU
		{7DD8B722-505F-4195-AFAC-E49149F27CA9}.Debug|Any CPU.Build.0 = Debug|Any CPU
		{7DD8B722-505F-4195-AFAC-E49149F27CA9}.Debug|ARM.ActiveCfg = Debug|Any CPU
		{7DD8B722-505F-4195-AFAC-E49149F27CA9}.Debug|Mixed Platforms.ActiveCfg = Debug|Any CPU
		{7DD8B722-505F-4195-AFAC-E49149F27CA9}.Debug|Mixed Platforms.Build.0 = Debug|Any CPU
		{7DD8B722-505F-4195-AFAC-E49149F27CA9}.Debug|x64.ActiveCfg = Debug|Any CPU
		{7DD8B722-505F-4195-AFAC-E49149F27CA9}.Debug|x86.ActiveCfg = Debug|Any CPU
		{7DD8B722-505F-4195-AFAC-E49149F27CA9}.Release|Any CPU.ActiveCfg = Release|Any CPU
		{7DD8B722-505F-4195-AFAC-E49149F27CA9}.Release|Any CPU.Build.0 = Release|Any CPU
		{7DD8B722-505F-4195-AFAC-E49149F27CA9}.Release|ARM.ActiveCfg = Release|Any CPU
		{7DD8B722-505F-4195-AFAC-E49149F27CA9}.Release|Mixed Platforms.ActiveCfg = Release|Any CPU
		{7DD8B722-505F-4195-AFAC-E49149F27CA9}.Release|Mixed Platforms.Build.0 = Release|Any CPU
		{7DD8B722-505F-4195-AFAC-E49149F27CA9}.Release|x64.ActiveCfg = Release|Any CPU
		{7DD8B722-505F-4195-AFAC-E49149F27CA9}.Release|x86.ActiveCfg = Release|Any CPU
		{7DD8B722-505F-4195-AFAC-E49149F27CA9}.XBAP Debug|Any CPU.ActiveCfg = Debug|Any CPU
		{7DD8B722-505F-4195-AFAC-E49149F27CA9}.XBAP Debug|Any CPU.Build.0 = Debug|Any CPU
		{7DD8B722-505F-4195-AFAC-E49149F27CA9}.XBAP Debug|ARM.ActiveCfg = Debug|Any CPU
		{7DD8B722-505F-4195-AFAC-E49149F27CA9}.XBAP Debug|Mixed Platforms.ActiveCfg = Debug|Any CPU
		{7DD8B722-505F-4195-AFAC-E49149F27CA9}.XBAP Debug|Mixed Platforms.Build.0 = Debug|Any CPU
		{7DD8B722-505F-4195-AFAC-E49149F27CA9}.XBAP Debug|x64.ActiveCfg = Debug|Any CPU
		{7DD8B722-505F-4195-AFAC-E49149F27CA9}.XBAP Debug|x86.ActiveCfg = Debug|Any CPU
		{7DD8B722-505F-4195-AFAC-E49149F27CA9}.XBAP Release|Any CPU.ActiveCfg = Release|Any CPU
		{7DD8B722-505F-4195-AFAC-E49149F27CA9}.XBAP Release|Any CPU.Build.0 = Release|Any CPU
		{7DD8B722-505F-4195-AFAC-E49149F27CA9}.XBAP Release|ARM.ActiveCfg = Release|Any CPU
		{7DD8B722-505F-4195-AFAC-E49149F27CA9}.XBAP Release|Mixed Platforms.ActiveCfg = Release|Any CPU
		{7DD8B722-505F-4195-AFAC-E49149F27CA9}.XBAP Release|Mixed Platforms.Build.0 = Release|Any CPU
		{7DD8B722-505F-4195-AFAC-E49149F27CA9}.XBAP Release|x64.ActiveCfg = Release|Any CPU
		{7DD8B722-505F-4195-AFAC-E49149F27CA9}.XBAP Release|x86.ActiveCfg = Release|Any CPU
		{D5C3E3AE-7150-4FA0-A869-285B7FDD6A25}.ClickOnce Debug|Any CPU.ActiveCfg = Debug|Any CPU
		{D5C3E3AE-7150-4FA0-A869-285B7FDD6A25}.ClickOnce Debug|Any CPU.Build.0 = Debug|Any CPU
		{D5C3E3AE-7150-4FA0-A869-285B7FDD6A25}.ClickOnce Debug|ARM.ActiveCfg = Debug|Any CPU
		{D5C3E3AE-7150-4FA0-A869-285B7FDD6A25}.ClickOnce Debug|Mixed Platforms.ActiveCfg = Debug|Any CPU
		{D5C3E3AE-7150-4FA0-A869-285B7FDD6A25}.ClickOnce Debug|Mixed Platforms.Build.0 = Debug|Any CPU
		{D5C3E3AE-7150-4FA0-A869-285B7FDD6A25}.ClickOnce Debug|x64.ActiveCfg = Debug|Any CPU
		{D5C3E3AE-7150-4FA0-A869-285B7FDD6A25}.ClickOnce Debug|x86.ActiveCfg = Debug|Any CPU
		{D5C3E3AE-7150-4FA0-A869-285B7FDD6A25}.ClickOnce Release|Any CPU.ActiveCfg = Release|Any CPU
		{D5C3E3AE-7150-4FA0-A869-285B7FDD6A25}.ClickOnce Release|Any CPU.Build.0 = Release|Any CPU
		{D5C3E3AE-7150-4FA0-A869-285B7FDD6A25}.ClickOnce Release|ARM.ActiveCfg = Release|Any CPU
		{D5C3E3AE-7150-4FA0-A869-285B7FDD6A25}.ClickOnce Release|Mixed Platforms.ActiveCfg = Release|Any CPU
		{D5C3E3AE-7150-4FA0-A869-285B7FDD6A25}.ClickOnce Release|Mixed Platforms.Build.0 = Release|Any CPU
		{D5C3E3AE-7150-4FA0-A869-285B7FDD6A25}.ClickOnce Release|x64.ActiveCfg = Release|Any CPU
		{D5C3E3AE-7150-4FA0-A869-285B7FDD6A25}.ClickOnce Release|x86.ActiveCfg = Release|Any CPU
		{D5C3E3AE-7150-4FA0-A869-285B7FDD6A25}.Debug|Any CPU.ActiveCfg = Debug|Any CPU
		{D5C3E3AE-7150-4FA0-A869-285B7FDD6A25}.Debug|Any CPU.Build.0 = Debug|Any CPU
		{D5C3E3AE-7150-4FA0-A869-285B7FDD6A25}.Debug|ARM.ActiveCfg = Debug|Any CPU
		{D5C3E3AE-7150-4FA0-A869-285B7FDD6A25}.Debug|Mixed Platforms.ActiveCfg = Debug|Any CPU
		{D5C3E3AE-7150-4FA0-A869-285B7FDD6A25}.Debug|Mixed Platforms.Build.0 = Debug|Any CPU
		{D5C3E3AE-7150-4FA0-A869-285B7FDD6A25}.Debug|x64.ActiveCfg = Debug|Any CPU
		{D5C3E3AE-7150-4FA0-A869-285B7FDD6A25}.Debug|x86.ActiveCfg = Debug|Any CPU
		{D5C3E3AE-7150-4FA0-A869-285B7FDD6A25}.Release|Any CPU.ActiveCfg = Release|Any CPU
		{D5C3E3AE-7150-4FA0-A869-285B7FDD6A25}.Release|Any CPU.Build.0 = Release|Any CPU
		{D5C3E3AE-7150-4FA0-A869-285B7FDD6A25}.Release|ARM.ActiveCfg = Release|Any CPU
		{D5C3E3AE-7150-4FA0-A869-285B7FDD6A25}.Release|Mixed Platforms.ActiveCfg = Release|Any CPU
		{D5C3E3AE-7150-4FA0-A869-285B7FDD6A25}.Release|Mixed Platforms.Build.0 = Release|Any CPU
		{D5C3E3AE-7150-4FA0-A869-285B7FDD6A25}.Release|x64.ActiveCfg = Release|Any CPU
		{D5C3E3AE-7150-4FA0-A869-285B7FDD6A25}.Release|x86.ActiveCfg = Release|Any CPU
		{D5C3E3AE-7150-4FA0-A869-285B7FDD6A25}.XBAP Debug|Any CPU.ActiveCfg = Debug|Any CPU
		{D5C3E3AE-7150-4FA0-A869-285B7FDD6A25}.XBAP Debug|Any CPU.Build.0 = Debug|Any CPU
		{D5C3E3AE-7150-4FA0-A869-285B7FDD6A25}.XBAP Debug|ARM.ActiveCfg = Debug|Any CPU
		{D5C3E3AE-7150-4FA0-A869-285B7FDD6A25}.XBAP Debug|Mixed Platforms.ActiveCfg = Debug|Any CPU
		{D5C3E3AE-7150-4FA0-A869-285B7FDD6A25}.XBAP Debug|Mixed Platforms.Build.0 = Debug|Any CPU
		{D5C3E3AE-7150-4FA0-A869-285B7FDD6A25}.XBAP Debug|x64.ActiveCfg = Debug|Any CPU
		{D5C3E3AE-7150-4FA0-A869-285B7FDD6A25}.XBAP Debug|x86.ActiveCfg = Debug|Any CPU
		{D5C3E3AE-7150-4FA0-A869-285B7FDD6A25}.XBAP Release|Any CPU.ActiveCfg = Release|Any CPU
		{D5C3E3AE-7150-4FA0-A869-285B7FDD6A25}.XBAP Release|Any CPU.Build.0 = Release|Any CPU
		{D5C3E3AE-7150-4FA0-A869-285B7FDD6A25}.XBAP Release|ARM.ActiveCfg = Release|Any CPU
		{D5C3E3AE-7150-4FA0-A869-285B7FDD6A25}.XBAP Release|Mixed Platforms.ActiveCfg = Release|Any CPU
		{D5C3E3AE-7150-4FA0-A869-285B7FDD6A25}.XBAP Release|Mixed Platforms.Build.0 = Release|Any CPU
		{D5C3E3AE-7150-4FA0-A869-285B7FDD6A25}.XBAP Release|x64.ActiveCfg = Release|Any CPU
		{D5C3E3AE-7150-4FA0-A869-285B7FDD6A25}.XBAP Release|x86.ActiveCfg = Release|Any CPU
		{82A8069D-FD31-4CCA-8096-F93050B0A49D}.ClickOnce Debug|Any CPU.ActiveCfg = Debug|Any CPU
		{82A8069D-FD31-4CCA-8096-F93050B0A49D}.ClickOnce Debug|Any CPU.Build.0 = Debug|Any CPU
		{82A8069D-FD31-4CCA-8096-F93050B0A49D}.ClickOnce Debug|ARM.ActiveCfg = Debug|Any CPU
		{82A8069D-FD31-4CCA-8096-F93050B0A49D}.ClickOnce Debug|Mixed Platforms.ActiveCfg = Debug|Any CPU
		{82A8069D-FD31-4CCA-8096-F93050B0A49D}.ClickOnce Debug|Mixed Platforms.Build.0 = Debug|Any CPU
		{82A8069D-FD31-4CCA-8096-F93050B0A49D}.ClickOnce Debug|x64.ActiveCfg = Debug|Any CPU
		{82A8069D-FD31-4CCA-8096-F93050B0A49D}.ClickOnce Debug|x86.ActiveCfg = Debug|Any CPU
		{82A8069D-FD31-4CCA-8096-F93050B0A49D}.ClickOnce Release|Any CPU.ActiveCfg = Release|Any CPU
		{82A8069D-FD31-4CCA-8096-F93050B0A49D}.ClickOnce Release|Any CPU.Build.0 = Release|Any CPU
		{82A8069D-FD31-4CCA-8096-F93050B0A49D}.ClickOnce Release|ARM.ActiveCfg = Release|Any CPU
		{82A8069D-FD31-4CCA-8096-F93050B0A49D}.ClickOnce Release|Mixed Platforms.ActiveCfg = Release|Any CPU
		{82A8069D-FD31-4CCA-8096-F93050B0A49D}.ClickOnce Release|Mixed Platforms.Build.0 = Release|Any CPU
		{82A8069D-FD31-4CCA-8096-F93050B0A49D}.ClickOnce Release|x64.ActiveCfg = Release|Any CPU
		{82A8069D-FD31-4CCA-8096-F93050B0A49D}.ClickOnce Release|x86.ActiveCfg = Release|Any CPU
		{82A8069D-FD31-4CCA-8096-F93050B0A49D}.Debug|Any CPU.ActiveCfg = Debug|Any CPU
		{82A8069D-FD31-4CCA-8096-F93050B0A49D}.Debug|Any CPU.Build.0 = Debug|Any CPU
		{82A8069D-FD31-4CCA-8096-F93050B0A49D}.Debug|ARM.ActiveCfg = Debug|Any CPU
		{82A8069D-FD31-4CCA-8096-F93050B0A49D}.Debug|Mixed Platforms.ActiveCfg = Debug|Any CPU
		{82A8069D-FD31-4CCA-8096-F93050B0A49D}.Debug|Mixed Platforms.Build.0 = Debug|Any CPU
		{82A8069D-FD31-4CCA-8096-F93050B0A49D}.Debug|x64.ActiveCfg = Debug|Any CPU
		{82A8069D-FD31-4CCA-8096-F93050B0A49D}.Debug|x86.ActiveCfg = Debug|Any CPU
		{82A8069D-FD31-4CCA-8096-F93050B0A49D}.Release|Any CPU.ActiveCfg = Release|Any CPU
		{82A8069D-FD31-4CCA-8096-F93050B0A49D}.Release|Any CPU.Build.0 = Release|Any CPU
		{82A8069D-FD31-4CCA-8096-F93050B0A49D}.Release|ARM.ActiveCfg = Release|Any CPU
		{82A8069D-FD31-4CCA-8096-F93050B0A49D}.Release|Mixed Platforms.ActiveCfg = Release|Any CPU
		{82A8069D-FD31-4CCA-8096-F93050B0A49D}.Release|Mixed Platforms.Build.0 = Release|Any CPU
		{82A8069D-FD31-4CCA-8096-F93050B0A49D}.Release|x64.ActiveCfg = Release|Any CPU
		{82A8069D-FD31-4CCA-8096-F93050B0A49D}.Release|x86.ActiveCfg = Release|Any CPU
		{82A8069D-FD31-4CCA-8096-F93050B0A49D}.XBAP Debug|Any CPU.ActiveCfg = Debug|Any CPU
		{82A8069D-FD31-4CCA-8096-F93050B0A49D}.XBAP Debug|Any CPU.Build.0 = Debug|Any CPU
		{82A8069D-FD31-4CCA-8096-F93050B0A49D}.XBAP Debug|ARM.ActiveCfg = Debug|Any CPU
		{82A8069D-FD31-4CCA-8096-F93050B0A49D}.XBAP Debug|Mixed Platforms.ActiveCfg = Debug|Any CPU
		{82A8069D-FD31-4CCA-8096-F93050B0A49D}.XBAP Debug|Mixed Platforms.Build.0 = Debug|Any CPU
		{82A8069D-FD31-4CCA-8096-F93050B0A49D}.XBAP Debug|x64.ActiveCfg = Debug|Any CPU
		{82A8069D-FD31-4CCA-8096-F93050B0A49D}.XBAP Debug|x86.ActiveCfg = Debug|Any CPU
		{82A8069D-FD31-4CCA-8096-F93050B0A49D}.XBAP Release|Any CPU.ActiveCfg = Release|Any CPU
		{82A8069D-FD31-4CCA-8096-F93050B0A49D}.XBAP Release|Any CPU.Build.0 = Release|Any CPU
		{82A8069D-FD31-4CCA-8096-F93050B0A49D}.XBAP Release|ARM.ActiveCfg = Release|Any CPU
		{82A8069D-FD31-4CCA-8096-F93050B0A49D}.XBAP Release|Mixed Platforms.ActiveCfg = Release|Any CPU
		{82A8069D-FD31-4CCA-8096-F93050B0A49D}.XBAP Release|Mixed Platforms.Build.0 = Release|Any CPU
		{82A8069D-FD31-4CCA-8096-F93050B0A49D}.XBAP Release|x64.ActiveCfg = Release|Any CPU
		{82A8069D-FD31-4CCA-8096-F93050B0A49D}.XBAP Release|x86.ActiveCfg = Release|Any CPU
		{2FDB8015-8A11-4947-870A-AC9DC71714F9}.ClickOnce Debug|Any CPU.ActiveCfg = Debug|Any CPU
		{2FDB8015-8A11-4947-870A-AC9DC71714F9}.ClickOnce Debug|Any CPU.Build.0 = Debug|Any CPU
		{2FDB8015-8A11-4947-870A-AC9DC71714F9}.ClickOnce Debug|ARM.ActiveCfg = Debug|Any CPU
		{2FDB8015-8A11-4947-870A-AC9DC71714F9}.ClickOnce Debug|Mixed Platforms.ActiveCfg = Debug|Any CPU
		{2FDB8015-8A11-4947-870A-AC9DC71714F9}.ClickOnce Debug|Mixed Platforms.Build.0 = Debug|Any CPU
		{2FDB8015-8A11-4947-870A-AC9DC71714F9}.ClickOnce Debug|x64.ActiveCfg = Debug|Any CPU
		{2FDB8015-8A11-4947-870A-AC9DC71714F9}.ClickOnce Debug|x86.ActiveCfg = Debug|Any CPU
		{2FDB8015-8A11-4947-870A-AC9DC71714F9}.ClickOnce Release|Any CPU.ActiveCfg = Release|Any CPU
		{2FDB8015-8A11-4947-870A-AC9DC71714F9}.ClickOnce Release|Any CPU.Build.0 = Release|Any CPU
		{2FDB8015-8A11-4947-870A-AC9DC71714F9}.ClickOnce Release|ARM.ActiveCfg = Release|Any CPU
		{2FDB8015-8A11-4947-870A-AC9DC71714F9}.ClickOnce Release|Mixed Platforms.ActiveCfg = Release|Any CPU
		{2FDB8015-8A11-4947-870A-AC9DC71714F9}.ClickOnce Release|Mixed Platforms.Build.0 = Release|Any CPU
		{2FDB8015-8A11-4947-870A-AC9DC71714F9}.ClickOnce Release|x64.ActiveCfg = Release|Any CPU
		{2FDB8015-8A11-4947-870A-AC9DC71714F9}.ClickOnce Release|x86.ActiveCfg = Release|Any CPU
		{2FDB8015-8A11-4947-870A-AC9DC71714F9}.Debug|Any CPU.ActiveCfg = Debug|Any CPU
		{2FDB8015-8A11-4947-870A-AC9DC71714F9}.Debug|Any CPU.Build.0 = Debug|Any CPU
		{2FDB8015-8A11-4947-870A-AC9DC71714F9}.Debug|ARM.ActiveCfg = Debug|Any CPU
		{2FDB8015-8A11-4947-870A-AC9DC71714F9}.Debug|Mixed Platforms.ActiveCfg = Debug|Any CPU
		{2FDB8015-8A11-4947-870A-AC9DC71714F9}.Debug|Mixed Platforms.Build.0 = Debug|Any CPU
		{2FDB8015-8A11-4947-870A-AC9DC71714F9}.Debug|x64.ActiveCfg = Debug|Any CPU
		{2FDB8015-8A11-4947-870A-AC9DC71714F9}.Debug|x86.ActiveCfg = Debug|Any CPU
		{2FDB8015-8A11-4947-870A-AC9DC71714F9}.Release|Any CPU.ActiveCfg = Release|Any CPU
		{2FDB8015-8A11-4947-870A-AC9DC71714F9}.Release|Any CPU.Build.0 = Release|Any CPU
		{2FDB8015-8A11-4947-870A-AC9DC71714F9}.Release|ARM.ActiveCfg = Release|Any CPU
		{2FDB8015-8A11-4947-870A-AC9DC71714F9}.Release|Mixed Platforms.ActiveCfg = Release|Any CPU
		{2FDB8015-8A11-4947-870A-AC9DC71714F9}.Release|Mixed Platforms.Build.0 = Release|Any CPU
		{2FDB8015-8A11-4947-870A-AC9DC71714F9}.Release|x64.ActiveCfg = Release|Any CPU
		{2FDB8015-8A11-4947-870A-AC9DC71714F9}.Release|x86.ActiveCfg = Release|Any CPU
		{2FDB8015-8A11-4947-870A-AC9DC71714F9}.XBAP Debug|Any CPU.ActiveCfg = Debug|Any CPU
		{2FDB8015-8A11-4947-870A-AC9DC71714F9}.XBAP Debug|Any CPU.Build.0 = Debug|Any CPU
		{2FDB8015-8A11-4947-870A-AC9DC71714F9}.XBAP Debug|ARM.ActiveCfg = Debug|Any CPU
		{2FDB8015-8A11-4947-870A-AC9DC71714F9}.XBAP Debug|Mixed Platforms.ActiveCfg = Debug|Any CPU
		{2FDB8015-8A11-4947-870A-AC9DC71714F9}.XBAP Debug|Mixed Platforms.Build.0 = Debug|Any CPU
		{2FDB8015-8A11-4947-870A-AC9DC71714F9}.XBAP Debug|x64.ActiveCfg = Debug|Any CPU
		{2FDB8015-8A11-4947-870A-AC9DC71714F9}.XBAP Debug|x86.ActiveCfg = Debug|Any CPU
		{2FDB8015-8A11-4947-870A-AC9DC71714F9}.XBAP Release|Any CPU.ActiveCfg = Release|Any CPU
		{2FDB8015-8A11-4947-870A-AC9DC71714F9}.XBAP Release|Any CPU.Build.0 = Release|Any CPU
		{2FDB8015-8A11-4947-870A-AC9DC71714F9}.XBAP Release|ARM.ActiveCfg = Release|Any CPU
		{2FDB8015-8A11-4947-870A-AC9DC71714F9}.XBAP Release|Mixed Platforms.ActiveCfg = Release|Any CPU
		{2FDB8015-8A11-4947-870A-AC9DC71714F9}.XBAP Release|Mixed Platforms.Build.0 = Release|Any CPU
		{2FDB8015-8A11-4947-870A-AC9DC71714F9}.XBAP Release|x64.ActiveCfg = Release|Any CPU
		{2FDB8015-8A11-4947-870A-AC9DC71714F9}.XBAP Release|x86.ActiveCfg = Release|Any CPU
		{51156616-5659-4BA6-B7DA-7D021D83429B}.ClickOnce Debug|Any CPU.ActiveCfg = Debug|Any CPU
		{51156616-5659-4BA6-B7DA-7D021D83429B}.ClickOnce Debug|Any CPU.Build.0 = Debug|Any CPU
		{51156616-5659-4BA6-B7DA-7D021D83429B}.ClickOnce Debug|ARM.ActiveCfg = Debug|Any CPU
		{51156616-5659-4BA6-B7DA-7D021D83429B}.ClickOnce Debug|Mixed Platforms.ActiveCfg = Debug|Any CPU
		{51156616-5659-4BA6-B7DA-7D021D83429B}.ClickOnce Debug|Mixed Platforms.Build.0 = Debug|Any CPU
		{51156616-5659-4BA6-B7DA-7D021D83429B}.ClickOnce Debug|x64.ActiveCfg = Debug|Any CPU
		{51156616-5659-4BA6-B7DA-7D021D83429B}.ClickOnce Debug|x86.ActiveCfg = Debug|Any CPU
		{51156616-5659-4BA6-B7DA-7D021D83429B}.ClickOnce Release|Any CPU.ActiveCfg = Release|Any CPU
		{51156616-5659-4BA6-B7DA-7D021D83429B}.ClickOnce Release|Any CPU.Build.0 = Release|Any CPU
		{51156616-5659-4BA6-B7DA-7D021D83429B}.ClickOnce Release|ARM.ActiveCfg = Release|Any CPU
		{51156616-5659-4BA6-B7DA-7D021D83429B}.ClickOnce Release|Mixed Platforms.ActiveCfg = Release|Any CPU
		{51156616-5659-4BA6-B7DA-7D021D83429B}.ClickOnce Release|Mixed Platforms.Build.0 = Release|Any CPU
		{51156616-5659-4BA6-B7DA-7D021D83429B}.ClickOnce Release|x64.ActiveCfg = Release|Any CPU
		{51156616-5659-4BA6-B7DA-7D021D83429B}.ClickOnce Release|x86.ActiveCfg = Release|Any CPU
		{51156616-5659-4BA6-B7DA-7D021D83429B}.Debug|Any CPU.ActiveCfg = Debug|Any CPU
		{51156616-5659-4BA6-B7DA-7D021D83429B}.Debug|Any CPU.Build.0 = Debug|Any CPU
		{51156616-5659-4BA6-B7DA-7D021D83429B}.Debug|ARM.ActiveCfg = Debug|Any CPU
		{51156616-5659-4BA6-B7DA-7D021D83429B}.Debug|Mixed Platforms.ActiveCfg = Debug|Any CPU
		{51156616-5659-4BA6-B7DA-7D021D83429B}.Debug|Mixed Platforms.Build.0 = Debug|Any CPU
		{51156616-5659-4BA6-B7DA-7D021D83429B}.Debug|x64.ActiveCfg = Debug|Any CPU
		{51156616-5659-4BA6-B7DA-7D021D83429B}.Debug|x86.ActiveCfg = Debug|Any CPU
		{51156616-5659-4BA6-B7DA-7D021D83429B}.Release|Any CPU.ActiveCfg = Release|Any CPU
		{51156616-5659-4BA6-B7DA-7D021D83429B}.Release|Any CPU.Build.0 = Release|Any CPU
		{51156616-5659-4BA6-B7DA-7D021D83429B}.Release|ARM.ActiveCfg = Release|Any CPU
		{51156616-5659-4BA6-B7DA-7D021D83429B}.Release|Mixed Platforms.ActiveCfg = Release|Any CPU
		{51156616-5659-4BA6-B7DA-7D021D83429B}.Release|Mixed Platforms.Build.0 = Release|Any CPU
		{51156616-5659-4BA6-B7DA-7D021D83429B}.Release|x64.ActiveCfg = Release|Any CPU
		{51156616-5659-4BA6-B7DA-7D021D83429B}.Release|x86.ActiveCfg = Release|Any CPU
		{51156616-5659-4BA6-B7DA-7D021D83429B}.XBAP Debug|Any CPU.ActiveCfg = Debug|Any CPU
		{51156616-5659-4BA6-B7DA-7D021D83429B}.XBAP Debug|Any CPU.Build.0 = Debug|Any CPU
		{51156616-5659-4BA6-B7DA-7D021D83429B}.XBAP Debug|ARM.ActiveCfg = Debug|Any CPU
		{51156616-5659-4BA6-B7DA-7D021D83429B}.XBAP Debug|Mixed Platforms.ActiveCfg = Debug|Any CPU
		{51156616-5659-4BA6-B7DA-7D021D83429B}.XBAP Debug|Mixed Platforms.Build.0 = Debug|Any CPU
		{51156616-5659-4BA6-B7DA-7D021D83429B}.XBAP Debug|x64.ActiveCfg = Debug|Any CPU
		{51156616-5659-4BA6-B7DA-7D021D83429B}.XBAP Debug|x86.ActiveCfg = Debug|Any CPU
		{51156616-5659-4BA6-B7DA-7D021D83429B}.XBAP Release|Any CPU.ActiveCfg = Release|Any CPU
		{51156616-5659-4BA6-B7DA-7D021D83429B}.XBAP Release|Any CPU.Build.0 = Release|Any CPU
		{51156616-5659-4BA6-B7DA-7D021D83429B}.XBAP Release|ARM.ActiveCfg = Release|Any CPU
		{51156616-5659-4BA6-B7DA-7D021D83429B}.XBAP Release|Mixed Platforms.ActiveCfg = Release|Any CPU
		{51156616-5659-4BA6-B7DA-7D021D83429B}.XBAP Release|Mixed Platforms.Build.0 = Release|Any CPU
		{51156616-5659-4BA6-B7DA-7D021D83429B}.XBAP Release|x64.ActiveCfg = Release|Any CPU
		{51156616-5659-4BA6-B7DA-7D021D83429B}.XBAP Release|x86.ActiveCfg = Release|Any CPU
		{2D3BCFB2-F1C5-429F-A6C0-4914D38024AA}.ClickOnce Debug|Any CPU.ActiveCfg = Debug|Any CPU
		{2D3BCFB2-F1C5-429F-A6C0-4914D38024AA}.ClickOnce Debug|Any CPU.Build.0 = Debug|Any CPU
		{2D3BCFB2-F1C5-429F-A6C0-4914D38024AA}.ClickOnce Debug|ARM.ActiveCfg = Debug|Any CPU
		{2D3BCFB2-F1C5-429F-A6C0-4914D38024AA}.ClickOnce Debug|Mixed Platforms.ActiveCfg = Debug|Any CPU
		{2D3BCFB2-F1C5-429F-A6C0-4914D38024AA}.ClickOnce Debug|Mixed Platforms.Build.0 = Debug|Any CPU
		{2D3BCFB2-F1C5-429F-A6C0-4914D38024AA}.ClickOnce Debug|x64.ActiveCfg = Debug|Any CPU
		{2D3BCFB2-F1C5-429F-A6C0-4914D38024AA}.ClickOnce Debug|x86.ActiveCfg = Debug|Any CPU
		{2D3BCFB2-F1C5-429F-A6C0-4914D38024AA}.ClickOnce Release|Any CPU.ActiveCfg = Release|Any CPU
		{2D3BCFB2-F1C5-429F-A6C0-4914D38024AA}.ClickOnce Release|Any CPU.Build.0 = Release|Any CPU
		{2D3BCFB2-F1C5-429F-A6C0-4914D38024AA}.ClickOnce Release|ARM.ActiveCfg = Release|Any CPU
		{2D3BCFB2-F1C5-429F-A6C0-4914D38024AA}.ClickOnce Release|Mixed Platforms.ActiveCfg = Release|Any CPU
		{2D3BCFB2-F1C5-429F-A6C0-4914D38024AA}.ClickOnce Release|Mixed Platforms.Build.0 = Release|Any CPU
		{2D3BCFB2-F1C5-429F-A6C0-4914D38024AA}.ClickOnce Release|x64.ActiveCfg = Release|Any CPU
		{2D3BCFB2-F1C5-429F-A6C0-4914D38024AA}.ClickOnce Release|x86.ActiveCfg = Release|Any CPU
		{2D3BCFB2-F1C5-429F-A6C0-4914D38024AA}.Debug|Any CPU.ActiveCfg = Debug|Any CPU
		{2D3BCFB2-F1C5-429F-A6C0-4914D38024AA}.Debug|Any CPU.Build.0 = Debug|Any CPU
		{2D3BCFB2-F1C5-429F-A6C0-4914D38024AA}.Debug|ARM.ActiveCfg = Debug|Any CPU
		{2D3BCFB2-F1C5-429F-A6C0-4914D38024AA}.Debug|Mixed Platforms.ActiveCfg = Debug|Any CPU
		{2D3BCFB2-F1C5-429F-A6C0-4914D38024AA}.Debug|Mixed Platforms.Build.0 = Debug|Any CPU
		{2D3BCFB2-F1C5-429F-A6C0-4914D38024AA}.Debug|x64.ActiveCfg = Debug|Any CPU
		{2D3BCFB2-F1C5-429F-A6C0-4914D38024AA}.Debug|x86.ActiveCfg = Debug|Any CPU
		{2D3BCFB2-F1C5-429F-A6C0-4914D38024AA}.Release|Any CPU.ActiveCfg = Release|Any CPU
		{2D3BCFB2-F1C5-429F-A6C0-4914D38024AA}.Release|Any CPU.Build.0 = Release|Any CPU
		{2D3BCFB2-F1C5-429F-A6C0-4914D38024AA}.Release|ARM.ActiveCfg = Release|Any CPU
		{2D3BCFB2-F1C5-429F-A6C0-4914D38024AA}.Release|Mixed Platforms.ActiveCfg = Release|Any CPU
		{2D3BCFB2-F1C5-429F-A6C0-4914D38024AA}.Release|Mixed Platforms.Build.0 = Release|Any CPU
		{2D3BCFB2-F1C5-429F-A6C0-4914D38024AA}.Release|x64.ActiveCfg = Release|Any CPU
		{2D3BCFB2-F1C5-429F-A6C0-4914D38024AA}.Release|x86.ActiveCfg = Release|Any CPU
		{2D3BCFB2-F1C5-429F-A6C0-4914D38024AA}.XBAP Debug|Any CPU.ActiveCfg = Debug|Any CPU
		{2D3BCFB2-F1C5-429F-A6C0-4914D38024AA}.XBAP Debug|Any CPU.Build.0 = Debug|Any CPU
		{2D3BCFB2-F1C5-429F-A6C0-4914D38024AA}.XBAP Debug|ARM.ActiveCfg = Debug|Any CPU
		{2D3BCFB2-F1C5-429F-A6C0-4914D38024AA}.XBAP Debug|Mixed Platforms.ActiveCfg = Debug|Any CPU
		{2D3BCFB2-F1C5-429F-A6C0-4914D38024AA}.XBAP Debug|Mixed Platforms.Build.0 = Debug|Any CPU
		{2D3BCFB2-F1C5-429F-A6C0-4914D38024AA}.XBAP Debug|x64.ActiveCfg = Debug|Any CPU
		{2D3BCFB2-F1C5-429F-A6C0-4914D38024AA}.XBAP Debug|x86.ActiveCfg = Debug|Any CPU
		{2D3BCFB2-F1C5-429F-A6C0-4914D38024AA}.XBAP Release|Any CPU.ActiveCfg = Release|Any CPU
		{2D3BCFB2-F1C5-429F-A6C0-4914D38024AA}.XBAP Release|Any CPU.Build.0 = Release|Any CPU
		{2D3BCFB2-F1C5-429F-A6C0-4914D38024AA}.XBAP Release|ARM.ActiveCfg = Release|Any CPU
		{2D3BCFB2-F1C5-429F-A6C0-4914D38024AA}.XBAP Release|Mixed Platforms.ActiveCfg = Release|Any CPU
		{2D3BCFB2-F1C5-429F-A6C0-4914D38024AA}.XBAP Release|Mixed Platforms.Build.0 = Release|Any CPU
		{2D3BCFB2-F1C5-429F-A6C0-4914D38024AA}.XBAP Release|x64.ActiveCfg = Release|Any CPU
		{2D3BCFB2-F1C5-429F-A6C0-4914D38024AA}.XBAP Release|x86.ActiveCfg = Release|Any CPU
		{B592A17D-72A3-4609-A075-BEB9263ADB16}.ClickOnce Debug|Any CPU.ActiveCfg = Debug|Any CPU
		{B592A17D-72A3-4609-A075-BEB9263ADB16}.ClickOnce Debug|Any CPU.Build.0 = Debug|Any CPU
		{B592A17D-72A3-4609-A075-BEB9263ADB16}.ClickOnce Debug|ARM.ActiveCfg = Debug|Any CPU
		{B592A17D-72A3-4609-A075-BEB9263ADB16}.ClickOnce Debug|Mixed Platforms.ActiveCfg = Debug|Any CPU
		{B592A17D-72A3-4609-A075-BEB9263ADB16}.ClickOnce Debug|Mixed Platforms.Build.0 = Debug|Any CPU
		{B592A17D-72A3-4609-A075-BEB9263ADB16}.ClickOnce Debug|x64.ActiveCfg = Debug|Any CPU
		{B592A17D-72A3-4609-A075-BEB9263ADB16}.ClickOnce Debug|x86.ActiveCfg = Debug|Any CPU
		{B592A17D-72A3-4609-A075-BEB9263ADB16}.ClickOnce Release|Any CPU.ActiveCfg = Release|Any CPU
		{B592A17D-72A3-4609-A075-BEB9263ADB16}.ClickOnce Release|Any CPU.Build.0 = Release|Any CPU
		{B592A17D-72A3-4609-A075-BEB9263ADB16}.ClickOnce Release|ARM.ActiveCfg = Release|Any CPU
		{B592A17D-72A3-4609-A075-BEB9263ADB16}.ClickOnce Release|Mixed Platforms.ActiveCfg = Release|Any CPU
		{B592A17D-72A3-4609-A075-BEB9263ADB16}.ClickOnce Release|Mixed Platforms.Build.0 = Release|Any CPU
		{B592A17D-72A3-4609-A075-BEB9263ADB16}.ClickOnce Release|x64.ActiveCfg = Release|Any CPU
		{B592A17D-72A3-4609-A075-BEB9263ADB16}.ClickOnce Release|x86.ActiveCfg = Release|Any CPU
		{B592A17D-72A3-4609-A075-BEB9263ADB16}.Debug|Any CPU.ActiveCfg = Debug|Any CPU
		{B592A17D-72A3-4609-A075-BEB9263ADB16}.Debug|Any CPU.Build.0 = Debug|Any CPU
		{B592A17D-72A3-4609-A075-BEB9263ADB16}.Debug|ARM.ActiveCfg = Debug|Any CPU
		{B592A17D-72A3-4609-A075-BEB9263ADB16}.Debug|Mixed Platforms.ActiveCfg = Debug|Any CPU
		{B592A17D-72A3-4609-A075-BEB9263ADB16}.Debug|Mixed Platforms.Build.0 = Debug|Any CPU
		{B592A17D-72A3-4609-A075-BEB9263ADB16}.Debug|x64.ActiveCfg = Debug|Any CPU
		{B592A17D-72A3-4609-A075-BEB9263ADB16}.Debug|x86.ActiveCfg = Debug|Any CPU
		{B592A17D-72A3-4609-A075-BEB9263ADB16}.Release|Any CPU.ActiveCfg = Release|Any CPU
		{B592A17D-72A3-4609-A075-BEB9263ADB16}.Release|Any CPU.Build.0 = Release|Any CPU
		{B592A17D-72A3-4609-A075-BEB9263ADB16}.Release|ARM.ActiveCfg = Release|Any CPU
		{B592A17D-72A3-4609-A075-BEB9263ADB16}.Release|Mixed Platforms.ActiveCfg = Release|Any CPU
		{B592A17D-72A3-4609-A075-BEB9263ADB16}.Release|Mixed Platforms.Build.0 = Release|Any CPU
		{B592A17D-72A3-4609-A075-BEB9263ADB16}.Release|x64.ActiveCfg = Release|Any CPU
		{B592A17D-72A3-4609-A075-BEB9263ADB16}.Release|x86.ActiveCfg = Release|Any CPU
		{B592A17D-72A3-4609-A075-BEB9263ADB16}.XBAP Debug|Any CPU.ActiveCfg = Debug|Any CPU
		{B592A17D-72A3-4609-A075-BEB9263ADB16}.XBAP Debug|Any CPU.Build.0 = Debug|Any CPU
		{B592A17D-72A3-4609-A075-BEB9263ADB16}.XBAP Debug|ARM.ActiveCfg = Debug|Any CPU
		{B592A17D-72A3-4609-A075-BEB9263ADB16}.XBAP Debug|Mixed Platforms.ActiveCfg = Debug|Any CPU
		{B592A17D-72A3-4609-A075-BEB9263ADB16}.XBAP Debug|Mixed Platforms.Build.0 = Debug|Any CPU
		{B592A17D-72A3-4609-A075-BEB9263ADB16}.XBAP Debug|x64.ActiveCfg = Debug|Any CPU
		{B592A17D-72A3-4609-A075-BEB9263ADB16}.XBAP Debug|x86.ActiveCfg = Debug|Any CPU
		{B592A17D-72A3-4609-A075-BEB9263ADB16}.XBAP Release|Any CPU.ActiveCfg = Release|Any CPU
		{B592A17D-72A3-4609-A075-BEB9263ADB16}.XBAP Release|Any CPU.Build.0 = Release|Any CPU
		{B592A17D-72A3-4609-A075-BEB9263ADB16}.XBAP Release|ARM.ActiveCfg = Release|Any CPU
		{B592A17D-72A3-4609-A075-BEB9263ADB16}.XBAP Release|Mixed Platforms.ActiveCfg = Release|Any CPU
		{B592A17D-72A3-4609-A075-BEB9263ADB16}.XBAP Release|Mixed Platforms.Build.0 = Release|Any CPU
		{B592A17D-72A3-4609-A075-BEB9263ADB16}.XBAP Release|x64.ActiveCfg = Release|Any CPU
		{B592A17D-72A3-4609-A075-BEB9263ADB16}.XBAP Release|x86.ActiveCfg = Release|Any CPU
		{9D6D1576-2A60-4E8A-B559-1949518C8ABE}.ClickOnce Debug|Any CPU.ActiveCfg = Debug|Any CPU
		{9D6D1576-2A60-4E8A-B559-1949518C8ABE}.ClickOnce Debug|Any CPU.Build.0 = Debug|Any CPU
		{9D6D1576-2A60-4E8A-B559-1949518C8ABE}.ClickOnce Debug|ARM.ActiveCfg = Debug|Any CPU
		{9D6D1576-2A60-4E8A-B559-1949518C8ABE}.ClickOnce Debug|Mixed Platforms.ActiveCfg = Debug|Any CPU
		{9D6D1576-2A60-4E8A-B559-1949518C8ABE}.ClickOnce Debug|Mixed Platforms.Build.0 = Debug|Any CPU
		{9D6D1576-2A60-4E8A-B559-1949518C8ABE}.ClickOnce Debug|x64.ActiveCfg = Debug|Any CPU
		{9D6D1576-2A60-4E8A-B559-1949518C8ABE}.ClickOnce Debug|x86.ActiveCfg = Debug|Any CPU
		{9D6D1576-2A60-4E8A-B559-1949518C8ABE}.ClickOnce Release|Any CPU.ActiveCfg = Release|Any CPU
		{9D6D1576-2A60-4E8A-B559-1949518C8ABE}.ClickOnce Release|Any CPU.Build.0 = Release|Any CPU
		{9D6D1576-2A60-4E8A-B559-1949518C8ABE}.ClickOnce Release|ARM.ActiveCfg = Release|Any CPU
		{9D6D1576-2A60-4E8A-B559-1949518C8ABE}.ClickOnce Release|Mixed Platforms.ActiveCfg = Release|Any CPU
		{9D6D1576-2A60-4E8A-B559-1949518C8ABE}.ClickOnce Release|Mixed Platforms.Build.0 = Release|Any CPU
		{9D6D1576-2A60-4E8A-B559-1949518C8ABE}.ClickOnce Release|x64.ActiveCfg = Release|Any CPU
		{9D6D1576-2A60-4E8A-B559-1949518C8ABE}.ClickOnce Release|x86.ActiveCfg = Release|Any CPU
		{9D6D1576-2A60-4E8A-B559-1949518C8ABE}.Debug|Any CPU.ActiveCfg = Debug|Any CPU
		{9D6D1576-2A60-4E8A-B559-1949518C8ABE}.Debug|Any CPU.Build.0 = Debug|Any CPU
		{9D6D1576-2A60-4E8A-B559-1949518C8ABE}.Debug|ARM.ActiveCfg = Debug|Any CPU
		{9D6D1576-2A60-4E8A-B559-1949518C8ABE}.Debug|Mixed Platforms.ActiveCfg = Debug|Any CPU
		{9D6D1576-2A60-4E8A-B559-1949518C8ABE}.Debug|Mixed Platforms.Build.0 = Debug|Any CPU
		{9D6D1576-2A60-4E8A-B559-1949518C8ABE}.Debug|x64.ActiveCfg = Debug|Any CPU
		{9D6D1576-2A60-4E8A-B559-1949518C8ABE}.Debug|x86.ActiveCfg = Debug|Any CPU
		{9D6D1576-2A60-4E8A-B559-1949518C8ABE}.Release|Any CPU.ActiveCfg = Release|Any CPU
		{9D6D1576-2A60-4E8A-B559-1949518C8ABE}.Release|Any CPU.Build.0 = Release|Any CPU
		{9D6D1576-2A60-4E8A-B559-1949518C8ABE}.Release|ARM.ActiveCfg = Release|Any CPU
		{9D6D1576-2A60-4E8A-B559-1949518C8ABE}.Release|Mixed Platforms.ActiveCfg = Release|Any CPU
		{9D6D1576-2A60-4E8A-B559-1949518C8ABE}.Release|Mixed Platforms.Build.0 = Release|Any CPU
		{9D6D1576-2A60-4E8A-B559-1949518C8ABE}.Release|x64.ActiveCfg = Release|Any CPU
		{9D6D1576-2A60-4E8A-B559-1949518C8ABE}.Release|x86.ActiveCfg = Release|Any CPU
		{9D6D1576-2A60-4E8A-B559-1949518C8ABE}.XBAP Debug|Any CPU.ActiveCfg = Debug|Any CPU
		{9D6D1576-2A60-4E8A-B559-1949518C8ABE}.XBAP Debug|Any CPU.Build.0 = Debug|Any CPU
		{9D6D1576-2A60-4E8A-B559-1949518C8ABE}.XBAP Debug|ARM.ActiveCfg = Debug|Any CPU
		{9D6D1576-2A60-4E8A-B559-1949518C8ABE}.XBAP Debug|Mixed Platforms.ActiveCfg = Debug|Any CPU
		{9D6D1576-2A60-4E8A-B559-1949518C8ABE}.XBAP Debug|Mixed Platforms.Build.0 = Debug|Any CPU
		{9D6D1576-2A60-4E8A-B559-1949518C8ABE}.XBAP Debug|x64.ActiveCfg = Debug|Any CPU
		{9D6D1576-2A60-4E8A-B559-1949518C8ABE}.XBAP Debug|x86.ActiveCfg = Debug|Any CPU
		{9D6D1576-2A60-4E8A-B559-1949518C8ABE}.XBAP Release|Any CPU.ActiveCfg = Release|Any CPU
		{9D6D1576-2A60-4E8A-B559-1949518C8ABE}.XBAP Release|Any CPU.Build.0 = Release|Any CPU
		{9D6D1576-2A60-4E8A-B559-1949518C8ABE}.XBAP Release|ARM.ActiveCfg = Release|Any CPU
		{9D6D1576-2A60-4E8A-B559-1949518C8ABE}.XBAP Release|Mixed Platforms.ActiveCfg = Release|Any CPU
		{9D6D1576-2A60-4E8A-B559-1949518C8ABE}.XBAP Release|Mixed Platforms.Build.0 = Release|Any CPU
		{9D6D1576-2A60-4E8A-B559-1949518C8ABE}.XBAP Release|x64.ActiveCfg = Release|Any CPU
		{9D6D1576-2A60-4E8A-B559-1949518C8ABE}.XBAP Release|x86.ActiveCfg = Release|Any CPU
		{CDF7B5C0-DFCB-49B0-BD51-971A115F9001}.ClickOnce Debug|Any CPU.ActiveCfg = Debug|Any CPU
		{CDF7B5C0-DFCB-49B0-BD51-971A115F9001}.ClickOnce Debug|Any CPU.Build.0 = Debug|Any CPU
		{CDF7B5C0-DFCB-49B0-BD51-971A115F9001}.ClickOnce Debug|ARM.ActiveCfg = Debug|Any CPU
		{CDF7B5C0-DFCB-49B0-BD51-971A115F9001}.ClickOnce Debug|Mixed Platforms.ActiveCfg = Debug|Any CPU
		{CDF7B5C0-DFCB-49B0-BD51-971A115F9001}.ClickOnce Debug|Mixed Platforms.Build.0 = Debug|Any CPU
		{CDF7B5C0-DFCB-49B0-BD51-971A115F9001}.ClickOnce Debug|x64.ActiveCfg = Debug|Any CPU
		{CDF7B5C0-DFCB-49B0-BD51-971A115F9001}.ClickOnce Debug|x86.ActiveCfg = Debug|Any CPU
		{CDF7B5C0-DFCB-49B0-BD51-971A115F9001}.ClickOnce Release|Any CPU.ActiveCfg = Release|Any CPU
		{CDF7B5C0-DFCB-49B0-BD51-971A115F9001}.ClickOnce Release|Any CPU.Build.0 = Release|Any CPU
		{CDF7B5C0-DFCB-49B0-BD51-971A115F9001}.ClickOnce Release|ARM.ActiveCfg = Release|Any CPU
		{CDF7B5C0-DFCB-49B0-BD51-971A115F9001}.ClickOnce Release|Mixed Platforms.ActiveCfg = Release|Any CPU
		{CDF7B5C0-DFCB-49B0-BD51-971A115F9001}.ClickOnce Release|Mixed Platforms.Build.0 = Release|Any CPU
		{CDF7B5C0-DFCB-49B0-BD51-971A115F9001}.ClickOnce Release|x64.ActiveCfg = Release|Any CPU
		{CDF7B5C0-DFCB-49B0-BD51-971A115F9001}.ClickOnce Release|x86.ActiveCfg = Release|Any CPU
		{CDF7B5C0-DFCB-49B0-BD51-971A115F9001}.Debug|Any CPU.ActiveCfg = Debug|Any CPU
		{CDF7B5C0-DFCB-49B0-BD51-971A115F9001}.Debug|Any CPU.Build.0 = Debug|Any CPU
		{CDF7B5C0-DFCB-49B0-BD51-971A115F9001}.Debug|ARM.ActiveCfg = Debug|Any CPU
		{CDF7B5C0-DFCB-49B0-BD51-971A115F9001}.Debug|Mixed Platforms.ActiveCfg = Debug|Any CPU
		{CDF7B5C0-DFCB-49B0-BD51-971A115F9001}.Debug|Mixed Platforms.Build.0 = Debug|Any CPU
		{CDF7B5C0-DFCB-49B0-BD51-971A115F9001}.Debug|x64.ActiveCfg = Debug|Any CPU
		{CDF7B5C0-DFCB-49B0-BD51-971A115F9001}.Debug|x86.ActiveCfg = Debug|Any CPU
		{CDF7B5C0-DFCB-49B0-BD51-971A115F9001}.Release|Any CPU.ActiveCfg = Release|Any CPU
		{CDF7B5C0-DFCB-49B0-BD51-971A115F9001}.Release|Any CPU.Build.0 = Release|Any CPU
		{CDF7B5C0-DFCB-49B0-BD51-971A115F9001}.Release|ARM.ActiveCfg = Release|Any CPU
		{CDF7B5C0-DFCB-49B0-BD51-971A115F9001}.Release|Mixed Platforms.ActiveCfg = Release|Any CPU
		{CDF7B5C0-DFCB-49B0-BD51-971A115F9001}.Release|Mixed Platforms.Build.0 = Release|Any CPU
		{CDF7B5C0-DFCB-49B0-BD51-971A115F9001}.Release|x64.ActiveCfg = Release|Any CPU
		{CDF7B5C0-DFCB-49B0-BD51-971A115F9001}.Release|x86.ActiveCfg = Release|Any CPU
		{CDF7B5C0-DFCB-49B0-BD51-971A115F9001}.XBAP Debug|Any CPU.ActiveCfg = Debug|Any CPU
		{CDF7B5C0-DFCB-49B0-BD51-971A115F9001}.XBAP Debug|Any CPU.Build.0 = Debug|Any CPU
		{CDF7B5C0-DFCB-49B0-BD51-971A115F9001}.XBAP Debug|ARM.ActiveCfg = Debug|Any CPU
		{CDF7B5C0-DFCB-49B0-BD51-971A115F9001}.XBAP Debug|Mixed Platforms.ActiveCfg = Debug|Any CPU
		{CDF7B5C0-DFCB-49B0-BD51-971A115F9001}.XBAP Debug|Mixed Platforms.Build.0 = Debug|Any CPU
		{CDF7B5C0-DFCB-49B0-BD51-971A115F9001}.XBAP Debug|x64.ActiveCfg = Debug|Any CPU
		{CDF7B5C0-DFCB-49B0-BD51-971A115F9001}.XBAP Debug|x86.ActiveCfg = Debug|Any CPU
		{CDF7B5C0-DFCB-49B0-BD51-971A115F9001}.XBAP Release|Any CPU.ActiveCfg = Release|Any CPU
		{CDF7B5C0-DFCB-49B0-BD51-971A115F9001}.XBAP Release|Any CPU.Build.0 = Release|Any CPU
		{CDF7B5C0-DFCB-49B0-BD51-971A115F9001}.XBAP Release|ARM.ActiveCfg = Release|Any CPU
		{CDF7B5C0-DFCB-49B0-BD51-971A115F9001}.XBAP Release|Mixed Platforms.ActiveCfg = Release|Any CPU
		{CDF7B5C0-DFCB-49B0-BD51-971A115F9001}.XBAP Release|Mixed Platforms.Build.0 = Release|Any CPU
		{CDF7B5C0-DFCB-49B0-BD51-971A115F9001}.XBAP Release|x64.ActiveCfg = Release|Any CPU
		{CDF7B5C0-DFCB-49B0-BD51-971A115F9001}.XBAP Release|x86.ActiveCfg = Release|Any CPU
		{2B1E4372-F6D6-4E9B-A7BD-887B10A86CF2}.ClickOnce Debug|Any CPU.ActiveCfg = Debug|Any CPU
		{2B1E4372-F6D6-4E9B-A7BD-887B10A86CF2}.ClickOnce Debug|Any CPU.Build.0 = Debug|Any CPU
		{2B1E4372-F6D6-4E9B-A7BD-887B10A86CF2}.ClickOnce Debug|ARM.ActiveCfg = Debug|Any CPU
		{2B1E4372-F6D6-4E9B-A7BD-887B10A86CF2}.ClickOnce Debug|Mixed Platforms.ActiveCfg = Debug|Any CPU
		{2B1E4372-F6D6-4E9B-A7BD-887B10A86CF2}.ClickOnce Debug|Mixed Platforms.Build.0 = Debug|Any CPU
		{2B1E4372-F6D6-4E9B-A7BD-887B10A86CF2}.ClickOnce Debug|x64.ActiveCfg = Debug|Any CPU
		{2B1E4372-F6D6-4E9B-A7BD-887B10A86CF2}.ClickOnce Debug|x86.ActiveCfg = Debug|Any CPU
		{2B1E4372-F6D6-4E9B-A7BD-887B10A86CF2}.ClickOnce Release|Any CPU.ActiveCfg = Release|Any CPU
		{2B1E4372-F6D6-4E9B-A7BD-887B10A86CF2}.ClickOnce Release|Any CPU.Build.0 = Release|Any CPU
		{2B1E4372-F6D6-4E9B-A7BD-887B10A86CF2}.ClickOnce Release|ARM.ActiveCfg = Release|Any CPU
		{2B1E4372-F6D6-4E9B-A7BD-887B10A86CF2}.ClickOnce Release|Mixed Platforms.ActiveCfg = Release|Any CPU
		{2B1E4372-F6D6-4E9B-A7BD-887B10A86CF2}.ClickOnce Release|Mixed Platforms.Build.0 = Release|Any CPU
		{2B1E4372-F6D6-4E9B-A7BD-887B10A86CF2}.ClickOnce Release|x64.ActiveCfg = Release|Any CPU
		{2B1E4372-F6D6-4E9B-A7BD-887B10A86CF2}.ClickOnce Release|x86.ActiveCfg = Release|Any CPU
		{2B1E4372-F6D6-4E9B-A7BD-887B10A86CF2}.Debug|Any CPU.ActiveCfg = Debug|Any CPU
		{2B1E4372-F6D6-4E9B-A7BD-887B10A86CF2}.Debug|Any CPU.Build.0 = Debug|Any CPU
		{2B1E4372-F6D6-4E9B-A7BD-887B10A86CF2}.Debug|ARM.ActiveCfg = Debug|Any CPU
		{2B1E4372-F6D6-4E9B-A7BD-887B10A86CF2}.Debug|Mixed Platforms.ActiveCfg = Debug|Any CPU
		{2B1E4372-F6D6-4E9B-A7BD-887B10A86CF2}.Debug|Mixed Platforms.Build.0 = Debug|Any CPU
		{2B1E4372-F6D6-4E9B-A7BD-887B10A86CF2}.Debug|x64.ActiveCfg = Debug|Any CPU
		{2B1E4372-F6D6-4E9B-A7BD-887B10A86CF2}.Debug|x86.ActiveCfg = Debug|Any CPU
		{2B1E4372-F6D6-4E9B-A7BD-887B10A86CF2}.Release|Any CPU.ActiveCfg = Release|Any CPU
		{2B1E4372-F6D6-4E9B-A7BD-887B10A86CF2}.Release|Any CPU.Build.0 = Release|Any CPU
		{2B1E4372-F6D6-4E9B-A7BD-887B10A86CF2}.Release|ARM.ActiveCfg = Release|Any CPU
		{2B1E4372-F6D6-4E9B-A7BD-887B10A86CF2}.Release|Mixed Platforms.ActiveCfg = Release|Any CPU
		{2B1E4372-F6D6-4E9B-A7BD-887B10A86CF2}.Release|Mixed Platforms.Build.0 = Release|Any CPU
		{2B1E4372-F6D6-4E9B-A7BD-887B10A86CF2}.Release|x64.ActiveCfg = Release|Any CPU
		{2B1E4372-F6D6-4E9B-A7BD-887B10A86CF2}.Release|x86.ActiveCfg = Release|Any CPU
		{2B1E4372-F6D6-4E9B-A7BD-887B10A86CF2}.XBAP Debug|Any CPU.ActiveCfg = Debug|Any CPU
		{2B1E4372-F6D6-4E9B-A7BD-887B10A86CF2}.XBAP Debug|Any CPU.Build.0 = Debug|Any CPU
		{2B1E4372-F6D6-4E9B-A7BD-887B10A86CF2}.XBAP Debug|ARM.ActiveCfg = Debug|Any CPU
		{2B1E4372-F6D6-4E9B-A7BD-887B10A86CF2}.XBAP Debug|Mixed Platforms.ActiveCfg = Debug|Any CPU
		{2B1E4372-F6D6-4E9B-A7BD-887B10A86CF2}.XBAP Debug|Mixed Platforms.Build.0 = Debug|Any CPU
		{2B1E4372-F6D6-4E9B-A7BD-887B10A86CF2}.XBAP Debug|x64.ActiveCfg = Debug|Any CPU
		{2B1E4372-F6D6-4E9B-A7BD-887B10A86CF2}.XBAP Debug|x86.ActiveCfg = Debug|Any CPU
		{2B1E4372-F6D6-4E9B-A7BD-887B10A86CF2}.XBAP Release|Any CPU.ActiveCfg = Release|Any CPU
		{2B1E4372-F6D6-4E9B-A7BD-887B10A86CF2}.XBAP Release|Any CPU.Build.0 = Release|Any CPU
		{2B1E4372-F6D6-4E9B-A7BD-887B10A86CF2}.XBAP Release|ARM.ActiveCfg = Release|Any CPU
		{2B1E4372-F6D6-4E9B-A7BD-887B10A86CF2}.XBAP Release|Mixed Platforms.ActiveCfg = Release|Any CPU
		{2B1E4372-F6D6-4E9B-A7BD-887B10A86CF2}.XBAP Release|Mixed Platforms.Build.0 = Release|Any CPU
		{2B1E4372-F6D6-4E9B-A7BD-887B10A86CF2}.XBAP Release|x64.ActiveCfg = Release|Any CPU
		{2B1E4372-F6D6-4E9B-A7BD-887B10A86CF2}.XBAP Release|x86.ActiveCfg = Release|Any CPU
		{90B65713-5A65-4069-B9F2-0CCE891CFB3A}.ClickOnce Debug|Any CPU.ActiveCfg = Debug|Any CPU
		{90B65713-5A65-4069-B9F2-0CCE891CFB3A}.ClickOnce Debug|Any CPU.Build.0 = Debug|Any CPU
		{90B65713-5A65-4069-B9F2-0CCE891CFB3A}.ClickOnce Debug|ARM.ActiveCfg = Debug|Any CPU
		{90B65713-5A65-4069-B9F2-0CCE891CFB3A}.ClickOnce Debug|Mixed Platforms.ActiveCfg = Debug|Any CPU
		{90B65713-5A65-4069-B9F2-0CCE891CFB3A}.ClickOnce Debug|Mixed Platforms.Build.0 = Debug|Any CPU
		{90B65713-5A65-4069-B9F2-0CCE891CFB3A}.ClickOnce Debug|x64.ActiveCfg = Debug|Any CPU
		{90B65713-5A65-4069-B9F2-0CCE891CFB3A}.ClickOnce Debug|x86.ActiveCfg = Debug|Any CPU
		{90B65713-5A65-4069-B9F2-0CCE891CFB3A}.ClickOnce Release|Any CPU.ActiveCfg = Release|Any CPU
		{90B65713-5A65-4069-B9F2-0CCE891CFB3A}.ClickOnce Release|Any CPU.Build.0 = Release|Any CPU
		{90B65713-5A65-4069-B9F2-0CCE891CFB3A}.ClickOnce Release|ARM.ActiveCfg = Release|Any CPU
		{90B65713-5A65-4069-B9F2-0CCE891CFB3A}.ClickOnce Release|Mixed Platforms.ActiveCfg = Release|Any CPU
		{90B65713-5A65-4069-B9F2-0CCE891CFB3A}.ClickOnce Release|Mixed Platforms.Build.0 = Release|Any CPU
		{90B65713-5A65-4069-B9F2-0CCE891CFB3A}.ClickOnce Release|x64.ActiveCfg = Release|Any CPU
		{90B65713-5A65-4069-B9F2-0CCE891CFB3A}.ClickOnce Release|x86.ActiveCfg = Release|Any CPU
		{90B65713-5A65-4069-B9F2-0CCE891CFB3A}.Debug|Any CPU.ActiveCfg = Debug|Any CPU
		{90B65713-5A65-4069-B9F2-0CCE891CFB3A}.Debug|Any CPU.Build.0 = Debug|Any CPU
		{90B65713-5A65-4069-B9F2-0CCE891CFB3A}.Debug|ARM.ActiveCfg = Debug|Any CPU
		{90B65713-5A65-4069-B9F2-0CCE891CFB3A}.Debug|Mixed Platforms.ActiveCfg = Debug|Any CPU
		{90B65713-5A65-4069-B9F2-0CCE891CFB3A}.Debug|Mixed Platforms.Build.0 = Debug|Any CPU
		{90B65713-5A65-4069-B9F2-0CCE891CFB3A}.Debug|x64.ActiveCfg = Debug|Any CPU
		{90B65713-5A65-4069-B9F2-0CCE891CFB3A}.Debug|x86.ActiveCfg = Debug|Any CPU
		{90B65713-5A65-4069-B9F2-0CCE891CFB3A}.Release|Any CPU.ActiveCfg = Release|Any CPU
		{90B65713-5A65-4069-B9F2-0CCE891CFB3A}.Release|Any CPU.Build.0 = Release|Any CPU
		{90B65713-5A65-4069-B9F2-0CCE891CFB3A}.Release|ARM.ActiveCfg = Release|Any CPU
		{90B65713-5A65-4069-B9F2-0CCE891CFB3A}.Release|Mixed Platforms.ActiveCfg = Release|Any CPU
		{90B65713-5A65-4069-B9F2-0CCE891CFB3A}.Release|Mixed Platforms.Build.0 = Release|Any CPU
		{90B65713-5A65-4069-B9F2-0CCE891CFB3A}.Release|x64.ActiveCfg = Release|Any CPU
		{90B65713-5A65-4069-B9F2-0CCE891CFB3A}.Release|x86.ActiveCfg = Release|Any CPU
		{90B65713-5A65-4069-B9F2-0CCE891CFB3A}.XBAP Debug|Any CPU.ActiveCfg = Debug|Any CPU
		{90B65713-5A65-4069-B9F2-0CCE891CFB3A}.XBAP Debug|Any CPU.Build.0 = Debug|Any CPU
		{90B65713-5A65-4069-B9F2-0CCE891CFB3A}.XBAP Debug|ARM.ActiveCfg = Debug|Any CPU
		{90B65713-5A65-4069-B9F2-0CCE891CFB3A}.XBAP Debug|Mixed Platforms.ActiveCfg = Debug|Any CPU
		{90B65713-5A65-4069-B9F2-0CCE891CFB3A}.XBAP Debug|Mixed Platforms.Build.0 = Debug|Any CPU
		{90B65713-5A65-4069-B9F2-0CCE891CFB3A}.XBAP Debug|x64.ActiveCfg = Debug|Any CPU
		{90B65713-5A65-4069-B9F2-0CCE891CFB3A}.XBAP Debug|x86.ActiveCfg = Debug|Any CPU
		{90B65713-5A65-4069-B9F2-0CCE891CFB3A}.XBAP Release|Any CPU.ActiveCfg = Release|Any CPU
		{90B65713-5A65-4069-B9F2-0CCE891CFB3A}.XBAP Release|Any CPU.Build.0 = Release|Any CPU
		{90B65713-5A65-4069-B9F2-0CCE891CFB3A}.XBAP Release|ARM.ActiveCfg = Release|Any CPU
		{90B65713-5A65-4069-B9F2-0CCE891CFB3A}.XBAP Release|Mixed Platforms.ActiveCfg = Release|Any CPU
		{90B65713-5A65-4069-B9F2-0CCE891CFB3A}.XBAP Release|Mixed Platforms.Build.0 = Release|Any CPU
		{90B65713-5A65-4069-B9F2-0CCE891CFB3A}.XBAP Release|x64.ActiveCfg = Release|Any CPU
		{90B65713-5A65-4069-B9F2-0CCE891CFB3A}.XBAP Release|x86.ActiveCfg = Release|Any CPU
		{4CB195B7-2C78-4E16-B816-E3DDB2F8DC15}.ClickOnce Debug|Any CPU.ActiveCfg = Debug|Any CPU
		{4CB195B7-2C78-4E16-B816-E3DDB2F8DC15}.ClickOnce Debug|Any CPU.Build.0 = Debug|Any CPU
		{4CB195B7-2C78-4E16-B816-E3DDB2F8DC15}.ClickOnce Debug|ARM.ActiveCfg = Debug|Any CPU
		{4CB195B7-2C78-4E16-B816-E3DDB2F8DC15}.ClickOnce Debug|Mixed Platforms.ActiveCfg = Debug|Any CPU
		{4CB195B7-2C78-4E16-B816-E3DDB2F8DC15}.ClickOnce Debug|Mixed Platforms.Build.0 = Debug|Any CPU
		{4CB195B7-2C78-4E16-B816-E3DDB2F8DC15}.ClickOnce Debug|x64.ActiveCfg = Debug|Any CPU
		{4CB195B7-2C78-4E16-B816-E3DDB2F8DC15}.ClickOnce Debug|x86.ActiveCfg = Debug|Any CPU
		{4CB195B7-2C78-4E16-B816-E3DDB2F8DC15}.ClickOnce Release|Any CPU.ActiveCfg = Release|Any CPU
		{4CB195B7-2C78-4E16-B816-E3DDB2F8DC15}.ClickOnce Release|Any CPU.Build.0 = Release|Any CPU
		{4CB195B7-2C78-4E16-B816-E3DDB2F8DC15}.ClickOnce Release|ARM.ActiveCfg = Release|Any CPU
		{4CB195B7-2C78-4E16-B816-E3DDB2F8DC15}.ClickOnce Release|Mixed Platforms.ActiveCfg = Release|Any CPU
		{4CB195B7-2C78-4E16-B816-E3DDB2F8DC15}.ClickOnce Release|Mixed Platforms.Build.0 = Release|Any CPU
		{4CB195B7-2C78-4E16-B816-E3DDB2F8DC15}.ClickOnce Release|x64.ActiveCfg = Release|Any CPU
		{4CB195B7-2C78-4E16-B816-E3DDB2F8DC15}.ClickOnce Release|x86.ActiveCfg = Release|Any CPU
		{4CB195B7-2C78-4E16-B816-E3DDB2F8DC15}.Debug|Any CPU.ActiveCfg = Debug|Any CPU
		{4CB195B7-2C78-4E16-B816-E3DDB2F8DC15}.Debug|Any CPU.Build.0 = Debug|Any CPU
		{4CB195B7-2C78-4E16-B816-E3DDB2F8DC15}.Debug|ARM.ActiveCfg = Debug|Any CPU
		{4CB195B7-2C78-4E16-B816-E3DDB2F8DC15}.Debug|Mixed Platforms.ActiveCfg = Debug|Any CPU
		{4CB195B7-2C78-4E16-B816-E3DDB2F8DC15}.Debug|Mixed Platforms.Build.0 = Debug|Any CPU
		{4CB195B7-2C78-4E16-B816-E3DDB2F8DC15}.Debug|x64.ActiveCfg = Debug|Any CPU
		{4CB195B7-2C78-4E16-B816-E3DDB2F8DC15}.Debug|x86.ActiveCfg = Debug|Any CPU
		{4CB195B7-2C78-4E16-B816-E3DDB2F8DC15}.Release|Any CPU.ActiveCfg = Release|Any CPU
		{4CB195B7-2C78-4E16-B816-E3DDB2F8DC15}.Release|Any CPU.Build.0 = Release|Any CPU
		{4CB195B7-2C78-4E16-B816-E3DDB2F8DC15}.Release|ARM.ActiveCfg = Release|Any CPU
		{4CB195B7-2C78-4E16-B816-E3DDB2F8DC15}.Release|Mixed Platforms.ActiveCfg = Release|Any CPU
		{4CB195B7-2C78-4E16-B816-E3DDB2F8DC15}.Release|Mixed Platforms.Build.0 = Release|Any CPU
		{4CB195B7-2C78-4E16-B816-E3DDB2F8DC15}.Release|x64.ActiveCfg = Release|Any CPU
		{4CB195B7-2C78-4E16-B816-E3DDB2F8DC15}.Release|x86.ActiveCfg = Release|Any CPU
		{4CB195B7-2C78-4E16-B816-E3DDB2F8DC15}.XBAP Debug|Any CPU.ActiveCfg = Debug|Any CPU
		{4CB195B7-2C78-4E16-B816-E3DDB2F8DC15}.XBAP Debug|Any CPU.Build.0 = Debug|Any CPU
		{4CB195B7-2C78-4E16-B816-E3DDB2F8DC15}.XBAP Debug|ARM.ActiveCfg = Debug|Any CPU
		{4CB195B7-2C78-4E16-B816-E3DDB2F8DC15}.XBAP Debug|Mixed Platforms.ActiveCfg = Debug|Any CPU
		{4CB195B7-2C78-4E16-B816-E3DDB2F8DC15}.XBAP Debug|Mixed Platforms.Build.0 = Debug|Any CPU
		{4CB195B7-2C78-4E16-B816-E3DDB2F8DC15}.XBAP Debug|x64.ActiveCfg = Debug|Any CPU
		{4CB195B7-2C78-4E16-B816-E3DDB2F8DC15}.XBAP Debug|x86.ActiveCfg = Debug|Any CPU
		{4CB195B7-2C78-4E16-B816-E3DDB2F8DC15}.XBAP Release|Any CPU.ActiveCfg = Release|Any CPU
		{4CB195B7-2C78-4E16-B816-E3DDB2F8DC15}.XBAP Release|Any CPU.Build.0 = Release|Any CPU
		{4CB195B7-2C78-4E16-B816-E3DDB2F8DC15}.XBAP Release|ARM.ActiveCfg = Release|Any CPU
		{4CB195B7-2C78-4E16-B816-E3DDB2F8DC15}.XBAP Release|Mixed Platforms.ActiveCfg = Release|Any CPU
		{4CB195B7-2C78-4E16-B816-E3DDB2F8DC15}.XBAP Release|Mixed Platforms.Build.0 = Release|Any CPU
		{4CB195B7-2C78-4E16-B816-E3DDB2F8DC15}.XBAP Release|x64.ActiveCfg = Release|Any CPU
		{4CB195B7-2C78-4E16-B816-E3DDB2F8DC15}.XBAP Release|x86.ActiveCfg = Release|Any CPU
		{E40E7F34-8CDB-479D-9263-D010A1DD9A63}.ClickOnce Debug|Any CPU.ActiveCfg = Debug|Any CPU
		{E40E7F34-8CDB-479D-9263-D010A1DD9A63}.ClickOnce Debug|Any CPU.Build.0 = Debug|Any CPU
		{E40E7F34-8CDB-479D-9263-D010A1DD9A63}.ClickOnce Debug|ARM.ActiveCfg = Debug|Any CPU
		{E40E7F34-8CDB-479D-9263-D010A1DD9A63}.ClickOnce Debug|Mixed Platforms.ActiveCfg = Debug|Any CPU
		{E40E7F34-8CDB-479D-9263-D010A1DD9A63}.ClickOnce Debug|Mixed Platforms.Build.0 = Debug|Any CPU
		{E40E7F34-8CDB-479D-9263-D010A1DD9A63}.ClickOnce Debug|x64.ActiveCfg = Debug|Any CPU
		{E40E7F34-8CDB-479D-9263-D010A1DD9A63}.ClickOnce Debug|x86.ActiveCfg = Debug|Any CPU
		{E40E7F34-8CDB-479D-9263-D010A1DD9A63}.ClickOnce Release|Any CPU.ActiveCfg = Release|Any CPU
		{E40E7F34-8CDB-479D-9263-D010A1DD9A63}.ClickOnce Release|Any CPU.Build.0 = Release|Any CPU
		{E40E7F34-8CDB-479D-9263-D010A1DD9A63}.ClickOnce Release|ARM.ActiveCfg = Release|Any CPU
		{E40E7F34-8CDB-479D-9263-D010A1DD9A63}.ClickOnce Release|Mixed Platforms.ActiveCfg = Release|Any CPU
		{E40E7F34-8CDB-479D-9263-D010A1DD9A63}.ClickOnce Release|Mixed Platforms.Build.0 = Release|Any CPU
		{E40E7F34-8CDB-479D-9263-D010A1DD9A63}.ClickOnce Release|x64.ActiveCfg = Release|Any CPU
		{E40E7F34-8CDB-479D-9263-D010A1DD9A63}.ClickOnce Release|x86.ActiveCfg = Release|Any CPU
		{E40E7F34-8CDB-479D-9263-D010A1DD9A63}.Debug|Any CPU.ActiveCfg = Debug|Any CPU
		{E40E7F34-8CDB-479D-9263-D010A1DD9A63}.Debug|Any CPU.Build.0 = Debug|Any CPU
		{E40E7F34-8CDB-479D-9263-D010A1DD9A63}.Debug|ARM.ActiveCfg = Debug|Any CPU
		{E40E7F34-8CDB-479D-9263-D010A1DD9A63}.Debug|Mixed Platforms.ActiveCfg = Debug|Any CPU
		{E40E7F34-8CDB-479D-9263-D010A1DD9A63}.Debug|Mixed Platforms.Build.0 = Debug|Any CPU
		{E40E7F34-8CDB-479D-9263-D010A1DD9A63}.Debug|x64.ActiveCfg = Debug|Any CPU
		{E40E7F34-8CDB-479D-9263-D010A1DD9A63}.Debug|x86.ActiveCfg = Debug|Any CPU
		{E40E7F34-8CDB-479D-9263-D010A1DD9A63}.Release|Any CPU.ActiveCfg = Release|Any CPU
		{E40E7F34-8CDB-479D-9263-D010A1DD9A63}.Release|Any CPU.Build.0 = Release|Any CPU
		{E40E7F34-8CDB-479D-9263-D010A1DD9A63}.Release|ARM.ActiveCfg = Release|Any CPU
		{E40E7F34-8CDB-479D-9263-D010A1DD9A63}.Release|Mixed Platforms.ActiveCfg = Release|Any CPU
		{E40E7F34-8CDB-479D-9263-D010A1DD9A63}.Release|Mixed Platforms.Build.0 = Release|Any CPU
		{E40E7F34-8CDB-479D-9263-D010A1DD9A63}.Release|x64.ActiveCfg = Release|Any CPU
		{E40E7F34-8CDB-479D-9263-D010A1DD9A63}.Release|x86.ActiveCfg = Release|Any CPU
		{E40E7F34-8CDB-479D-9263-D010A1DD9A63}.XBAP Debug|Any CPU.ActiveCfg = Debug|Any CPU
		{E40E7F34-8CDB-479D-9263-D010A1DD9A63}.XBAP Debug|Any CPU.Build.0 = Debug|Any CPU
		{E40E7F34-8CDB-479D-9263-D010A1DD9A63}.XBAP Debug|ARM.ActiveCfg = Debug|Any CPU
		{E40E7F34-8CDB-479D-9263-D010A1DD9A63}.XBAP Debug|Mixed Platforms.ActiveCfg = Debug|Any CPU
		{E40E7F34-8CDB-479D-9263-D010A1DD9A63}.XBAP Debug|Mixed Platforms.Build.0 = Debug|Any CPU
		{E40E7F34-8CDB-479D-9263-D010A1DD9A63}.XBAP Debug|x64.ActiveCfg = Debug|Any CPU
		{E40E7F34-8CDB-479D-9263-D010A1DD9A63}.XBAP Debug|x86.ActiveCfg = Debug|Any CPU
		{E40E7F34-8CDB-479D-9263-D010A1DD9A63}.XBAP Release|Any CPU.ActiveCfg = Release|Any CPU
		{E40E7F34-8CDB-479D-9263-D010A1DD9A63}.XBAP Release|Any CPU.Build.0 = Release|Any CPU
		{E40E7F34-8CDB-479D-9263-D010A1DD9A63}.XBAP Release|ARM.ActiveCfg = Release|Any CPU
		{E40E7F34-8CDB-479D-9263-D010A1DD9A63}.XBAP Release|Mixed Platforms.ActiveCfg = Release|Any CPU
		{E40E7F34-8CDB-479D-9263-D010A1DD9A63}.XBAP Release|Mixed Platforms.Build.0 = Release|Any CPU
		{E40E7F34-8CDB-479D-9263-D010A1DD9A63}.XBAP Release|x64.ActiveCfg = Release|Any CPU
		{E40E7F34-8CDB-479D-9263-D010A1DD9A63}.XBAP Release|x86.ActiveCfg = Release|Any CPU
		{0EE13420-3C93-46BE-B07B-BBCE9D24B9CB}.ClickOnce Debug|Any CPU.ActiveCfg = Debug|Any CPU
		{0EE13420-3C93-46BE-B07B-BBCE9D24B9CB}.ClickOnce Debug|Any CPU.Build.0 = Debug|Any CPU
		{0EE13420-3C93-46BE-B07B-BBCE9D24B9CB}.ClickOnce Debug|ARM.ActiveCfg = Debug|Any CPU
		{0EE13420-3C93-46BE-B07B-BBCE9D24B9CB}.ClickOnce Debug|Mixed Platforms.ActiveCfg = Debug|Any CPU
		{0EE13420-3C93-46BE-B07B-BBCE9D24B9CB}.ClickOnce Debug|Mixed Platforms.Build.0 = Debug|Any CPU
		{0EE13420-3C93-46BE-B07B-BBCE9D24B9CB}.ClickOnce Debug|x64.ActiveCfg = Debug|Any CPU
		{0EE13420-3C93-46BE-B07B-BBCE9D24B9CB}.ClickOnce Debug|x86.ActiveCfg = Debug|Any CPU
		{0EE13420-3C93-46BE-B07B-BBCE9D24B9CB}.ClickOnce Release|Any CPU.ActiveCfg = Release|Any CPU
		{0EE13420-3C93-46BE-B07B-BBCE9D24B9CB}.ClickOnce Release|Any CPU.Build.0 = Release|Any CPU
		{0EE13420-3C93-46BE-B07B-BBCE9D24B9CB}.ClickOnce Release|ARM.ActiveCfg = Release|Any CPU
		{0EE13420-3C93-46BE-B07B-BBCE9D24B9CB}.ClickOnce Release|Mixed Platforms.ActiveCfg = Release|Any CPU
		{0EE13420-3C93-46BE-B07B-BBCE9D24B9CB}.ClickOnce Release|Mixed Platforms.Build.0 = Release|Any CPU
		{0EE13420-3C93-46BE-B07B-BBCE9D24B9CB}.ClickOnce Release|x64.ActiveCfg = Release|Any CPU
		{0EE13420-3C93-46BE-B07B-BBCE9D24B9CB}.ClickOnce Release|x86.ActiveCfg = Release|Any CPU
		{0EE13420-3C93-46BE-B07B-BBCE9D24B9CB}.Debug|Any CPU.ActiveCfg = Debug|Any CPU
		{0EE13420-3C93-46BE-B07B-BBCE9D24B9CB}.Debug|Any CPU.Build.0 = Debug|Any CPU
		{0EE13420-3C93-46BE-B07B-BBCE9D24B9CB}.Debug|ARM.ActiveCfg = Debug|Any CPU
		{0EE13420-3C93-46BE-B07B-BBCE9D24B9CB}.Debug|Mixed Platforms.ActiveCfg = Debug|Any CPU
		{0EE13420-3C93-46BE-B07B-BBCE9D24B9CB}.Debug|Mixed Platforms.Build.0 = Debug|Any CPU
		{0EE13420-3C93-46BE-B07B-BBCE9D24B9CB}.Debug|x64.ActiveCfg = Debug|Any CPU
		{0EE13420-3C93-46BE-B07B-BBCE9D24B9CB}.Debug|x86.ActiveCfg = Debug|Any CPU
		{0EE13420-3C93-46BE-B07B-BBCE9D24B9CB}.Release|Any CPU.ActiveCfg = Release|Any CPU
		{0EE13420-3C93-46BE-B07B-BBCE9D24B9CB}.Release|Any CPU.Build.0 = Release|Any CPU
		{0EE13420-3C93-46BE-B07B-BBCE9D24B9CB}.Release|ARM.ActiveCfg = Release|Any CPU
		{0EE13420-3C93-46BE-B07B-BBCE9D24B9CB}.Release|Mixed Platforms.ActiveCfg = Release|Any CPU
		{0EE13420-3C93-46BE-B07B-BBCE9D24B9CB}.Release|Mixed Platforms.Build.0 = Release|Any CPU
		{0EE13420-3C93-46BE-B07B-BBCE9D24B9CB}.Release|x64.ActiveCfg = Release|Any CPU
		{0EE13420-3C93-46BE-B07B-BBCE9D24B9CB}.Release|x86.ActiveCfg = Release|Any CPU
		{0EE13420-3C93-46BE-B07B-BBCE9D24B9CB}.XBAP Debug|Any CPU.ActiveCfg = Debug|Any CPU
		{0EE13420-3C93-46BE-B07B-BBCE9D24B9CB}.XBAP Debug|Any CPU.Build.0 = Debug|Any CPU
		{0EE13420-3C93-46BE-B07B-BBCE9D24B9CB}.XBAP Debug|ARM.ActiveCfg = Debug|Any CPU
		{0EE13420-3C93-46BE-B07B-BBCE9D24B9CB}.XBAP Debug|Mixed Platforms.ActiveCfg = Debug|Any CPU
		{0EE13420-3C93-46BE-B07B-BBCE9D24B9CB}.XBAP Debug|Mixed Platforms.Build.0 = Debug|Any CPU
		{0EE13420-3C93-46BE-B07B-BBCE9D24B9CB}.XBAP Debug|x64.ActiveCfg = Debug|Any CPU
		{0EE13420-3C93-46BE-B07B-BBCE9D24B9CB}.XBAP Debug|x86.ActiveCfg = Debug|Any CPU
		{0EE13420-3C93-46BE-B07B-BBCE9D24B9CB}.XBAP Release|Any CPU.ActiveCfg = Release|Any CPU
		{0EE13420-3C93-46BE-B07B-BBCE9D24B9CB}.XBAP Release|Any CPU.Build.0 = Release|Any CPU
		{0EE13420-3C93-46BE-B07B-BBCE9D24B9CB}.XBAP Release|ARM.ActiveCfg = Release|Any CPU
		{0EE13420-3C93-46BE-B07B-BBCE9D24B9CB}.XBAP Release|Mixed Platforms.ActiveCfg = Release|Any CPU
		{0EE13420-3C93-46BE-B07B-BBCE9D24B9CB}.XBAP Release|Mixed Platforms.Build.0 = Release|Any CPU
		{0EE13420-3C93-46BE-B07B-BBCE9D24B9CB}.XBAP Release|x64.ActiveCfg = Release|Any CPU
		{0EE13420-3C93-46BE-B07B-BBCE9D24B9CB}.XBAP Release|x86.ActiveCfg = Release|Any CPU
	EndGlobalSection
	GlobalSection(SolutionProperties) = preSolution
		HideSolutionNode = FALSE
	EndGlobalSection
	GlobalSection(NestedProjects) = preSolution
		{C89308C7-8E27-4775-B99E-73A2E25515FF} = {19D224DA-6E8F-44FE-AB1C-5461E19CCBBB}
		{6DBAD298-4C04-4E60-A8AF-CD6EC63549DE} = {98F72949-090F-4587-80D4-2A7A07F43515}
		{B217D6F0-86FD-467A-B978-7E54FE364909} = {6096D334-1959-4F24-BD21-242F11143762}
		{1A4510E0-F736-4D4A-B0E5-B09B6B6E2E14} = {6096D334-1959-4F24-BD21-242F11143762}
		{6505B2A4-1F29-4FB4-BBFA-6A2F4F4B8E13} = {6096D334-1959-4F24-BD21-242F11143762}
		{2C415F34-BAB1-42E7-A982-AD513FA6D271} = {C2597D94-48AE-4354-80E4-05268A5348B7}
		{7DD8B722-505F-4195-AFAC-E49149F27CA9} = {6096D334-1959-4F24-BD21-242F11143762}
		{D5C3E3AE-7150-4FA0-A869-285B7FDD6A25} = {6096D334-1959-4F24-BD21-242F11143762}
		{82A8069D-FD31-4CCA-8096-F93050B0A49D} = {35D12EC8-A05F-4954-AF33-2678033F48D7}
		{2FDB8015-8A11-4947-870A-AC9DC71714F9} = {6096D334-1959-4F24-BD21-242F11143762}
		{51156616-5659-4BA6-B7DA-7D021D83429B} = {C2597D94-48AE-4354-80E4-05268A5348B7}
		{2D3BCFB2-F1C5-429F-A6C0-4914D38024AA} = {C2597D94-48AE-4354-80E4-05268A5348B7}
		{B592A17D-72A3-4609-A075-BEB9263ADB16} = {C2597D94-48AE-4354-80E4-05268A5348B7}
		{9D6D1576-2A60-4E8A-B559-1949518C8ABE} = {C2597D94-48AE-4354-80E4-05268A5348B7}
		{CDF7B5C0-DFCB-49B0-BD51-971A115F9001} = {6096D334-1959-4F24-BD21-242F11143762}
		{2B1E4372-F6D6-4E9B-A7BD-887B10A86CF2} = {49EB2EA1-6E4D-4E3B-B4FE-BEB32DF5E3E7}
		{90B65713-5A65-4069-B9F2-0CCE891CFB3A} = {49EB2EA1-6E4D-4E3B-B4FE-BEB32DF5E3E7}
		{4CB195B7-2C78-4E16-B816-E3DDB2F8DC15} = {49EB2EA1-6E4D-4E3B-B4FE-BEB32DF5E3E7}
		{E40E7F34-8CDB-479D-9263-D010A1DD9A63} = {05719120-130B-4F94-A44B-51A0A5ED7DDC}
		{0EE13420-3C93-46BE-B07B-BBCE9D24B9CB} = {35D12EC8-A05F-4954-AF33-2678033F48D7}
	EndGlobalSection
	GlobalSection(TestCaseManagementSettings) = postSolution
		CategoryFile = Pms.MobiCore.root.vsmdi
	EndGlobalSection
EndGlobal
