
Microsoft Visual Studio Solution File, Format Version 12.00
# Visual Studio 2013
VisualStudioVersion = 12.0.30723.0
MinimumVisualStudioVersion = 10.0.40219.1
Project("{2150E333-8FDC-42A3-9474-1A3956D46DE8}") = "0500 - EcoSpace Block", "0500 - EcoSpace Block", "{32D9CDD7-50D2-4525-9E8E-E1D86A4ECF43}"
EndProject
Project("{FAE04EC0-301F-11D3-BF4B-00C04F79EFBC}") = "Broobu.Disco.Service", "..\Service\Broobu.Disco.Service\Broobu.Disco.Service.csproj", "{E40E7F34-8CDB-479D-9263-D010A1DD9A63}"
EndProject
Project("{FAE04EC0-301F-11D3-BF4B-00C04F79EFBC}") = "Broobu.MonitorDisco.Service", "..\Service\Broobu.MonitorDisco.Service\Broobu.MonitorDisco.Service.csproj", "{B7DABAAC-9750-4439-8989-839CA99C5B9E}"
EndProject
Project("{2150E333-8FDC-42A3-9474-1A3956D46DE8}") = "0200 - Broobu UI Framework", "0200 - Broobu UI Framework", "{98F72949-090F-4587-80D4-2A7A07F43515}"
EndProject
Project("{FAE04EC0-301F-11D3-BF4B-00C04F79EFBC}") = "Broobu.MonitorDisco.UI", "..\UI\Broobu.MonitorDisco.UI\Broobu.MonitorDisco.UI.csproj", "{6E1A6F99-250E-4483-AB47-E276E22B837F}"
EndProject
Project("{2150E333-8FDC-42A3-9474-1A3956D46DE8}") = "Draft", "Draft", "{19D224DA-6E8F-44FE-AB1C-5461E19CCBBB}"
EndProject
Project("{FAE04EC0-301F-11D3-BF4B-00C04F79EFBC}") = "TestSMTP.console", "..\Draft\TestSMTP.console\TestSMTP.console.csproj", "{C89308C7-8E27-4775-B99E-73A2E25515FF}"
EndProject
Project("{FAE04EC0-301F-11D3-BF4B-00C04F79EFBC}") = "Broobu.Fx.UI", "..\UI\Broobu.Fx.UI\Broobu.Fx.UI.csproj", "{6DBAD298-4C04-4E60-A8AF-CD6EC63549DE}"
EndProject
Project("{2150E333-8FDC-42A3-9474-1A3956D46DE8}") = "Domain Service", "Domain Service", "{D4C27887-9D88-4754-874E-8FAED4C27C8A}"
EndProject
Project("{2150E333-8FDC-42A3-9474-1A3956D46DE8}") = "0100 - Reference", "0100 - Reference", "{35D12EC8-A05F-4954-AF33-2678033F48D7}"
EndProject
Project("{2150E333-8FDC-42A3-9474-1A3956D46DE8}") = "0000 - Architecture", "0000 - Architecture", "{12512D21-32F5-45F1-86E3-0AA88976458B}"
	ProjectSection(SolutionItems) = preProject
		..\Architecture\Broobu.eap = ..\Architecture\Broobu.eap
	EndProjectSection
EndProject
Project("{2150E333-8FDC-42A3-9474-1A3956D46DE8}") = "Facade Service", "Facade Service", "{E75C9AF3-E26F-4EE9-B39B-F934AF742838}"
EndProject
Project("{FAE04EC0-301F-11D3-BF4B-00C04F79EFBC}") = "Broobu.Components.DevExpress", "..\Components\Broobu.Components.DevExpress\Broobu.Components.DevExpress.csproj", "{42881BA6-B978-4032-B523-5E8C02A55E9E}"
EndProject
Project("{FAE04EC0-301F-11D3-BF4B-00C04F79EFBC}") = "Broobu.Components.LogicNP", "..\Components\Broobu.Components.LogicNP\Broobu.Components.LogicNP.csproj", "{5678184E-390E-4574-B61B-D82727008E43}"
EndProject
Project("{FAE04EC0-301F-11D3-BF4B-00C04F79EFBC}") = "Broobu.EcoSpace.Contract", "..\Contract\Broobu.EcoSpace.Contract\Broobu.EcoSpace.Contract.csproj", "{2B1E4372-F6D6-4E9B-A7BD-887B10A86CF2}"
EndProject
Project("{FAE04EC0-301F-11D3-BF4B-00C04F79EFBC}") = "Broobu.EcoSpace.Contract.Test", "..\Release\Contracts\Test\Broobu.EcoSpace.Contract.Test\Broobu.EcoSpace.Contract.Test.csproj", "{99248957-1268-4796-AABE-2B8513A33C21}"
EndProject
Project("{FAE04EC0-301F-11D3-BF4B-00C04F79EFBC}") = "Broobu.EcoSpace.UI.Controls", "..\UI\Broobu.EcoSpace.UI.Controls\Broobu.EcoSpace.UI.Controls.csproj", "{BAD4ECE6-3CDF-4938-BF31-EF41BCC1294A}"
EndProject
Project("{FAE04EC0-301F-11D3-BF4B-00C04F79EFBC}") = "Broobu.EcoSpace.UI", "..\UI\Broobu.EcoSpace.UI\Broobu.EcoSpace.UI.csproj", "{3C57C969-657A-45B1-9C90-917950B46FF7}"
EndProject
Project("{FAE04EC0-301F-11D3-BF4B-00C04F79EFBC}") = "Broobu.Boutique.Service", "..\Service\Broobu.Boutique.Service\Broobu.Boutique.Service.csproj", "{18349565-BC19-4A95-A823-332C9C2669B6}"
EndProject
Project("{FAE04EC0-301F-11D3-BF4B-00C04F79EFBC}") = "Broobu.Desktop.UI.Controls", "..\UI\Broobu.Boutique.Desktop.UI.Controls\Broobu.Desktop.UI.Controls.csproj", "{57556F3B-6E17-431C-9C48-5ABA8E4F6136}"
EndProject
Project("{FAE04EC0-301F-11D3-BF4B-00C04F79EFBC}") = "Broobu.Desktop.UI", "..\UI\Broobu.Boutique.Desktop.UI\Broobu.Desktop.UI.csproj", "{9C42F3DB-5F21-44F6-8740-7AA1F21AEB23}"
EndProject
Project("{FAE04EC0-301F-11D3-BF4B-00C04F79EFBC}") = "Broobu.Casem.UI.Wpf.Controls", "..\..\Broobu.Casem\UI\Broobu.Casem.UI.Wpf.Controls\Broobu.Casem.UI.Wpf.Controls.csproj", "{DA0D8ABD-6607-4FEA-AFCF-749CC790DF1D}"
EndProject
Project("{2150E333-8FDC-42A3-9474-1A3956D46DE8}") = "0700 - Boutique Service", "0700 - Boutique Service", "{CD7EB4CC-1226-49DA-B509-29A6CF50C5A4}"
EndProject
Project("{FAE04EC0-301F-11D3-BF4B-00C04F79EFBC}") = "Broubu.Boutique.Contract", "..\Contract\Broobu.Boutique.Contract\Broubu.Boutique.Contract.csproj", "{86746B87-0333-4F3F-86CC-9E6E683F393C}"
EndProject
Project("{FAE04EC0-301F-11D3-BF4B-00C04F79EFBC}") = "Broobu.Boutique.Business", "..\Business\Broobu.Boutique.Business\Broobu.Boutique.Business.csproj", "{A0182ED4-004F-40E8-B139-A4C500927A58}"
EndProject
Project("{FAE04EC0-301F-11D3-BF4B-00C04F79EFBC}") = "Broobu.Authentication.Contract", "..\Contract\Broobu.Authentication.Contract\Broobu.Authentication.Contract.csproj", "{595D5886-5982-4A51-ABA0-EA661C54D95B}"
EndProject
Project("{FAE04EC0-301F-11D3-BF4B-00C04F79EFBC}") = "Broobu.Taxonomy.Contract", "..\Contract\Broobu.Taxonomy.Contract\Broobu.Taxonomy.Contract.csproj", "{B217D6F0-86FD-467A-B978-7E54FE364909}"
EndProject
Project("{2150E333-8FDC-42A3-9474-1A3956D46DE8}") = "0300 - Authentication Block", "0300 - Authentication Block", "{A087E4A3-B677-4F2D-BCA4-984F9B0C863F}"
EndProject
Project("{2150E333-8FDC-42A3-9474-1A3956D46DE8}") = "0250 - Taxonomy Block", "0250 - Taxonomy Block", "{BFA2ED4E-35E5-43B2-949B-BB3E6FC2D85C}"
EndProject
Project("{FAE04EC0-301F-11D3-BF4B-00C04F79EFBC}") = "Broobu.Taxonomy.UI.Controls", "..\UI\Broobu.Taxonomy.UI.Controls\Broobu.Taxonomy.UI.Controls.csproj", "{D5C3E3AE-7150-4FA0-A869-285B7FDD6A25}"
EndProject
Project("{FAE04EC0-301F-11D3-BF4B-00C04F79EFBC}") = "Broobu.Authentication.UI.Controls", "..\UI\Broobu.Authentication.UI.Controls\Broobu.Authentication.UI.Controls.csproj", "{F7757306-F486-4BE3-99D7-80C5B7ED325B}"
EndProject
Project("{FAE04EC0-301F-11D3-BF4B-00C04F79EFBC}") = "Broobu.Authentication.Business", "..\Business\Broobu.Authentication.Business\Broobu.Authentication.Business.csproj", "{537E8519-CD44-4CC9-9E29-9D07F6E282CD}"
EndProject
Project("{FAE04EC0-301F-11D3-BF4B-00C04F79EFBC}") = "Broobu.Publisher.Contract", "..\Contract\Broobu.Publisher.Contract\Broobu.Publisher.Contract.csproj", "{BA4CC5A9-4253-4A36-A7FE-468C996A4EC8}"
EndProject
Project("{FAE04EC0-301F-11D3-BF4B-00C04F79EFBC}") = "Broobu.Authentication.Service", "..\Service\Broobu.Authentication.Service\Broobu.Authentication.Service.csproj", "{0C49CFB7-D077-40B5-98A4-EFDA3AD098E3}"
EndProject
Project("{FAE04EC0-301F-11D3-BF4B-00C04F79EFBC}") = "Broobu.SessionProxy.Contract", "..\Contract\Broobu.SessionProxy.Contract\Broobu.SessionProxy.Contract.csproj", "{1D5E68F4-7DE5-4705-BF46-32751D8AAFF3}"
EndProject
Project("{FAE04EC0-301F-11D3-BF4B-00C04F79EFBC}") = "Broobu.Authentication.Contract.Test", "..\Release\Contracts\Test\Broobu.Authentication.Contract.Test\Broobu.Authentication.Contract.Test.csproj", "{FD57F3C1-71D6-42C6-B391-9AD356241411}"
EndProject
Project("{FAE04EC0-301F-11D3-BF4B-00C04F79EFBC}") = "Broobu.EcoSpace.Service", "..\Service\Broobu.EcoSpace.Service\Broobu.EcoSpace.Service.csproj", "{DB616943-5FC1-4F2F-A4C8-5EFD70C411BA}"
EndProject
Project("{FAE04EC0-301F-11D3-BF4B-00C04F79EFBC}") = "Broobu.EcoSpace.Business", "..\Business\Broobu.EcoSpace.Business\Broobu.EcoSpace.Business.csproj", "{90B65713-5A65-4069-B9F2-0CCE891CFB3A}"
EndProject
Project("{FAE04EC0-301F-11D3-BF4B-00C04F79EFBC}") = "Broobu.LATI.Contract", "..\Contract\Broobu.LATI.Contract\Broobu.LATI.Contract.csproj", "{0EE13420-3C93-46BE-B07B-BBCE9D24B9CB}"
EndProject
Project("{FAE04EC0-301F-11D3-BF4B-00C04F79EFBC}") = "Wulka", "..\..\Wulka\SDK\Src\Wulka\Wulka.csproj", "{82A8069D-FD31-4CCA-8096-F93050B0A49D}"
EndProject
Global
	GlobalSection(SolutionConfigurationPlatforms) = preSolution
		ClickOnce Debug|Any CPU = ClickOnce Debug|Any CPU
		ClickOnce Debug|Mixed Platforms = ClickOnce Debug|Mixed Platforms
		ClickOnce Debug|x86 = ClickOnce Debug|x86
		ClickOnce Release|Any CPU = ClickOnce Release|Any CPU
		ClickOnce Release|Mixed Platforms = ClickOnce Release|Mixed Platforms
		ClickOnce Release|x86 = ClickOnce Release|x86
		Debug|Any CPU = Debug|Any CPU
		Debug|Mixed Platforms = Debug|Mixed Platforms
		Debug|x86 = Debug|x86
		Release|Any CPU = Release|Any CPU
		Release|Mixed Platforms = Release|Mixed Platforms
		Release|x86 = Release|x86
		XBAP Debug|Any CPU = XBAP Debug|Any CPU
		XBAP Debug|Mixed Platforms = XBAP Debug|Mixed Platforms
		XBAP Debug|x86 = XBAP Debug|x86
		XBAP Release|Any CPU = XBAP Release|Any CPU
		XBAP Release|Mixed Platforms = XBAP Release|Mixed Platforms
		XBAP Release|x86 = XBAP Release|x86
	EndGlobalSection
	GlobalSection(ProjectConfigurationPlatforms) = postSolution
		{E40E7F34-8CDB-479D-9263-D010A1DD9A63}.ClickOnce Debug|Any CPU.ActiveCfg = Debug|Any CPU
		{E40E7F34-8CDB-479D-9263-D010A1DD9A63}.ClickOnce Debug|Any CPU.Build.0 = Debug|Any CPU
		{E40E7F34-8CDB-479D-9263-D010A1DD9A63}.ClickOnce Debug|Mixed Platforms.ActiveCfg = Debug|Any CPU
		{E40E7F34-8CDB-479D-9263-D010A1DD9A63}.ClickOnce Debug|Mixed Platforms.Build.0 = Debug|Any CPU
		{E40E7F34-8CDB-479D-9263-D010A1DD9A63}.ClickOnce Debug|x86.ActiveCfg = Debug|Any CPU
		{E40E7F34-8CDB-479D-9263-D010A1DD9A63}.ClickOnce Release|Any CPU.ActiveCfg = Release|Any CPU
		{E40E7F34-8CDB-479D-9263-D010A1DD9A63}.ClickOnce Release|Any CPU.Build.0 = Release|Any CPU
		{E40E7F34-8CDB-479D-9263-D010A1DD9A63}.ClickOnce Release|Mixed Platforms.ActiveCfg = Release|Any CPU
		{E40E7F34-8CDB-479D-9263-D010A1DD9A63}.ClickOnce Release|Mixed Platforms.Build.0 = Release|Any CPU
		{E40E7F34-8CDB-479D-9263-D010A1DD9A63}.ClickOnce Release|x86.ActiveCfg = Release|Any CPU
		{E40E7F34-8CDB-479D-9263-D010A1DD9A63}.Debug|Any CPU.ActiveCfg = Debug|Any CPU
		{E40E7F34-8CDB-479D-9263-D010A1DD9A63}.Debug|Any CPU.Build.0 = Debug|Any CPU
		{E40E7F34-8CDB-479D-9263-D010A1DD9A63}.Debug|Mixed Platforms.ActiveCfg = Debug|Any CPU
		{E40E7F34-8CDB-479D-9263-D010A1DD9A63}.Debug|Mixed Platforms.Build.0 = Debug|Any CPU
		{E40E7F34-8CDB-479D-9263-D010A1DD9A63}.Debug|x86.ActiveCfg = Debug|Any CPU
		{E40E7F34-8CDB-479D-9263-D010A1DD9A63}.Release|Any CPU.ActiveCfg = Release|Any CPU
		{E40E7F34-8CDB-479D-9263-D010A1DD9A63}.Release|Any CPU.Build.0 = Release|Any CPU
		{E40E7F34-8CDB-479D-9263-D010A1DD9A63}.Release|Mixed Platforms.ActiveCfg = Release|Any CPU
		{E40E7F34-8CDB-479D-9263-D010A1DD9A63}.Release|Mixed Platforms.Build.0 = Release|Any CPU
		{E40E7F34-8CDB-479D-9263-D010A1DD9A63}.Release|x86.ActiveCfg = Release|Any CPU
		{E40E7F34-8CDB-479D-9263-D010A1DD9A63}.XBAP Debug|Any CPU.ActiveCfg = Debug|Any CPU
		{E40E7F34-8CDB-479D-9263-D010A1DD9A63}.XBAP Debug|Any CPU.Build.0 = Debug|Any CPU
		{E40E7F34-8CDB-479D-9263-D010A1DD9A63}.XBAP Debug|Mixed Platforms.ActiveCfg = Debug|Any CPU
		{E40E7F34-8CDB-479D-9263-D010A1DD9A63}.XBAP Debug|Mixed Platforms.Build.0 = Debug|Any CPU
		{E40E7F34-8CDB-479D-9263-D010A1DD9A63}.XBAP Debug|x86.ActiveCfg = Debug|Any CPU
		{E40E7F34-8CDB-479D-9263-D010A1DD9A63}.XBAP Release|Any CPU.ActiveCfg = Release|Any CPU
		{E40E7F34-8CDB-479D-9263-D010A1DD9A63}.XBAP Release|Any CPU.Build.0 = Release|Any CPU
		{E40E7F34-8CDB-479D-9263-D010A1DD9A63}.XBAP Release|Mixed Platforms.ActiveCfg = Release|Any CPU
		{E40E7F34-8CDB-479D-9263-D010A1DD9A63}.XBAP Release|Mixed Platforms.Build.0 = Release|Any CPU
		{E40E7F34-8CDB-479D-9263-D010A1DD9A63}.XBAP Release|x86.ActiveCfg = Release|Any CPU
		{B7DABAAC-9750-4439-8989-839CA99C5B9E}.ClickOnce Debug|Any CPU.ActiveCfg = Debug|Any CPU
		{B7DABAAC-9750-4439-8989-839CA99C5B9E}.ClickOnce Debug|Any CPU.Build.0 = Debug|Any CPU
		{B7DABAAC-9750-4439-8989-839CA99C5B9E}.ClickOnce Debug|Mixed Platforms.ActiveCfg = Debug|Any CPU
		{B7DABAAC-9750-4439-8989-839CA99C5B9E}.ClickOnce Debug|Mixed Platforms.Build.0 = Debug|Any CPU
		{B7DABAAC-9750-4439-8989-839CA99C5B9E}.ClickOnce Debug|x86.ActiveCfg = Debug|Any CPU
		{B7DABAAC-9750-4439-8989-839CA99C5B9E}.ClickOnce Release|Any CPU.ActiveCfg = Release|Any CPU
		{B7DABAAC-9750-4439-8989-839CA99C5B9E}.ClickOnce Release|Any CPU.Build.0 = Release|Any CPU
		{B7DABAAC-9750-4439-8989-839CA99C5B9E}.ClickOnce Release|Mixed Platforms.ActiveCfg = Release|Any CPU
		{B7DABAAC-9750-4439-8989-839CA99C5B9E}.ClickOnce Release|Mixed Platforms.Build.0 = Release|Any CPU
		{B7DABAAC-9750-4439-8989-839CA99C5B9E}.ClickOnce Release|x86.ActiveCfg = Release|Any CPU
		{B7DABAAC-9750-4439-8989-839CA99C5B9E}.Debug|Any CPU.ActiveCfg = Debug|Any CPU
		{B7DABAAC-9750-4439-8989-839CA99C5B9E}.Debug|Any CPU.Build.0 = Debug|Any CPU
		{B7DABAAC-9750-4439-8989-839CA99C5B9E}.Debug|Mixed Platforms.ActiveCfg = Debug|Any CPU
		{B7DABAAC-9750-4439-8989-839CA99C5B9E}.Debug|Mixed Platforms.Build.0 = Debug|Any CPU
		{B7DABAAC-9750-4439-8989-839CA99C5B9E}.Debug|x86.ActiveCfg = Debug|Any CPU
		{B7DABAAC-9750-4439-8989-839CA99C5B9E}.Release|Any CPU.ActiveCfg = Release|Any CPU
		{B7DABAAC-9750-4439-8989-839CA99C5B9E}.Release|Any CPU.Build.0 = Release|Any CPU
		{B7DABAAC-9750-4439-8989-839CA99C5B9E}.Release|Mixed Platforms.ActiveCfg = Release|Any CPU
		{B7DABAAC-9750-4439-8989-839CA99C5B9E}.Release|Mixed Platforms.Build.0 = Release|Any CPU
		{B7DABAAC-9750-4439-8989-839CA99C5B9E}.Release|x86.ActiveCfg = Release|Any CPU
		{B7DABAAC-9750-4439-8989-839CA99C5B9E}.XBAP Debug|Any CPU.ActiveCfg = Debug|Any CPU
		{B7DABAAC-9750-4439-8989-839CA99C5B9E}.XBAP Debug|Any CPU.Build.0 = Debug|Any CPU
		{B7DABAAC-9750-4439-8989-839CA99C5B9E}.XBAP Debug|Mixed Platforms.ActiveCfg = Debug|Any CPU
		{B7DABAAC-9750-4439-8989-839CA99C5B9E}.XBAP Debug|Mixed Platforms.Build.0 = Debug|Any CPU
		{B7DABAAC-9750-4439-8989-839CA99C5B9E}.XBAP Debug|x86.ActiveCfg = Debug|Any CPU
		{B7DABAAC-9750-4439-8989-839CA99C5B9E}.XBAP Release|Any CPU.ActiveCfg = Release|Any CPU
		{B7DABAAC-9750-4439-8989-839CA99C5B9E}.XBAP Release|Any CPU.Build.0 = Release|Any CPU
		{B7DABAAC-9750-4439-8989-839CA99C5B9E}.XBAP Release|Mixed Platforms.ActiveCfg = Release|Any CPU
		{B7DABAAC-9750-4439-8989-839CA99C5B9E}.XBAP Release|Mixed Platforms.Build.0 = Release|Any CPU
		{B7DABAAC-9750-4439-8989-839CA99C5B9E}.XBAP Release|x86.ActiveCfg = Release|Any CPU
		{6E1A6F99-250E-4483-AB47-E276E22B837F}.ClickOnce Debug|Any CPU.ActiveCfg = Debug|x86
		{6E1A6F99-250E-4483-AB47-E276E22B837F}.ClickOnce Debug|Mixed Platforms.ActiveCfg = Debug|x86
		{6E1A6F99-250E-4483-AB47-E276E22B837F}.ClickOnce Debug|Mixed Platforms.Build.0 = Debug|x86
		{6E1A6F99-250E-4483-AB47-E276E22B837F}.ClickOnce Debug|x86.ActiveCfg = Debug|x86
		{6E1A6F99-250E-4483-AB47-E276E22B837F}.ClickOnce Debug|x86.Build.0 = Debug|x86
		{6E1A6F99-250E-4483-AB47-E276E22B837F}.ClickOnce Release|Any CPU.ActiveCfg = Release|x86
		{6E1A6F99-250E-4483-AB47-E276E22B837F}.ClickOnce Release|Mixed Platforms.ActiveCfg = Release|x86
		{6E1A6F99-250E-4483-AB47-E276E22B837F}.ClickOnce Release|Mixed Platforms.Build.0 = Release|x86
		{6E1A6F99-250E-4483-AB47-E276E22B837F}.ClickOnce Release|x86.ActiveCfg = Release|x86
		{6E1A6F99-250E-4483-AB47-E276E22B837F}.ClickOnce Release|x86.Build.0 = Release|x86
		{6E1A6F99-250E-4483-AB47-E276E22B837F}.Debug|Any CPU.ActiveCfg = Debug|x86
		{6E1A6F99-250E-4483-AB47-E276E22B837F}.Debug|Mixed Platforms.ActiveCfg = Debug|x86
		{6E1A6F99-250E-4483-AB47-E276E22B837F}.Debug|Mixed Platforms.Build.0 = Debug|x86
		{6E1A6F99-250E-4483-AB47-E276E22B837F}.Debug|x86.ActiveCfg = Debug|x86
		{6E1A6F99-250E-4483-AB47-E276E22B837F}.Debug|x86.Build.0 = Debug|x86
		{6E1A6F99-250E-4483-AB47-E276E22B837F}.Release|Any CPU.ActiveCfg = Release|x86
		{6E1A6F99-250E-4483-AB47-E276E22B837F}.Release|Mixed Platforms.ActiveCfg = Release|x86
		{6E1A6F99-250E-4483-AB47-E276E22B837F}.Release|Mixed Platforms.Build.0 = Release|x86
		{6E1A6F99-250E-4483-AB47-E276E22B837F}.Release|x86.ActiveCfg = Release|x86
		{6E1A6F99-250E-4483-AB47-E276E22B837F}.Release|x86.Build.0 = Release|x86
		{6E1A6F99-250E-4483-AB47-E276E22B837F}.XBAP Debug|Any CPU.ActiveCfg = Debug|x86
		{6E1A6F99-250E-4483-AB47-E276E22B837F}.XBAP Debug|Mixed Platforms.ActiveCfg = Debug|x86
		{6E1A6F99-250E-4483-AB47-E276E22B837F}.XBAP Debug|Mixed Platforms.Build.0 = Debug|x86
		{6E1A6F99-250E-4483-AB47-E276E22B837F}.XBAP Debug|x86.ActiveCfg = Debug|x86
		{6E1A6F99-250E-4483-AB47-E276E22B837F}.XBAP Debug|x86.Build.0 = Debug|x86
		{6E1A6F99-250E-4483-AB47-E276E22B837F}.XBAP Release|Any CPU.ActiveCfg = Release|x86
		{6E1A6F99-250E-4483-AB47-E276E22B837F}.XBAP Release|Mixed Platforms.ActiveCfg = Release|x86
		{6E1A6F99-250E-4483-AB47-E276E22B837F}.XBAP Release|Mixed Platforms.Build.0 = Release|x86
		{6E1A6F99-250E-4483-AB47-E276E22B837F}.XBAP Release|x86.ActiveCfg = Release|x86
		{6E1A6F99-250E-4483-AB47-E276E22B837F}.XBAP Release|x86.Build.0 = Release|x86
		{C89308C7-8E27-4775-B99E-73A2E25515FF}.ClickOnce Debug|Any CPU.ActiveCfg = Debug|Any CPU
		{C89308C7-8E27-4775-B99E-73A2E25515FF}.ClickOnce Debug|Any CPU.Build.0 = Debug|Any CPU
		{C89308C7-8E27-4775-B99E-73A2E25515FF}.ClickOnce Debug|Mixed Platforms.ActiveCfg = Debug|Any CPU
		{C89308C7-8E27-4775-B99E-73A2E25515FF}.ClickOnce Debug|Mixed Platforms.Build.0 = Debug|Any CPU
		{C89308C7-8E27-4775-B99E-73A2E25515FF}.ClickOnce Debug|x86.ActiveCfg = Debug|Any CPU
		{C89308C7-8E27-4775-B99E-73A2E25515FF}.ClickOnce Release|Any CPU.ActiveCfg = Release|Any CPU
		{C89308C7-8E27-4775-B99E-73A2E25515FF}.ClickOnce Release|Any CPU.Build.0 = Release|Any CPU
		{C89308C7-8E27-4775-B99E-73A2E25515FF}.ClickOnce Release|Mixed Platforms.ActiveCfg = Release|Any CPU
		{C89308C7-8E27-4775-B99E-73A2E25515FF}.ClickOnce Release|Mixed Platforms.Build.0 = Release|Any CPU
		{C89308C7-8E27-4775-B99E-73A2E25515FF}.ClickOnce Release|x86.ActiveCfg = Release|Any CPU
		{C89308C7-8E27-4775-B99E-73A2E25515FF}.Debug|Any CPU.ActiveCfg = Debug|Any CPU
		{C89308C7-8E27-4775-B99E-73A2E25515FF}.Debug|Any CPU.Build.0 = Debug|Any CPU
		{C89308C7-8E27-4775-B99E-73A2E25515FF}.Debug|Mixed Platforms.ActiveCfg = Debug|Any CPU
		{C89308C7-8E27-4775-B99E-73A2E25515FF}.Debug|Mixed Platforms.Build.0 = Debug|Any CPU
		{C89308C7-8E27-4775-B99E-73A2E25515FF}.Debug|x86.ActiveCfg = Debug|Any CPU
		{C89308C7-8E27-4775-B99E-73A2E25515FF}.Release|Any CPU.ActiveCfg = Release|Any CPU
		{C89308C7-8E27-4775-B99E-73A2E25515FF}.Release|Any CPU.Build.0 = Release|Any CPU
		{C89308C7-8E27-4775-B99E-73A2E25515FF}.Release|Mixed Platforms.ActiveCfg = Release|Any CPU
		{C89308C7-8E27-4775-B99E-73A2E25515FF}.Release|Mixed Platforms.Build.0 = Release|Any CPU
		{C89308C7-8E27-4775-B99E-73A2E25515FF}.Release|x86.ActiveCfg = Release|Any CPU
		{C89308C7-8E27-4775-B99E-73A2E25515FF}.XBAP Debug|Any CPU.ActiveCfg = Debug|Any CPU
		{C89308C7-8E27-4775-B99E-73A2E25515FF}.XBAP Debug|Any CPU.Build.0 = Debug|Any CPU
		{C89308C7-8E27-4775-B99E-73A2E25515FF}.XBAP Debug|Mixed Platforms.ActiveCfg = Debug|Any CPU
		{C89308C7-8E27-4775-B99E-73A2E25515FF}.XBAP Debug|Mixed Platforms.Build.0 = Debug|Any CPU
		{C89308C7-8E27-4775-B99E-73A2E25515FF}.XBAP Debug|x86.ActiveCfg = Debug|Any CPU
		{C89308C7-8E27-4775-B99E-73A2E25515FF}.XBAP Release|Any CPU.ActiveCfg = Release|Any CPU
		{C89308C7-8E27-4775-B99E-73A2E25515FF}.XBAP Release|Any CPU.Build.0 = Release|Any CPU
		{C89308C7-8E27-4775-B99E-73A2E25515FF}.XBAP Release|Mixed Platforms.ActiveCfg = Release|Any CPU
		{C89308C7-8E27-4775-B99E-73A2E25515FF}.XBAP Release|Mixed Platforms.Build.0 = Release|Any CPU
		{C89308C7-8E27-4775-B99E-73A2E25515FF}.XBAP Release|x86.ActiveCfg = Release|Any CPU
		{6DBAD298-4C04-4E60-A8AF-CD6EC63549DE}.ClickOnce Debug|Any CPU.ActiveCfg = Debug|Any CPU
		{6DBAD298-4C04-4E60-A8AF-CD6EC63549DE}.ClickOnce Debug|Any CPU.Build.0 = Debug|Any CPU
		{6DBAD298-4C04-4E60-A8AF-CD6EC63549DE}.ClickOnce Debug|Mixed Platforms.ActiveCfg = Debug|Any CPU
		{6DBAD298-4C04-4E60-A8AF-CD6EC63549DE}.ClickOnce Debug|Mixed Platforms.Build.0 = Debug|Any CPU
		{6DBAD298-4C04-4E60-A8AF-CD6EC63549DE}.ClickOnce Debug|x86.ActiveCfg = Debug|Any CPU
		{6DBAD298-4C04-4E60-A8AF-CD6EC63549DE}.ClickOnce Release|Any CPU.ActiveCfg = Release|Any CPU
		{6DBAD298-4C04-4E60-A8AF-CD6EC63549DE}.ClickOnce Release|Any CPU.Build.0 = Release|Any CPU
		{6DBAD298-4C04-4E60-A8AF-CD6EC63549DE}.ClickOnce Release|Mixed Platforms.ActiveCfg = Release|Any CPU
		{6DBAD298-4C04-4E60-A8AF-CD6EC63549DE}.ClickOnce Release|Mixed Platforms.Build.0 = Release|Any CPU
		{6DBAD298-4C04-4E60-A8AF-CD6EC63549DE}.ClickOnce Release|x86.ActiveCfg = Release|Any CPU
		{6DBAD298-4C04-4E60-A8AF-CD6EC63549DE}.Debug|Any CPU.ActiveCfg = Debug|Any CPU
		{6DBAD298-4C04-4E60-A8AF-CD6EC63549DE}.Debug|Any CPU.Build.0 = Debug|Any CPU
		{6DBAD298-4C04-4E60-A8AF-CD6EC63549DE}.Debug|Mixed Platforms.ActiveCfg = Debug|Any CPU
		{6DBAD298-4C04-4E60-A8AF-CD6EC63549DE}.Debug|Mixed Platforms.Build.0 = Debug|Any CPU
		{6DBAD298-4C04-4E60-A8AF-CD6EC63549DE}.Debug|x86.ActiveCfg = Debug|Any CPU
		{6DBAD298-4C04-4E60-A8AF-CD6EC63549DE}.Release|Any CPU.ActiveCfg = Release|Any CPU
		{6DBAD298-4C04-4E60-A8AF-CD6EC63549DE}.Release|Any CPU.Build.0 = Release|Any CPU
		{6DBAD298-4C04-4E60-A8AF-CD6EC63549DE}.Release|Mixed Platforms.ActiveCfg = Release|Any CPU
		{6DBAD298-4C04-4E60-A8AF-CD6EC63549DE}.Release|Mixed Platforms.Build.0 = Release|Any CPU
		{6DBAD298-4C04-4E60-A8AF-CD6EC63549DE}.Release|x86.ActiveCfg = Release|Any CPU
		{6DBAD298-4C04-4E60-A8AF-CD6EC63549DE}.XBAP Debug|Any CPU.ActiveCfg = Debug|Any CPU
		{6DBAD298-4C04-4E60-A8AF-CD6EC63549DE}.XBAP Debug|Any CPU.Build.0 = Debug|Any CPU
		{6DBAD298-4C04-4E60-A8AF-CD6EC63549DE}.XBAP Debug|Mixed Platforms.ActiveCfg = Debug|Any CPU
		{6DBAD298-4C04-4E60-A8AF-CD6EC63549DE}.XBAP Debug|Mixed Platforms.Build.0 = Debug|Any CPU
		{6DBAD298-4C04-4E60-A8AF-CD6EC63549DE}.XBAP Debug|x86.ActiveCfg = Debug|Any CPU
		{6DBAD298-4C04-4E60-A8AF-CD6EC63549DE}.XBAP Release|Any CPU.ActiveCfg = Release|Any CPU
		{6DBAD298-4C04-4E60-A8AF-CD6EC63549DE}.XBAP Release|Any CPU.Build.0 = Release|Any CPU
		{6DBAD298-4C04-4E60-A8AF-CD6EC63549DE}.XBAP Release|Mixed Platforms.ActiveCfg = Release|Any CPU
		{6DBAD298-4C04-4E60-A8AF-CD6EC63549DE}.XBAP Release|Mixed Platforms.Build.0 = Release|Any CPU
		{6DBAD298-4C04-4E60-A8AF-CD6EC63549DE}.XBAP Release|x86.ActiveCfg = Release|Any CPU
		{42881BA6-B978-4032-B523-5E8C02A55E9E}.ClickOnce Debug|Any CPU.ActiveCfg = Debug|Any CPU
		{42881BA6-B978-4032-B523-5E8C02A55E9E}.ClickOnce Debug|Any CPU.Build.0 = Debug|Any CPU
		{42881BA6-B978-4032-B523-5E8C02A55E9E}.ClickOnce Debug|Mixed Platforms.ActiveCfg = Debug|Any CPU
		{42881BA6-B978-4032-B523-5E8C02A55E9E}.ClickOnce Debug|Mixed Platforms.Build.0 = Debug|Any CPU
		{42881BA6-B978-4032-B523-5E8C02A55E9E}.ClickOnce Debug|x86.ActiveCfg = Debug|Any CPU
		{42881BA6-B978-4032-B523-5E8C02A55E9E}.ClickOnce Release|Any CPU.ActiveCfg = Release|Any CPU
		{42881BA6-B978-4032-B523-5E8C02A55E9E}.ClickOnce Release|Any CPU.Build.0 = Release|Any CPU
		{42881BA6-B978-4032-B523-5E8C02A55E9E}.ClickOnce Release|Mixed Platforms.ActiveCfg = Release|Any CPU
		{42881BA6-B978-4032-B523-5E8C02A55E9E}.ClickOnce Release|Mixed Platforms.Build.0 = Release|Any CPU
		{42881BA6-B978-4032-B523-5E8C02A55E9E}.ClickOnce Release|x86.ActiveCfg = Release|Any CPU
		{42881BA6-B978-4032-B523-5E8C02A55E9E}.Debug|Any CPU.ActiveCfg = Debug|Any CPU
		{42881BA6-B978-4032-B523-5E8C02A55E9E}.Debug|Any CPU.Build.0 = Debug|Any CPU
		{42881BA6-B978-4032-B523-5E8C02A55E9E}.Debug|Mixed Platforms.ActiveCfg = Debug|Any CPU
		{42881BA6-B978-4032-B523-5E8C02A55E9E}.Debug|Mixed Platforms.Build.0 = Debug|Any CPU
		{42881BA6-B978-4032-B523-5E8C02A55E9E}.Debug|x86.ActiveCfg = Debug|Any CPU
		{42881BA6-B978-4032-B523-5E8C02A55E9E}.Release|Any CPU.ActiveCfg = Release|Any CPU
		{42881BA6-B978-4032-B523-5E8C02A55E9E}.Release|Any CPU.Build.0 = Release|Any CPU
		{42881BA6-B978-4032-B523-5E8C02A55E9E}.Release|Mixed Platforms.ActiveCfg = Release|Any CPU
		{42881BA6-B978-4032-B523-5E8C02A55E9E}.Release|Mixed Platforms.Build.0 = Release|Any CPU
		{42881BA6-B978-4032-B523-5E8C02A55E9E}.Release|x86.ActiveCfg = Release|Any CPU
		{42881BA6-B978-4032-B523-5E8C02A55E9E}.XBAP Debug|Any CPU.ActiveCfg = Debug|Any CPU
		{42881BA6-B978-4032-B523-5E8C02A55E9E}.XBAP Debug|Any CPU.Build.0 = Debug|Any CPU
		{42881BA6-B978-4032-B523-5E8C02A55E9E}.XBAP Debug|Mixed Platforms.ActiveCfg = Debug|Any CPU
		{42881BA6-B978-4032-B523-5E8C02A55E9E}.XBAP Debug|Mixed Platforms.Build.0 = Debug|Any CPU
		{42881BA6-B978-4032-B523-5E8C02A55E9E}.XBAP Debug|x86.ActiveCfg = Debug|Any CPU
		{42881BA6-B978-4032-B523-5E8C02A55E9E}.XBAP Release|Any CPU.ActiveCfg = Release|Any CPU
		{42881BA6-B978-4032-B523-5E8C02A55E9E}.XBAP Release|Any CPU.Build.0 = Release|Any CPU
		{42881BA6-B978-4032-B523-5E8C02A55E9E}.XBAP Release|Mixed Platforms.ActiveCfg = Release|Any CPU
		{42881BA6-B978-4032-B523-5E8C02A55E9E}.XBAP Release|Mixed Platforms.Build.0 = Release|Any CPU
		{42881BA6-B978-4032-B523-5E8C02A55E9E}.XBAP Release|x86.ActiveCfg = Release|Any CPU
		{5678184E-390E-4574-B61B-D82727008E43}.ClickOnce Debug|Any CPU.ActiveCfg = Debug|Any CPU
		{5678184E-390E-4574-B61B-D82727008E43}.ClickOnce Debug|Any CPU.Build.0 = Debug|Any CPU
		{5678184E-390E-4574-B61B-D82727008E43}.ClickOnce Debug|Mixed Platforms.ActiveCfg = Debug|Any CPU
		{5678184E-390E-4574-B61B-D82727008E43}.ClickOnce Debug|Mixed Platforms.Build.0 = Debug|Any CPU
		{5678184E-390E-4574-B61B-D82727008E43}.ClickOnce Debug|x86.ActiveCfg = Debug|Any CPU
		{5678184E-390E-4574-B61B-D82727008E43}.ClickOnce Release|Any CPU.ActiveCfg = Release|Any CPU
		{5678184E-390E-4574-B61B-D82727008E43}.ClickOnce Release|Any CPU.Build.0 = Release|Any CPU
		{5678184E-390E-4574-B61B-D82727008E43}.ClickOnce Release|Mixed Platforms.ActiveCfg = Release|Any CPU
		{5678184E-390E-4574-B61B-D82727008E43}.ClickOnce Release|Mixed Platforms.Build.0 = Release|Any CPU
		{5678184E-390E-4574-B61B-D82727008E43}.ClickOnce Release|x86.ActiveCfg = Release|Any CPU
		{5678184E-390E-4574-B61B-D82727008E43}.Debug|Any CPU.ActiveCfg = Debug|Any CPU
		{5678184E-390E-4574-B61B-D82727008E43}.Debug|Any CPU.Build.0 = Debug|Any CPU
		{5678184E-390E-4574-B61B-D82727008E43}.Debug|Mixed Platforms.ActiveCfg = Debug|Any CPU
		{5678184E-390E-4574-B61B-D82727008E43}.Debug|Mixed Platforms.Build.0 = Debug|Any CPU
		{5678184E-390E-4574-B61B-D82727008E43}.Debug|x86.ActiveCfg = Debug|Any CPU
		{5678184E-390E-4574-B61B-D82727008E43}.Release|Any CPU.ActiveCfg = Release|Any CPU
		{5678184E-390E-4574-B61B-D82727008E43}.Release|Any CPU.Build.0 = Release|Any CPU
		{5678184E-390E-4574-B61B-D82727008E43}.Release|Mixed Platforms.ActiveCfg = Release|Any CPU
		{5678184E-390E-4574-B61B-D82727008E43}.Release|Mixed Platforms.Build.0 = Release|Any CPU
		{5678184E-390E-4574-B61B-D82727008E43}.Release|x86.ActiveCfg = Release|Any CPU
		{5678184E-390E-4574-B61B-D82727008E43}.XBAP Debug|Any CPU.ActiveCfg = Debug|Any CPU
		{5678184E-390E-4574-B61B-D82727008E43}.XBAP Debug|Any CPU.Build.0 = Debug|Any CPU
		{5678184E-390E-4574-B61B-D82727008E43}.XBAP Debug|Mixed Platforms.ActiveCfg = Debug|Any CPU
		{5678184E-390E-4574-B61B-D82727008E43}.XBAP Debug|Mixed Platforms.Build.0 = Debug|Any CPU
		{5678184E-390E-4574-B61B-D82727008E43}.XBAP Debug|x86.ActiveCfg = Debug|Any CPU
		{5678184E-390E-4574-B61B-D82727008E43}.XBAP Release|Any CPU.ActiveCfg = Release|Any CPU
		{5678184E-390E-4574-B61B-D82727008E43}.XBAP Release|Any CPU.Build.0 = Release|Any CPU
		{5678184E-390E-4574-B61B-D82727008E43}.XBAP Release|Mixed Platforms.ActiveCfg = Release|Any CPU
		{5678184E-390E-4574-B61B-D82727008E43}.XBAP Release|Mixed Platforms.Build.0 = Release|Any CPU
		{5678184E-390E-4574-B61B-D82727008E43}.XBAP Release|x86.ActiveCfg = Release|Any CPU
		{2B1E4372-F6D6-4E9B-A7BD-887B10A86CF2}.ClickOnce Debug|Any CPU.ActiveCfg = Debug|Any CPU
		{2B1E4372-F6D6-4E9B-A7BD-887B10A86CF2}.ClickOnce Debug|Any CPU.Build.0 = Debug|Any CPU
		{2B1E4372-F6D6-4E9B-A7BD-887B10A86CF2}.ClickOnce Debug|Mixed Platforms.ActiveCfg = Debug|Any CPU
		{2B1E4372-F6D6-4E9B-A7BD-887B10A86CF2}.ClickOnce Debug|Mixed Platforms.Build.0 = Debug|Any CPU
		{2B1E4372-F6D6-4E9B-A7BD-887B10A86CF2}.ClickOnce Debug|x86.ActiveCfg = Debug|Any CPU
		{2B1E4372-F6D6-4E9B-A7BD-887B10A86CF2}.ClickOnce Release|Any CPU.ActiveCfg = Release|Any CPU
		{2B1E4372-F6D6-4E9B-A7BD-887B10A86CF2}.ClickOnce Release|Any CPU.Build.0 = Release|Any CPU
		{2B1E4372-F6D6-4E9B-A7BD-887B10A86CF2}.ClickOnce Release|Mixed Platforms.ActiveCfg = Release|Any CPU
		{2B1E4372-F6D6-4E9B-A7BD-887B10A86CF2}.ClickOnce Release|Mixed Platforms.Build.0 = Release|Any CPU
		{2B1E4372-F6D6-4E9B-A7BD-887B10A86CF2}.ClickOnce Release|x86.ActiveCfg = Release|Any CPU
		{2B1E4372-F6D6-4E9B-A7BD-887B10A86CF2}.Debug|Any CPU.ActiveCfg = Debug|Any CPU
		{2B1E4372-F6D6-4E9B-A7BD-887B10A86CF2}.Debug|Any CPU.Build.0 = Debug|Any CPU
		{2B1E4372-F6D6-4E9B-A7BD-887B10A86CF2}.Debug|Mixed Platforms.ActiveCfg = Debug|Any CPU
		{2B1E4372-F6D6-4E9B-A7BD-887B10A86CF2}.Debug|Mixed Platforms.Build.0 = Debug|Any CPU
		{2B1E4372-F6D6-4E9B-A7BD-887B10A86CF2}.Debug|x86.ActiveCfg = Debug|Any CPU
		{2B1E4372-F6D6-4E9B-A7BD-887B10A86CF2}.Release|Any CPU.ActiveCfg = Release|Any CPU
		{2B1E4372-F6D6-4E9B-A7BD-887B10A86CF2}.Release|Any CPU.Build.0 = Release|Any CPU
		{2B1E4372-F6D6-4E9B-A7BD-887B10A86CF2}.Release|Mixed Platforms.ActiveCfg = Release|Any CPU
		{2B1E4372-F6D6-4E9B-A7BD-887B10A86CF2}.Release|Mixed Platforms.Build.0 = Release|Any CPU
		{2B1E4372-F6D6-4E9B-A7BD-887B10A86CF2}.Release|x86.ActiveCfg = Release|Any CPU
		{2B1E4372-F6D6-4E9B-A7BD-887B10A86CF2}.XBAP Debug|Any CPU.ActiveCfg = Debug|Any CPU
		{2B1E4372-F6D6-4E9B-A7BD-887B10A86CF2}.XBAP Debug|Any CPU.Build.0 = Debug|Any CPU
		{2B1E4372-F6D6-4E9B-A7BD-887B10A86CF2}.XBAP Debug|Mixed Platforms.ActiveCfg = Debug|Any CPU
		{2B1E4372-F6D6-4E9B-A7BD-887B10A86CF2}.XBAP Debug|Mixed Platforms.Build.0 = Debug|Any CPU
		{2B1E4372-F6D6-4E9B-A7BD-887B10A86CF2}.XBAP Debug|x86.ActiveCfg = Debug|Any CPU
		{2B1E4372-F6D6-4E9B-A7BD-887B10A86CF2}.XBAP Release|Any CPU.ActiveCfg = Release|Any CPU
		{2B1E4372-F6D6-4E9B-A7BD-887B10A86CF2}.XBAP Release|Any CPU.Build.0 = Release|Any CPU
		{2B1E4372-F6D6-4E9B-A7BD-887B10A86CF2}.XBAP Release|Mixed Platforms.ActiveCfg = Release|Any CPU
		{2B1E4372-F6D6-4E9B-A7BD-887B10A86CF2}.XBAP Release|Mixed Platforms.Build.0 = Release|Any CPU
		{2B1E4372-F6D6-4E9B-A7BD-887B10A86CF2}.XBAP Release|x86.ActiveCfg = Release|Any CPU
		{99248957-1268-4796-AABE-2B8513A33C21}.ClickOnce Debug|Any CPU.ActiveCfg = Debug|Any CPU
		{99248957-1268-4796-AABE-2B8513A33C21}.ClickOnce Debug|Any CPU.Build.0 = Debug|Any CPU
		{99248957-1268-4796-AABE-2B8513A33C21}.ClickOnce Debug|Mixed Platforms.ActiveCfg = Debug|Any CPU
		{99248957-1268-4796-AABE-2B8513A33C21}.ClickOnce Debug|Mixed Platforms.Build.0 = Debug|Any CPU
		{99248957-1268-4796-AABE-2B8513A33C21}.ClickOnce Debug|x86.ActiveCfg = Debug|Any CPU
		{99248957-1268-4796-AABE-2B8513A33C21}.ClickOnce Release|Any CPU.ActiveCfg = Release|Any CPU
		{99248957-1268-4796-AABE-2B8513A33C21}.ClickOnce Release|Any CPU.Build.0 = Release|Any CPU
		{99248957-1268-4796-AABE-2B8513A33C21}.ClickOnce Release|Mixed Platforms.ActiveCfg = Release|Any CPU
		{99248957-1268-4796-AABE-2B8513A33C21}.ClickOnce Release|Mixed Platforms.Build.0 = Release|Any CPU
		{99248957-1268-4796-AABE-2B8513A33C21}.ClickOnce Release|x86.ActiveCfg = Release|Any CPU
		{99248957-1268-4796-AABE-2B8513A33C21}.Debug|Any CPU.ActiveCfg = Debug|Any CPU
		{99248957-1268-4796-AABE-2B8513A33C21}.Debug|Any CPU.Build.0 = Debug|Any CPU
		{99248957-1268-4796-AABE-2B8513A33C21}.Debug|Mixed Platforms.ActiveCfg = Debug|Any CPU
		{99248957-1268-4796-AABE-2B8513A33C21}.Debug|Mixed Platforms.Build.0 = Debug|Any CPU
		{99248957-1268-4796-AABE-2B8513A33C21}.Debug|x86.ActiveCfg = Debug|Any CPU
		{99248957-1268-4796-AABE-2B8513A33C21}.Release|Any CPU.ActiveCfg = Release|Any CPU
		{99248957-1268-4796-AABE-2B8513A33C21}.Release|Any CPU.Build.0 = Release|Any CPU
		{99248957-1268-4796-AABE-2B8513A33C21}.Release|Mixed Platforms.ActiveCfg = Release|Any CPU
		{99248957-1268-4796-AABE-2B8513A33C21}.Release|Mixed Platforms.Build.0 = Release|Any CPU
		{99248957-1268-4796-AABE-2B8513A33C21}.Release|x86.ActiveCfg = Release|Any CPU
		{99248957-1268-4796-AABE-2B8513A33C21}.XBAP Debug|Any CPU.ActiveCfg = Debug|Any CPU
		{99248957-1268-4796-AABE-2B8513A33C21}.XBAP Debug|Any CPU.Build.0 = Debug|Any CPU
		{99248957-1268-4796-AABE-2B8513A33C21}.XBAP Debug|Mixed Platforms.ActiveCfg = Debug|Any CPU
		{99248957-1268-4796-AABE-2B8513A33C21}.XBAP Debug|Mixed Platforms.Build.0 = Debug|Any CPU
		{99248957-1268-4796-AABE-2B8513A33C21}.XBAP Debug|x86.ActiveCfg = Debug|Any CPU
		{99248957-1268-4796-AABE-2B8513A33C21}.XBAP Release|Any CPU.ActiveCfg = Release|Any CPU
		{99248957-1268-4796-AABE-2B8513A33C21}.XBAP Release|Any CPU.Build.0 = Release|Any CPU
		{99248957-1268-4796-AABE-2B8513A33C21}.XBAP Release|Mixed Platforms.ActiveCfg = Release|Any CPU
		{99248957-1268-4796-AABE-2B8513A33C21}.XBAP Release|Mixed Platforms.Build.0 = Release|Any CPU
		{99248957-1268-4796-AABE-2B8513A33C21}.XBAP Release|x86.ActiveCfg = Release|Any CPU
		{BAD4ECE6-3CDF-4938-BF31-EF41BCC1294A}.ClickOnce Debug|Any CPU.ActiveCfg = Debug|Any CPU
		{BAD4ECE6-3CDF-4938-BF31-EF41BCC1294A}.ClickOnce Debug|Any CPU.Build.0 = Debug|Any CPU
		{BAD4ECE6-3CDF-4938-BF31-EF41BCC1294A}.ClickOnce Debug|Mixed Platforms.ActiveCfg = Debug|Any CPU
		{BAD4ECE6-3CDF-4938-BF31-EF41BCC1294A}.ClickOnce Debug|Mixed Platforms.Build.0 = Debug|Any CPU
		{BAD4ECE6-3CDF-4938-BF31-EF41BCC1294A}.ClickOnce Debug|x86.ActiveCfg = Debug|Any CPU
		{BAD4ECE6-3CDF-4938-BF31-EF41BCC1294A}.ClickOnce Release|Any CPU.ActiveCfg = Release|Any CPU
		{BAD4ECE6-3CDF-4938-BF31-EF41BCC1294A}.ClickOnce Release|Any CPU.Build.0 = Release|Any CPU
		{BAD4ECE6-3CDF-4938-BF31-EF41BCC1294A}.ClickOnce Release|Mixed Platforms.ActiveCfg = Release|Any CPU
		{BAD4ECE6-3CDF-4938-BF31-EF41BCC1294A}.ClickOnce Release|Mixed Platforms.Build.0 = Release|Any CPU
		{BAD4ECE6-3CDF-4938-BF31-EF41BCC1294A}.ClickOnce Release|x86.ActiveCfg = Release|Any CPU
		{BAD4ECE6-3CDF-4938-BF31-EF41BCC1294A}.Debug|Any CPU.ActiveCfg = Debug|Any CPU
		{BAD4ECE6-3CDF-4938-BF31-EF41BCC1294A}.Debug|Any CPU.Build.0 = Debug|Any CPU
		{BAD4ECE6-3CDF-4938-BF31-EF41BCC1294A}.Debug|Mixed Platforms.ActiveCfg = Debug|Any CPU
		{BAD4ECE6-3CDF-4938-BF31-EF41BCC1294A}.Debug|Mixed Platforms.Build.0 = Debug|Any CPU
		{BAD4ECE6-3CDF-4938-BF31-EF41BCC1294A}.Debug|x86.ActiveCfg = Debug|Any CPU
		{BAD4ECE6-3CDF-4938-BF31-EF41BCC1294A}.Release|Any CPU.ActiveCfg = Release|Any CPU
		{BAD4ECE6-3CDF-4938-BF31-EF41BCC1294A}.Release|Any CPU.Build.0 = Release|Any CPU
		{BAD4ECE6-3CDF-4938-BF31-EF41BCC1294A}.Release|Mixed Platforms.ActiveCfg = Release|Any CPU
		{BAD4ECE6-3CDF-4938-BF31-EF41BCC1294A}.Release|Mixed Platforms.Build.0 = Release|Any CPU
		{BAD4ECE6-3CDF-4938-BF31-EF41BCC1294A}.Release|x86.ActiveCfg = Release|Any CPU
		{BAD4ECE6-3CDF-4938-BF31-EF41BCC1294A}.XBAP Debug|Any CPU.ActiveCfg = Debug|Any CPU
		{BAD4ECE6-3CDF-4938-BF31-EF41BCC1294A}.XBAP Debug|Any CPU.Build.0 = Debug|Any CPU
		{BAD4ECE6-3CDF-4938-BF31-EF41BCC1294A}.XBAP Debug|Mixed Platforms.ActiveCfg = Debug|Any CPU
		{BAD4ECE6-3CDF-4938-BF31-EF41BCC1294A}.XBAP Debug|Mixed Platforms.Build.0 = Debug|Any CPU
		{BAD4ECE6-3CDF-4938-BF31-EF41BCC1294A}.XBAP Debug|x86.ActiveCfg = Debug|Any CPU
		{BAD4ECE6-3CDF-4938-BF31-EF41BCC1294A}.XBAP Release|Any CPU.ActiveCfg = Release|Any CPU
		{BAD4ECE6-3CDF-4938-BF31-EF41BCC1294A}.XBAP Release|Any CPU.Build.0 = Release|Any CPU
		{BAD4ECE6-3CDF-4938-BF31-EF41BCC1294A}.XBAP Release|Mixed Platforms.ActiveCfg = Release|Any CPU
		{BAD4ECE6-3CDF-4938-BF31-EF41BCC1294A}.XBAP Release|Mixed Platforms.Build.0 = Release|Any CPU
		{BAD4ECE6-3CDF-4938-BF31-EF41BCC1294A}.XBAP Release|x86.ActiveCfg = Release|Any CPU
		{3C57C969-657A-45B1-9C90-917950B46FF7}.ClickOnce Debug|Any CPU.ActiveCfg = Debug|x86
		{3C57C969-657A-45B1-9C90-917950B46FF7}.ClickOnce Debug|Mixed Platforms.ActiveCfg = Debug|x86
		{3C57C969-657A-45B1-9C90-917950B46FF7}.ClickOnce Debug|Mixed Platforms.Build.0 = Debug|x86
		{3C57C969-657A-45B1-9C90-917950B46FF7}.ClickOnce Debug|x86.ActiveCfg = Debug|x86
		{3C57C969-657A-45B1-9C90-917950B46FF7}.ClickOnce Debug|x86.Build.0 = Debug|x86
		{3C57C969-657A-45B1-9C90-917950B46FF7}.ClickOnce Release|Any CPU.ActiveCfg = Release|x86
		{3C57C969-657A-45B1-9C90-917950B46FF7}.ClickOnce Release|Mixed Platforms.ActiveCfg = Release|x86
		{3C57C969-657A-45B1-9C90-917950B46FF7}.ClickOnce Release|Mixed Platforms.Build.0 = Release|x86
		{3C57C969-657A-45B1-9C90-917950B46FF7}.ClickOnce Release|x86.ActiveCfg = Release|x86
		{3C57C969-657A-45B1-9C90-917950B46FF7}.ClickOnce Release|x86.Build.0 = Release|x86
		{3C57C969-657A-45B1-9C90-917950B46FF7}.Debug|Any CPU.ActiveCfg = Debug|x86
		{3C57C969-657A-45B1-9C90-917950B46FF7}.Debug|Mixed Platforms.ActiveCfg = Debug|x86
		{3C57C969-657A-45B1-9C90-917950B46FF7}.Debug|Mixed Platforms.Build.0 = Debug|x86
		{3C57C969-657A-45B1-9C90-917950B46FF7}.Debug|x86.ActiveCfg = Debug|x86
		{3C57C969-657A-45B1-9C90-917950B46FF7}.Debug|x86.Build.0 = Debug|x86
		{3C57C969-657A-45B1-9C90-917950B46FF7}.Release|Any CPU.ActiveCfg = Release|x86
		{3C57C969-657A-45B1-9C90-917950B46FF7}.Release|Mixed Platforms.ActiveCfg = Release|x86
		{3C57C969-657A-45B1-9C90-917950B46FF7}.Release|Mixed Platforms.Build.0 = Release|x86
		{3C57C969-657A-45B1-9C90-917950B46FF7}.Release|x86.ActiveCfg = Release|x86
		{3C57C969-657A-45B1-9C90-917950B46FF7}.Release|x86.Build.0 = Release|x86
		{3C57C969-657A-45B1-9C90-917950B46FF7}.XBAP Debug|Any CPU.ActiveCfg = Debug|x86
		{3C57C969-657A-45B1-9C90-917950B46FF7}.XBAP Debug|Mixed Platforms.ActiveCfg = Debug|x86
		{3C57C969-657A-45B1-9C90-917950B46FF7}.XBAP Debug|Mixed Platforms.Build.0 = Debug|x86
		{3C57C969-657A-45B1-9C90-917950B46FF7}.XBAP Debug|x86.ActiveCfg = Debug|x86
		{3C57C969-657A-45B1-9C90-917950B46FF7}.XBAP Debug|x86.Build.0 = Debug|x86
		{3C57C969-657A-45B1-9C90-917950B46FF7}.XBAP Release|Any CPU.ActiveCfg = Release|x86
		{3C57C969-657A-45B1-9C90-917950B46FF7}.XBAP Release|Mixed Platforms.ActiveCfg = Release|x86
		{3C57C969-657A-45B1-9C90-917950B46FF7}.XBAP Release|Mixed Platforms.Build.0 = Release|x86
		{3C57C969-657A-45B1-9C90-917950B46FF7}.XBAP Release|x86.ActiveCfg = Release|x86
		{3C57C969-657A-45B1-9C90-917950B46FF7}.XBAP Release|x86.Build.0 = Release|x86
		{18349565-BC19-4A95-A823-332C9C2669B6}.ClickOnce Debug|Any CPU.ActiveCfg = Debug|Any CPU
		{18349565-BC19-4A95-A823-332C9C2669B6}.ClickOnce Debug|Any CPU.Build.0 = Debug|Any CPU
		{18349565-BC19-4A95-A823-332C9C2669B6}.ClickOnce Debug|Mixed Platforms.ActiveCfg = Debug|Any CPU
		{18349565-BC19-4A95-A823-332C9C2669B6}.ClickOnce Debug|Mixed Platforms.Build.0 = Debug|Any CPU
		{18349565-BC19-4A95-A823-332C9C2669B6}.ClickOnce Debug|x86.ActiveCfg = Debug|Any CPU
		{18349565-BC19-4A95-A823-332C9C2669B6}.ClickOnce Release|Any CPU.ActiveCfg = Release|Any CPU
		{18349565-BC19-4A95-A823-332C9C2669B6}.ClickOnce Release|Any CPU.Build.0 = Release|Any CPU
		{18349565-BC19-4A95-A823-332C9C2669B6}.ClickOnce Release|Mixed Platforms.ActiveCfg = Release|Any CPU
		{18349565-BC19-4A95-A823-332C9C2669B6}.ClickOnce Release|Mixed Platforms.Build.0 = Release|Any CPU
		{18349565-BC19-4A95-A823-332C9C2669B6}.ClickOnce Release|x86.ActiveCfg = Release|Any CPU
		{18349565-BC19-4A95-A823-332C9C2669B6}.Debug|Any CPU.ActiveCfg = Debug|Any CPU
		{18349565-BC19-4A95-A823-332C9C2669B6}.Debug|Any CPU.Build.0 = Debug|Any CPU
		{18349565-BC19-4A95-A823-332C9C2669B6}.Debug|Mixed Platforms.ActiveCfg = Debug|Any CPU
		{18349565-BC19-4A95-A823-332C9C2669B6}.Debug|Mixed Platforms.Build.0 = Debug|Any CPU
		{18349565-BC19-4A95-A823-332C9C2669B6}.Debug|x86.ActiveCfg = Debug|Any CPU
		{18349565-BC19-4A95-A823-332C9C2669B6}.Release|Any CPU.ActiveCfg = Release|Any CPU
		{18349565-BC19-4A95-A823-332C9C2669B6}.Release|Any CPU.Build.0 = Release|Any CPU
		{18349565-BC19-4A95-A823-332C9C2669B6}.Release|Mixed Platforms.ActiveCfg = Release|Any CPU
		{18349565-BC19-4A95-A823-332C9C2669B6}.Release|Mixed Platforms.Build.0 = Release|Any CPU
		{18349565-BC19-4A95-A823-332C9C2669B6}.Release|x86.ActiveCfg = Release|Any CPU
		{18349565-BC19-4A95-A823-332C9C2669B6}.XBAP Debug|Any CPU.ActiveCfg = Debug|Any CPU
		{18349565-BC19-4A95-A823-332C9C2669B6}.XBAP Debug|Any CPU.Build.0 = Debug|Any CPU
		{18349565-BC19-4A95-A823-332C9C2669B6}.XBAP Debug|Mixed Platforms.ActiveCfg = Debug|Any CPU
		{18349565-BC19-4A95-A823-332C9C2669B6}.XBAP Debug|Mixed Platforms.Build.0 = Debug|Any CPU
		{18349565-BC19-4A95-A823-332C9C2669B6}.XBAP Debug|x86.ActiveCfg = Debug|Any CPU
		{18349565-BC19-4A95-A823-332C9C2669B6}.XBAP Release|Any CPU.ActiveCfg = Release|Any CPU
		{18349565-BC19-4A95-A823-332C9C2669B6}.XBAP Release|Any CPU.Build.0 = Release|Any CPU
		{18349565-BC19-4A95-A823-332C9C2669B6}.XBAP Release|Mixed Platforms.ActiveCfg = Release|Any CPU
		{18349565-BC19-4A95-A823-332C9C2669B6}.XBAP Release|Mixed Platforms.Build.0 = Release|Any CPU
		{18349565-BC19-4A95-A823-332C9C2669B6}.XBAP Release|x86.ActiveCfg = Release|Any CPU
		{57556F3B-6E17-431C-9C48-5ABA8E4F6136}.ClickOnce Debug|Any CPU.ActiveCfg = Debug|Any CPU
		{57556F3B-6E17-431C-9C48-5ABA8E4F6136}.ClickOnce Debug|Any CPU.Build.0 = Debug|Any CPU
		{57556F3B-6E17-431C-9C48-5ABA8E4F6136}.ClickOnce Debug|Mixed Platforms.ActiveCfg = Debug|Any CPU
		{57556F3B-6E17-431C-9C48-5ABA8E4F6136}.ClickOnce Debug|Mixed Platforms.Build.0 = Debug|Any CPU
		{57556F3B-6E17-431C-9C48-5ABA8E4F6136}.ClickOnce Debug|x86.ActiveCfg = Debug|Any CPU
		{57556F3B-6E17-431C-9C48-5ABA8E4F6136}.ClickOnce Release|Any CPU.ActiveCfg = Release|Any CPU
		{57556F3B-6E17-431C-9C48-5ABA8E4F6136}.ClickOnce Release|Any CPU.Build.0 = Release|Any CPU
		{57556F3B-6E17-431C-9C48-5ABA8E4F6136}.ClickOnce Release|Mixed Platforms.ActiveCfg = Release|Any CPU
		{57556F3B-6E17-431C-9C48-5ABA8E4F6136}.ClickOnce Release|Mixed Platforms.Build.0 = Release|Any CPU
		{57556F3B-6E17-431C-9C48-5ABA8E4F6136}.ClickOnce Release|x86.ActiveCfg = Release|Any CPU
		{57556F3B-6E17-431C-9C48-5ABA8E4F6136}.Debug|Any CPU.ActiveCfg = Debug|Any CPU
		{57556F3B-6E17-431C-9C48-5ABA8E4F6136}.Debug|Any CPU.Build.0 = Debug|Any CPU
		{57556F3B-6E17-431C-9C48-5ABA8E4F6136}.Debug|Mixed Platforms.ActiveCfg = Debug|Any CPU
		{57556F3B-6E17-431C-9C48-5ABA8E4F6136}.Debug|Mixed Platforms.Build.0 = Debug|Any CPU
		{57556F3B-6E17-431C-9C48-5ABA8E4F6136}.Debug|x86.ActiveCfg = Debug|Any CPU
		{57556F3B-6E17-431C-9C48-5ABA8E4F6136}.Release|Any CPU.ActiveCfg = Release|Any CPU
		{57556F3B-6E17-431C-9C48-5ABA8E4F6136}.Release|Any CPU.Build.0 = Release|Any CPU
		{57556F3B-6E17-431C-9C48-5ABA8E4F6136}.Release|Mixed Platforms.ActiveCfg = Release|Any CPU
		{57556F3B-6E17-431C-9C48-5ABA8E4F6136}.Release|Mixed Platforms.Build.0 = Release|Any CPU
		{57556F3B-6E17-431C-9C48-5ABA8E4F6136}.Release|x86.ActiveCfg = Release|Any CPU
		{57556F3B-6E17-431C-9C48-5ABA8E4F6136}.XBAP Debug|Any CPU.ActiveCfg = Debug|Any CPU
		{57556F3B-6E17-431C-9C48-5ABA8E4F6136}.XBAP Debug|Any CPU.Build.0 = Debug|Any CPU
		{57556F3B-6E17-431C-9C48-5ABA8E4F6136}.XBAP Debug|Mixed Platforms.ActiveCfg = Debug|Any CPU
		{57556F3B-6E17-431C-9C48-5ABA8E4F6136}.XBAP Debug|Mixed Platforms.Build.0 = Debug|Any CPU
		{57556F3B-6E17-431C-9C48-5ABA8E4F6136}.XBAP Debug|x86.ActiveCfg = Debug|Any CPU
		{57556F3B-6E17-431C-9C48-5ABA8E4F6136}.XBAP Release|Any CPU.ActiveCfg = Release|Any CPU
		{57556F3B-6E17-431C-9C48-5ABA8E4F6136}.XBAP Release|Any CPU.Build.0 = Release|Any CPU
		{57556F3B-6E17-431C-9C48-5ABA8E4F6136}.XBAP Release|Mixed Platforms.ActiveCfg = Release|Any CPU
		{57556F3B-6E17-431C-9C48-5ABA8E4F6136}.XBAP Release|Mixed Platforms.Build.0 = Release|Any CPU
		{57556F3B-6E17-431C-9C48-5ABA8E4F6136}.XBAP Release|x86.ActiveCfg = Release|Any CPU
		{9C42F3DB-5F21-44F6-8740-7AA1F21AEB23}.ClickOnce Debug|Any CPU.ActiveCfg = Debug|x86
		{9C42F3DB-5F21-44F6-8740-7AA1F21AEB23}.ClickOnce Debug|Mixed Platforms.ActiveCfg = Debug|x86
		{9C42F3DB-5F21-44F6-8740-7AA1F21AEB23}.ClickOnce Debug|Mixed Platforms.Build.0 = Debug|x86
		{9C42F3DB-5F21-44F6-8740-7AA1F21AEB23}.ClickOnce Debug|x86.ActiveCfg = Debug|x86
		{9C42F3DB-5F21-44F6-8740-7AA1F21AEB23}.ClickOnce Debug|x86.Build.0 = Debug|x86
		{9C42F3DB-5F21-44F6-8740-7AA1F21AEB23}.ClickOnce Release|Any CPU.ActiveCfg = Release|x86
		{9C42F3DB-5F21-44F6-8740-7AA1F21AEB23}.ClickOnce Release|Mixed Platforms.ActiveCfg = Release|x86
		{9C42F3DB-5F21-44F6-8740-7AA1F21AEB23}.ClickOnce Release|Mixed Platforms.Build.0 = Release|x86
		{9C42F3DB-5F21-44F6-8740-7AA1F21AEB23}.ClickOnce Release|x86.ActiveCfg = Release|x86
		{9C42F3DB-5F21-44F6-8740-7AA1F21AEB23}.ClickOnce Release|x86.Build.0 = Release|x86
		{9C42F3DB-5F21-44F6-8740-7AA1F21AEB23}.Debug|Any CPU.ActiveCfg = Debug|x86
		{9C42F3DB-5F21-44F6-8740-7AA1F21AEB23}.Debug|Mixed Platforms.ActiveCfg = Debug|x86
		{9C42F3DB-5F21-44F6-8740-7AA1F21AEB23}.Debug|Mixed Platforms.Build.0 = Debug|x86
		{9C42F3DB-5F21-44F6-8740-7AA1F21AEB23}.Debug|x86.ActiveCfg = Debug|x86
		{9C42F3DB-5F21-44F6-8740-7AA1F21AEB23}.Debug|x86.Build.0 = Debug|x86
		{9C42F3DB-5F21-44F6-8740-7AA1F21AEB23}.Release|Any CPU.ActiveCfg = Release|x86
		{9C42F3DB-5F21-44F6-8740-7AA1F21AEB23}.Release|Mixed Platforms.ActiveCfg = Release|x86
		{9C42F3DB-5F21-44F6-8740-7AA1F21AEB23}.Release|Mixed Platforms.Build.0 = Release|x86
		{9C42F3DB-5F21-44F6-8740-7AA1F21AEB23}.Release|x86.ActiveCfg = Release|x86
		{9C42F3DB-5F21-44F6-8740-7AA1F21AEB23}.Release|x86.Build.0 = Release|x86
		{9C42F3DB-5F21-44F6-8740-7AA1F21AEB23}.XBAP Debug|Any CPU.ActiveCfg = Debug|x86
		{9C42F3DB-5F21-44F6-8740-7AA1F21AEB23}.XBAP Debug|Mixed Platforms.ActiveCfg = Debug|x86
		{9C42F3DB-5F21-44F6-8740-7AA1F21AEB23}.XBAP Debug|Mixed Platforms.Build.0 = Debug|x86
		{9C42F3DB-5F21-44F6-8740-7AA1F21AEB23}.XBAP Debug|x86.ActiveCfg = Debug|x86
		{9C42F3DB-5F21-44F6-8740-7AA1F21AEB23}.XBAP Debug|x86.Build.0 = Debug|x86
		{9C42F3DB-5F21-44F6-8740-7AA1F21AEB23}.XBAP Release|Any CPU.ActiveCfg = Release|x86
		{9C42F3DB-5F21-44F6-8740-7AA1F21AEB23}.XBAP Release|Mixed Platforms.ActiveCfg = Release|x86
		{9C42F3DB-5F21-44F6-8740-7AA1F21AEB23}.XBAP Release|Mixed Platforms.Build.0 = Release|x86
		{9C42F3DB-5F21-44F6-8740-7AA1F21AEB23}.XBAP Release|x86.ActiveCfg = Release|x86
		{9C42F3DB-5F21-44F6-8740-7AA1F21AEB23}.XBAP Release|x86.Build.0 = Release|x86
		{DA0D8ABD-6607-4FEA-AFCF-749CC790DF1D}.ClickOnce Debug|Any CPU.ActiveCfg = Debug|Any CPU
		{DA0D8ABD-6607-4FEA-AFCF-749CC790DF1D}.ClickOnce Debug|Any CPU.Build.0 = Debug|Any CPU
		{DA0D8ABD-6607-4FEA-AFCF-749CC790DF1D}.ClickOnce Debug|Mixed Platforms.ActiveCfg = Debug|Any CPU
		{DA0D8ABD-6607-4FEA-AFCF-749CC790DF1D}.ClickOnce Debug|Mixed Platforms.Build.0 = Debug|Any CPU
		{DA0D8ABD-6607-4FEA-AFCF-749CC790DF1D}.ClickOnce Debug|x86.ActiveCfg = Debug|Any CPU
		{DA0D8ABD-6607-4FEA-AFCF-749CC790DF1D}.ClickOnce Release|Any CPU.ActiveCfg = Release|Any CPU
		{DA0D8ABD-6607-4FEA-AFCF-749CC790DF1D}.ClickOnce Release|Any CPU.Build.0 = Release|Any CPU
		{DA0D8ABD-6607-4FEA-AFCF-749CC790DF1D}.ClickOnce Release|Mixed Platforms.ActiveCfg = Release|Any CPU
		{DA0D8ABD-6607-4FEA-AFCF-749CC790DF1D}.ClickOnce Release|Mixed Platforms.Build.0 = Release|Any CPU
		{DA0D8ABD-6607-4FEA-AFCF-749CC790DF1D}.ClickOnce Release|x86.ActiveCfg = Release|Any CPU
		{DA0D8ABD-6607-4FEA-AFCF-749CC790DF1D}.Debug|Any CPU.ActiveCfg = Debug|Any CPU
		{DA0D8ABD-6607-4FEA-AFCF-749CC790DF1D}.Debug|Any CPU.Build.0 = Debug|Any CPU
		{DA0D8ABD-6607-4FEA-AFCF-749CC790DF1D}.Debug|Mixed Platforms.ActiveCfg = Debug|Any CPU
		{DA0D8ABD-6607-4FEA-AFCF-749CC790DF1D}.Debug|Mixed Platforms.Build.0 = Debug|Any CPU
		{DA0D8ABD-6607-4FEA-AFCF-749CC790DF1D}.Debug|x86.ActiveCfg = Debug|Any CPU
		{DA0D8ABD-6607-4FEA-AFCF-749CC790DF1D}.Release|Any CPU.ActiveCfg = Release|Any CPU
		{DA0D8ABD-6607-4FEA-AFCF-749CC790DF1D}.Release|Any CPU.Build.0 = Release|Any CPU
		{DA0D8ABD-6607-4FEA-AFCF-749CC790DF1D}.Release|Mixed Platforms.ActiveCfg = Release|Any CPU
		{DA0D8ABD-6607-4FEA-AFCF-749CC790DF1D}.Release|Mixed Platforms.Build.0 = Release|Any CPU
		{DA0D8ABD-6607-4FEA-AFCF-749CC790DF1D}.Release|x86.ActiveCfg = Release|Any CPU
		{DA0D8ABD-6607-4FEA-AFCF-749CC790DF1D}.XBAP Debug|Any CPU.ActiveCfg = Debug|Any CPU
		{DA0D8ABD-6607-4FEA-AFCF-749CC790DF1D}.XBAP Debug|Any CPU.Build.0 = Debug|Any CPU
		{DA0D8ABD-6607-4FEA-AFCF-749CC790DF1D}.XBAP Debug|Mixed Platforms.ActiveCfg = Debug|Any CPU
		{DA0D8ABD-6607-4FEA-AFCF-749CC790DF1D}.XBAP Debug|Mixed Platforms.Build.0 = Debug|Any CPU
		{DA0D8ABD-6607-4FEA-AFCF-749CC790DF1D}.XBAP Debug|x86.ActiveCfg = Debug|Any CPU
		{DA0D8ABD-6607-4FEA-AFCF-749CC790DF1D}.XBAP Release|Any CPU.ActiveCfg = Release|Any CPU
		{DA0D8ABD-6607-4FEA-AFCF-749CC790DF1D}.XBAP Release|Any CPU.Build.0 = Release|Any CPU
		{DA0D8ABD-6607-4FEA-AFCF-749CC790DF1D}.XBAP Release|Mixed Platforms.ActiveCfg = Release|Any CPU
		{DA0D8ABD-6607-4FEA-AFCF-749CC790DF1D}.XBAP Release|Mixed Platforms.Build.0 = Release|Any CPU
		{DA0D8ABD-6607-4FEA-AFCF-749CC790DF1D}.XBAP Release|x86.ActiveCfg = Release|Any CPU
		{86746B87-0333-4F3F-86CC-9E6E683F393C}.ClickOnce Debug|Any CPU.ActiveCfg = Debug|Any CPU
		{86746B87-0333-4F3F-86CC-9E6E683F393C}.ClickOnce Debug|Any CPU.Build.0 = Debug|Any CPU
		{86746B87-0333-4F3F-86CC-9E6E683F393C}.ClickOnce Debug|Mixed Platforms.ActiveCfg = Debug|Any CPU
		{86746B87-0333-4F3F-86CC-9E6E683F393C}.ClickOnce Debug|Mixed Platforms.Build.0 = Debug|Any CPU
		{86746B87-0333-4F3F-86CC-9E6E683F393C}.ClickOnce Debug|x86.ActiveCfg = Debug|Any CPU
		{86746B87-0333-4F3F-86CC-9E6E683F393C}.ClickOnce Release|Any CPU.ActiveCfg = Release|Any CPU
		{86746B87-0333-4F3F-86CC-9E6E683F393C}.ClickOnce Release|Any CPU.Build.0 = Release|Any CPU
		{86746B87-0333-4F3F-86CC-9E6E683F393C}.ClickOnce Release|Mixed Platforms.ActiveCfg = Release|Any CPU
		{86746B87-0333-4F3F-86CC-9E6E683F393C}.ClickOnce Release|Mixed Platforms.Build.0 = Release|Any CPU
		{86746B87-0333-4F3F-86CC-9E6E683F393C}.ClickOnce Release|x86.ActiveCfg = Release|Any CPU
		{86746B87-0333-4F3F-86CC-9E6E683F393C}.Debug|Any CPU.ActiveCfg = Debug|Any CPU
		{86746B87-0333-4F3F-86CC-9E6E683F393C}.Debug|Any CPU.Build.0 = Debug|Any CPU
		{86746B87-0333-4F3F-86CC-9E6E683F393C}.Debug|Mixed Platforms.ActiveCfg = Debug|Any CPU
		{86746B87-0333-4F3F-86CC-9E6E683F393C}.Debug|Mixed Platforms.Build.0 = Debug|Any CPU
		{86746B87-0333-4F3F-86CC-9E6E683F393C}.Debug|x86.ActiveCfg = Debug|Any CPU
		{86746B87-0333-4F3F-86CC-9E6E683F393C}.Release|Any CPU.ActiveCfg = Release|Any CPU
		{86746B87-0333-4F3F-86CC-9E6E683F393C}.Release|Any CPU.Build.0 = Release|Any CPU
		{86746B87-0333-4F3F-86CC-9E6E683F393C}.Release|Mixed Platforms.ActiveCfg = Release|Any CPU
		{86746B87-0333-4F3F-86CC-9E6E683F393C}.Release|Mixed Platforms.Build.0 = Release|Any CPU
		{86746B87-0333-4F3F-86CC-9E6E683F393C}.Release|x86.ActiveCfg = Release|Any CPU
		{86746B87-0333-4F3F-86CC-9E6E683F393C}.XBAP Debug|Any CPU.ActiveCfg = Debug|Any CPU
		{86746B87-0333-4F3F-86CC-9E6E683F393C}.XBAP Debug|Any CPU.Build.0 = Debug|Any CPU
		{86746B87-0333-4F3F-86CC-9E6E683F393C}.XBAP Debug|Mixed Platforms.ActiveCfg = Debug|Any CPU
		{86746B87-0333-4F3F-86CC-9E6E683F393C}.XBAP Debug|Mixed Platforms.Build.0 = Debug|Any CPU
		{86746B87-0333-4F3F-86CC-9E6E683F393C}.XBAP Debug|x86.ActiveCfg = Debug|Any CPU
		{86746B87-0333-4F3F-86CC-9E6E683F393C}.XBAP Release|Any CPU.ActiveCfg = Release|Any CPU
		{86746B87-0333-4F3F-86CC-9E6E683F393C}.XBAP Release|Any CPU.Build.0 = Release|Any CPU
		{86746B87-0333-4F3F-86CC-9E6E683F393C}.XBAP Release|Mixed Platforms.ActiveCfg = Release|Any CPU
		{86746B87-0333-4F3F-86CC-9E6E683F393C}.XBAP Release|Mixed Platforms.Build.0 = Release|Any CPU
		{86746B87-0333-4F3F-86CC-9E6E683F393C}.XBAP Release|x86.ActiveCfg = Release|Any CPU
		{A0182ED4-004F-40E8-B139-A4C500927A58}.ClickOnce Debug|Any CPU.ActiveCfg = Debug|Any CPU
		{A0182ED4-004F-40E8-B139-A4C500927A58}.ClickOnce Debug|Any CPU.Build.0 = Debug|Any CPU
		{A0182ED4-004F-40E8-B139-A4C500927A58}.ClickOnce Debug|Mixed Platforms.ActiveCfg = Debug|Any CPU
		{A0182ED4-004F-40E8-B139-A4C500927A58}.ClickOnce Debug|Mixed Platforms.Build.0 = Debug|Any CPU
		{A0182ED4-004F-40E8-B139-A4C500927A58}.ClickOnce Debug|x86.ActiveCfg = Debug|Any CPU
		{A0182ED4-004F-40E8-B139-A4C500927A58}.ClickOnce Release|Any CPU.ActiveCfg = Release|Any CPU
		{A0182ED4-004F-40E8-B139-A4C500927A58}.ClickOnce Release|Any CPU.Build.0 = Release|Any CPU
		{A0182ED4-004F-40E8-B139-A4C500927A58}.ClickOnce Release|Mixed Platforms.ActiveCfg = Release|Any CPU
		{A0182ED4-004F-40E8-B139-A4C500927A58}.ClickOnce Release|Mixed Platforms.Build.0 = Release|Any CPU
		{A0182ED4-004F-40E8-B139-A4C500927A58}.ClickOnce Release|x86.ActiveCfg = Release|Any CPU
		{A0182ED4-004F-40E8-B139-A4C500927A58}.Debug|Any CPU.ActiveCfg = Debug|Any CPU
		{A0182ED4-004F-40E8-B139-A4C500927A58}.Debug|Any CPU.Build.0 = Debug|Any CPU
		{A0182ED4-004F-40E8-B139-A4C500927A58}.Debug|Mixed Platforms.ActiveCfg = Debug|Any CPU
		{A0182ED4-004F-40E8-B139-A4C500927A58}.Debug|Mixed Platforms.Build.0 = Debug|Any CPU
		{A0182ED4-004F-40E8-B139-A4C500927A58}.Debug|x86.ActiveCfg = Debug|Any CPU
		{A0182ED4-004F-40E8-B139-A4C500927A58}.Release|Any CPU.ActiveCfg = Release|Any CPU
		{A0182ED4-004F-40E8-B139-A4C500927A58}.Release|Any CPU.Build.0 = Release|Any CPU
		{A0182ED4-004F-40E8-B139-A4C500927A58}.Release|Mixed Platforms.ActiveCfg = Release|Any CPU
		{A0182ED4-004F-40E8-B139-A4C500927A58}.Release|Mixed Platforms.Build.0 = Release|Any CPU
		{A0182ED4-004F-40E8-B139-A4C500927A58}.Release|x86.ActiveCfg = Release|Any CPU
		{A0182ED4-004F-40E8-B139-A4C500927A58}.XBAP Debug|Any CPU.ActiveCfg = Debug|Any CPU
		{A0182ED4-004F-40E8-B139-A4C500927A58}.XBAP Debug|Any CPU.Build.0 = Debug|Any CPU
		{A0182ED4-004F-40E8-B139-A4C500927A58}.XBAP Debug|Mixed Platforms.ActiveCfg = Debug|Any CPU
		{A0182ED4-004F-40E8-B139-A4C500927A58}.XBAP Debug|Mixed Platforms.Build.0 = Debug|Any CPU
		{A0182ED4-004F-40E8-B139-A4C500927A58}.XBAP Debug|x86.ActiveCfg = Debug|Any CPU
		{A0182ED4-004F-40E8-B139-A4C500927A58}.XBAP Release|Any CPU.ActiveCfg = Release|Any CPU
		{A0182ED4-004F-40E8-B139-A4C500927A58}.XBAP Release|Any CPU.Build.0 = Release|Any CPU
		{A0182ED4-004F-40E8-B139-A4C500927A58}.XBAP Release|Mixed Platforms.ActiveCfg = Release|Any CPU
		{A0182ED4-004F-40E8-B139-A4C500927A58}.XBAP Release|Mixed Platforms.Build.0 = Release|Any CPU
		{A0182ED4-004F-40E8-B139-A4C500927A58}.XBAP Release|x86.ActiveCfg = Release|Any CPU
		{595D5886-5982-4A51-ABA0-EA661C54D95B}.ClickOnce Debug|Any CPU.ActiveCfg = Debug|Any CPU
		{595D5886-5982-4A51-ABA0-EA661C54D95B}.ClickOnce Debug|Any CPU.Build.0 = Debug|Any CPU
		{595D5886-5982-4A51-ABA0-EA661C54D95B}.ClickOnce Debug|Mixed Platforms.ActiveCfg = Debug|Any CPU
		{595D5886-5982-4A51-ABA0-EA661C54D95B}.ClickOnce Debug|Mixed Platforms.Build.0 = Debug|Any CPU
		{595D5886-5982-4A51-ABA0-EA661C54D95B}.ClickOnce Debug|x86.ActiveCfg = Debug|Any CPU
		{595D5886-5982-4A51-ABA0-EA661C54D95B}.ClickOnce Release|Any CPU.ActiveCfg = Release|Any CPU
		{595D5886-5982-4A51-ABA0-EA661C54D95B}.ClickOnce Release|Any CPU.Build.0 = Release|Any CPU
		{595D5886-5982-4A51-ABA0-EA661C54D95B}.ClickOnce Release|Mixed Platforms.ActiveCfg = Release|Any CPU
		{595D5886-5982-4A51-ABA0-EA661C54D95B}.ClickOnce Release|Mixed Platforms.Build.0 = Release|Any CPU
		{595D5886-5982-4A51-ABA0-EA661C54D95B}.ClickOnce Release|x86.ActiveCfg = Release|Any CPU
		{595D5886-5982-4A51-ABA0-EA661C54D95B}.Debug|Any CPU.ActiveCfg = Debug|Any CPU
		{595D5886-5982-4A51-ABA0-EA661C54D95B}.Debug|Any CPU.Build.0 = Debug|Any CPU
		{595D5886-5982-4A51-ABA0-EA661C54D95B}.Debug|Mixed Platforms.ActiveCfg = Debug|Any CPU
		{595D5886-5982-4A51-ABA0-EA661C54D95B}.Debug|Mixed Platforms.Build.0 = Debug|Any CPU
		{595D5886-5982-4A51-ABA0-EA661C54D95B}.Debug|x86.ActiveCfg = Debug|Any CPU
		{595D5886-5982-4A51-ABA0-EA661C54D95B}.Release|Any CPU.ActiveCfg = Release|Any CPU
		{595D5886-5982-4A51-ABA0-EA661C54D95B}.Release|Any CPU.Build.0 = Release|Any CPU
		{595D5886-5982-4A51-ABA0-EA661C54D95B}.Release|Mixed Platforms.ActiveCfg = Release|Any CPU
		{595D5886-5982-4A51-ABA0-EA661C54D95B}.Release|Mixed Platforms.Build.0 = Release|Any CPU
		{595D5886-5982-4A51-ABA0-EA661C54D95B}.Release|x86.ActiveCfg = Release|Any CPU
		{595D5886-5982-4A51-ABA0-EA661C54D95B}.XBAP Debug|Any CPU.ActiveCfg = Debug|Any CPU
		{595D5886-5982-4A51-ABA0-EA661C54D95B}.XBAP Debug|Any CPU.Build.0 = Debug|Any CPU
		{595D5886-5982-4A51-ABA0-EA661C54D95B}.XBAP Debug|Mixed Platforms.ActiveCfg = Debug|Any CPU
		{595D5886-5982-4A51-ABA0-EA661C54D95B}.XBAP Debug|Mixed Platforms.Build.0 = Debug|Any CPU
		{595D5886-5982-4A51-ABA0-EA661C54D95B}.XBAP Debug|x86.ActiveCfg = Debug|Any CPU
		{595D5886-5982-4A51-ABA0-EA661C54D95B}.XBAP Release|Any CPU.ActiveCfg = Release|Any CPU
		{595D5886-5982-4A51-ABA0-EA661C54D95B}.XBAP Release|Any CPU.Build.0 = Release|Any CPU
		{595D5886-5982-4A51-ABA0-EA661C54D95B}.XBAP Release|Mixed Platforms.ActiveCfg = Release|Any CPU
		{595D5886-5982-4A51-ABA0-EA661C54D95B}.XBAP Release|Mixed Platforms.Build.0 = Release|Any CPU
		{595D5886-5982-4A51-ABA0-EA661C54D95B}.XBAP Release|x86.ActiveCfg = Release|Any CPU
		{B217D6F0-86FD-467A-B978-7E54FE364909}.ClickOnce Debug|Any CPU.ActiveCfg = Debug|Any CPU
		{B217D6F0-86FD-467A-B978-7E54FE364909}.ClickOnce Debug|Any CPU.Build.0 = Debug|Any CPU
		{B217D6F0-86FD-467A-B978-7E54FE364909}.ClickOnce Debug|Mixed Platforms.ActiveCfg = Debug|Any CPU
		{B217D6F0-86FD-467A-B978-7E54FE364909}.ClickOnce Debug|Mixed Platforms.Build.0 = Debug|Any CPU
		{B217D6F0-86FD-467A-B978-7E54FE364909}.ClickOnce Debug|x86.ActiveCfg = Debug|Any CPU
		{B217D6F0-86FD-467A-B978-7E54FE364909}.ClickOnce Release|Any CPU.ActiveCfg = Release|Any CPU
		{B217D6F0-86FD-467A-B978-7E54FE364909}.ClickOnce Release|Any CPU.Build.0 = Release|Any CPU
		{B217D6F0-86FD-467A-B978-7E54FE364909}.ClickOnce Release|Mixed Platforms.ActiveCfg = Release|Any CPU
		{B217D6F0-86FD-467A-B978-7E54FE364909}.ClickOnce Release|Mixed Platforms.Build.0 = Release|Any CPU
		{B217D6F0-86FD-467A-B978-7E54FE364909}.ClickOnce Release|x86.ActiveCfg = Release|Any CPU
		{B217D6F0-86FD-467A-B978-7E54FE364909}.Debug|Any CPU.ActiveCfg = Debug|Any CPU
		{B217D6F0-86FD-467A-B978-7E54FE364909}.Debug|Any CPU.Build.0 = Debug|Any CPU
		{B217D6F0-86FD-467A-B978-7E54FE364909}.Debug|Mixed Platforms.ActiveCfg = Debug|Any CPU
		{B217D6F0-86FD-467A-B978-7E54FE364909}.Debug|Mixed Platforms.Build.0 = Debug|Any CPU
		{B217D6F0-86FD-467A-B978-7E54FE364909}.Debug|x86.ActiveCfg = Debug|Any CPU
		{B217D6F0-86FD-467A-B978-7E54FE364909}.Release|Any CPU.ActiveCfg = Release|Any CPU
		{B217D6F0-86FD-467A-B978-7E54FE364909}.Release|Any CPU.Build.0 = Release|Any CPU
		{B217D6F0-86FD-467A-B978-7E54FE364909}.Release|Mixed Platforms.ActiveCfg = Release|Any CPU
		{B217D6F0-86FD-467A-B978-7E54FE364909}.Release|Mixed Platforms.Build.0 = Release|Any CPU
		{B217D6F0-86FD-467A-B978-7E54FE364909}.Release|x86.ActiveCfg = Release|Any CPU
		{B217D6F0-86FD-467A-B978-7E54FE364909}.XBAP Debug|Any CPU.ActiveCfg = Debug|Any CPU
		{B217D6F0-86FD-467A-B978-7E54FE364909}.XBAP Debug|Any CPU.Build.0 = Debug|Any CPU
		{B217D6F0-86FD-467A-B978-7E54FE364909}.XBAP Debug|Mixed Platforms.ActiveCfg = Debug|Any CPU
		{B217D6F0-86FD-467A-B978-7E54FE364909}.XBAP Debug|Mixed Platforms.Build.0 = Debug|Any CPU
		{B217D6F0-86FD-467A-B978-7E54FE364909}.XBAP Debug|x86.ActiveCfg = Debug|Any CPU
		{B217D6F0-86FD-467A-B978-7E54FE364909}.XBAP Release|Any CPU.ActiveCfg = Release|Any CPU
		{B217D6F0-86FD-467A-B978-7E54FE364909}.XBAP Release|Any CPU.Build.0 = Release|Any CPU
		{B217D6F0-86FD-467A-B978-7E54FE364909}.XBAP Release|Mixed Platforms.ActiveCfg = Release|Any CPU
		{B217D6F0-86FD-467A-B978-7E54FE364909}.XBAP Release|Mixed Platforms.Build.0 = Release|Any CPU
		{B217D6F0-86FD-467A-B978-7E54FE364909}.XBAP Release|x86.ActiveCfg = Release|Any CPU
		{D5C3E3AE-7150-4FA0-A869-285B7FDD6A25}.ClickOnce Debug|Any CPU.ActiveCfg = Debug|Any CPU
		{D5C3E3AE-7150-4FA0-A869-285B7FDD6A25}.ClickOnce Debug|Any CPU.Build.0 = Debug|Any CPU
		{D5C3E3AE-7150-4FA0-A869-285B7FDD6A25}.ClickOnce Debug|Mixed Platforms.ActiveCfg = Debug|Any CPU
		{D5C3E3AE-7150-4FA0-A869-285B7FDD6A25}.ClickOnce Debug|Mixed Platforms.Build.0 = Debug|Any CPU
		{D5C3E3AE-7150-4FA0-A869-285B7FDD6A25}.ClickOnce Debug|x86.ActiveCfg = Debug|Any CPU
		{D5C3E3AE-7150-4FA0-A869-285B7FDD6A25}.ClickOnce Release|Any CPU.ActiveCfg = Release|Any CPU
		{D5C3E3AE-7150-4FA0-A869-285B7FDD6A25}.ClickOnce Release|Any CPU.Build.0 = Release|Any CPU
		{D5C3E3AE-7150-4FA0-A869-285B7FDD6A25}.ClickOnce Release|Mixed Platforms.ActiveCfg = Release|Any CPU
		{D5C3E3AE-7150-4FA0-A869-285B7FDD6A25}.ClickOnce Release|Mixed Platforms.Build.0 = Release|Any CPU
		{D5C3E3AE-7150-4FA0-A869-285B7FDD6A25}.ClickOnce Release|x86.ActiveCfg = Release|Any CPU
		{D5C3E3AE-7150-4FA0-A869-285B7FDD6A25}.Debug|Any CPU.ActiveCfg = Debug|Any CPU
		{D5C3E3AE-7150-4FA0-A869-285B7FDD6A25}.Debug|Any CPU.Build.0 = Debug|Any CPU
		{D5C3E3AE-7150-4FA0-A869-285B7FDD6A25}.Debug|Mixed Platforms.ActiveCfg = Debug|Any CPU
		{D5C3E3AE-7150-4FA0-A869-285B7FDD6A25}.Debug|Mixed Platforms.Build.0 = Debug|Any CPU
		{D5C3E3AE-7150-4FA0-A869-285B7FDD6A25}.Debug|x86.ActiveCfg = Debug|Any CPU
		{D5C3E3AE-7150-4FA0-A869-285B7FDD6A25}.Release|Any CPU.ActiveCfg = Release|Any CPU
		{D5C3E3AE-7150-4FA0-A869-285B7FDD6A25}.Release|Any CPU.Build.0 = Release|Any CPU
		{D5C3E3AE-7150-4FA0-A869-285B7FDD6A25}.Release|Mixed Platforms.ActiveCfg = Release|Any CPU
		{D5C3E3AE-7150-4FA0-A869-285B7FDD6A25}.Release|Mixed Platforms.Build.0 = Release|Any CPU
		{D5C3E3AE-7150-4FA0-A869-285B7FDD6A25}.Release|x86.ActiveCfg = Release|Any CPU
		{D5C3E3AE-7150-4FA0-A869-285B7FDD6A25}.XBAP Debug|Any CPU.ActiveCfg = Debug|Any CPU
		{D5C3E3AE-7150-4FA0-A869-285B7FDD6A25}.XBAP Debug|Any CPU.Build.0 = Debug|Any CPU
		{D5C3E3AE-7150-4FA0-A869-285B7FDD6A25}.XBAP Debug|Mixed Platforms.ActiveCfg = Debug|Any CPU
		{D5C3E3AE-7150-4FA0-A869-285B7FDD6A25}.XBAP Debug|Mixed Platforms.Build.0 = Debug|Any CPU
		{D5C3E3AE-7150-4FA0-A869-285B7FDD6A25}.XBAP Debug|x86.ActiveCfg = Debug|Any CPU
		{D5C3E3AE-7150-4FA0-A869-285B7FDD6A25}.XBAP Release|Any CPU.ActiveCfg = Release|Any CPU
		{D5C3E3AE-7150-4FA0-A869-285B7FDD6A25}.XBAP Release|Any CPU.Build.0 = Release|Any CPU
		{D5C3E3AE-7150-4FA0-A869-285B7FDD6A25}.XBAP Release|Mixed Platforms.ActiveCfg = Release|Any CPU
		{D5C3E3AE-7150-4FA0-A869-285B7FDD6A25}.XBAP Release|Mixed Platforms.Build.0 = Release|Any CPU
		{D5C3E3AE-7150-4FA0-A869-285B7FDD6A25}.XBAP Release|x86.ActiveCfg = Release|Any CPU
		{F7757306-F486-4BE3-99D7-80C5B7ED325B}.ClickOnce Debug|Any CPU.ActiveCfg = Debug|Any CPU
		{F7757306-F486-4BE3-99D7-80C5B7ED325B}.ClickOnce Debug|Any CPU.Build.0 = Debug|Any CPU
		{F7757306-F486-4BE3-99D7-80C5B7ED325B}.ClickOnce Debug|Mixed Platforms.ActiveCfg = Debug|Any CPU
		{F7757306-F486-4BE3-99D7-80C5B7ED325B}.ClickOnce Debug|Mixed Platforms.Build.0 = Debug|Any CPU
		{F7757306-F486-4BE3-99D7-80C5B7ED325B}.ClickOnce Debug|x86.ActiveCfg = Debug|Any CPU
		{F7757306-F486-4BE3-99D7-80C5B7ED325B}.ClickOnce Release|Any CPU.ActiveCfg = Release|Any CPU
		{F7757306-F486-4BE3-99D7-80C5B7ED325B}.ClickOnce Release|Any CPU.Build.0 = Release|Any CPU
		{F7757306-F486-4BE3-99D7-80C5B7ED325B}.ClickOnce Release|Mixed Platforms.ActiveCfg = Release|Any CPU
		{F7757306-F486-4BE3-99D7-80C5B7ED325B}.ClickOnce Release|Mixed Platforms.Build.0 = Release|Any CPU
		{F7757306-F486-4BE3-99D7-80C5B7ED325B}.ClickOnce Release|x86.ActiveCfg = Release|Any CPU
		{F7757306-F486-4BE3-99D7-80C5B7ED325B}.Debug|Any CPU.ActiveCfg = Debug|Any CPU
		{F7757306-F486-4BE3-99D7-80C5B7ED325B}.Debug|Any CPU.Build.0 = Debug|Any CPU
		{F7757306-F486-4BE3-99D7-80C5B7ED325B}.Debug|Mixed Platforms.ActiveCfg = Debug|Any CPU
		{F7757306-F486-4BE3-99D7-80C5B7ED325B}.Debug|Mixed Platforms.Build.0 = Debug|Any CPU
		{F7757306-F486-4BE3-99D7-80C5B7ED325B}.Debug|x86.ActiveCfg = Debug|Any CPU
		{F7757306-F486-4BE3-99D7-80C5B7ED325B}.Release|Any CPU.ActiveCfg = Release|Any CPU
		{F7757306-F486-4BE3-99D7-80C5B7ED325B}.Release|Any CPU.Build.0 = Release|Any CPU
		{F7757306-F486-4BE3-99D7-80C5B7ED325B}.Release|Mixed Platforms.ActiveCfg = Release|Any CPU
		{F7757306-F486-4BE3-99D7-80C5B7ED325B}.Release|Mixed Platforms.Build.0 = Release|Any CPU
		{F7757306-F486-4BE3-99D7-80C5B7ED325B}.Release|x86.ActiveCfg = Release|Any CPU
		{F7757306-F486-4BE3-99D7-80C5B7ED325B}.XBAP Debug|Any CPU.ActiveCfg = Debug|Any CPU
		{F7757306-F486-4BE3-99D7-80C5B7ED325B}.XBAP Debug|Any CPU.Build.0 = Debug|Any CPU
		{F7757306-F486-4BE3-99D7-80C5B7ED325B}.XBAP Debug|Mixed Platforms.ActiveCfg = Debug|Any CPU
		{F7757306-F486-4BE3-99D7-80C5B7ED325B}.XBAP Debug|Mixed Platforms.Build.0 = Debug|Any CPU
		{F7757306-F486-4BE3-99D7-80C5B7ED325B}.XBAP Debug|x86.ActiveCfg = Debug|Any CPU
		{F7757306-F486-4BE3-99D7-80C5B7ED325B}.XBAP Release|Any CPU.ActiveCfg = Release|Any CPU
		{F7757306-F486-4BE3-99D7-80C5B7ED325B}.XBAP Release|Any CPU.Build.0 = Release|Any CPU
		{F7757306-F486-4BE3-99D7-80C5B7ED325B}.XBAP Release|Mixed Platforms.ActiveCfg = Release|Any CPU
		{F7757306-F486-4BE3-99D7-80C5B7ED325B}.XBAP Release|Mixed Platforms.Build.0 = Release|Any CPU
		{F7757306-F486-4BE3-99D7-80C5B7ED325B}.XBAP Release|x86.ActiveCfg = Release|Any CPU
		{537E8519-CD44-4CC9-9E29-9D07F6E282CD}.ClickOnce Debug|Any CPU.ActiveCfg = Debug|Any CPU
		{537E8519-CD44-4CC9-9E29-9D07F6E282CD}.ClickOnce Debug|Any CPU.Build.0 = Debug|Any CPU
		{537E8519-CD44-4CC9-9E29-9D07F6E282CD}.ClickOnce Debug|Mixed Platforms.ActiveCfg = Debug|Any CPU
		{537E8519-CD44-4CC9-9E29-9D07F6E282CD}.ClickOnce Debug|Mixed Platforms.Build.0 = Debug|Any CPU
		{537E8519-CD44-4CC9-9E29-9D07F6E282CD}.ClickOnce Debug|x86.ActiveCfg = Debug|Any CPU
		{537E8519-CD44-4CC9-9E29-9D07F6E282CD}.ClickOnce Release|Any CPU.ActiveCfg = Release|Any CPU
		{537E8519-CD44-4CC9-9E29-9D07F6E282CD}.ClickOnce Release|Any CPU.Build.0 = Release|Any CPU
		{537E8519-CD44-4CC9-9E29-9D07F6E282CD}.ClickOnce Release|Mixed Platforms.ActiveCfg = Release|Any CPU
		{537E8519-CD44-4CC9-9E29-9D07F6E282CD}.ClickOnce Release|Mixed Platforms.Build.0 = Release|Any CPU
		{537E8519-CD44-4CC9-9E29-9D07F6E282CD}.ClickOnce Release|x86.ActiveCfg = Release|Any CPU
		{537E8519-CD44-4CC9-9E29-9D07F6E282CD}.Debug|Any CPU.ActiveCfg = Debug|Any CPU
		{537E8519-CD44-4CC9-9E29-9D07F6E282CD}.Debug|Any CPU.Build.0 = Debug|Any CPU
		{537E8519-CD44-4CC9-9E29-9D07F6E282CD}.Debug|Mixed Platforms.ActiveCfg = Debug|Any CPU
		{537E8519-CD44-4CC9-9E29-9D07F6E282CD}.Debug|Mixed Platforms.Build.0 = Debug|Any CPU
		{537E8519-CD44-4CC9-9E29-9D07F6E282CD}.Debug|x86.ActiveCfg = Debug|Any CPU
		{537E8519-CD44-4CC9-9E29-9D07F6E282CD}.Release|Any CPU.ActiveCfg = Release|Any CPU
		{537E8519-CD44-4CC9-9E29-9D07F6E282CD}.Release|Any CPU.Build.0 = Release|Any CPU
		{537E8519-CD44-4CC9-9E29-9D07F6E282CD}.Release|Mixed Platforms.ActiveCfg = Release|Any CPU
		{537E8519-CD44-4CC9-9E29-9D07F6E282CD}.Release|Mixed Platforms.Build.0 = Release|Any CPU
		{537E8519-CD44-4CC9-9E29-9D07F6E282CD}.Release|x86.ActiveCfg = Release|Any CPU
		{537E8519-CD44-4CC9-9E29-9D07F6E282CD}.XBAP Debug|Any CPU.ActiveCfg = Debug|Any CPU
		{537E8519-CD44-4CC9-9E29-9D07F6E282CD}.XBAP Debug|Any CPU.Build.0 = Debug|Any CPU
		{537E8519-CD44-4CC9-9E29-9D07F6E282CD}.XBAP Debug|Mixed Platforms.ActiveCfg = Debug|Any CPU
		{537E8519-CD44-4CC9-9E29-9D07F6E282CD}.XBAP Debug|Mixed Platforms.Build.0 = Debug|Any CPU
		{537E8519-CD44-4CC9-9E29-9D07F6E282CD}.XBAP Debug|x86.ActiveCfg = Debug|Any CPU
		{537E8519-CD44-4CC9-9E29-9D07F6E282CD}.XBAP Release|Any CPU.ActiveCfg = Release|Any CPU
		{537E8519-CD44-4CC9-9E29-9D07F6E282CD}.XBAP Release|Any CPU.Build.0 = Release|Any CPU
		{537E8519-CD44-4CC9-9E29-9D07F6E282CD}.XBAP Release|Mixed Platforms.ActiveCfg = Release|Any CPU
		{537E8519-CD44-4CC9-9E29-9D07F6E282CD}.XBAP Release|Mixed Platforms.Build.0 = Release|Any CPU
		{537E8519-CD44-4CC9-9E29-9D07F6E282CD}.XBAP Release|x86.ActiveCfg = Release|Any CPU
		{BA4CC5A9-4253-4A36-A7FE-468C996A4EC8}.ClickOnce Debug|Any CPU.ActiveCfg = Debug|Any CPU
		{BA4CC5A9-4253-4A36-A7FE-468C996A4EC8}.ClickOnce Debug|Any CPU.Build.0 = Debug|Any CPU
		{BA4CC5A9-4253-4A36-A7FE-468C996A4EC8}.ClickOnce Debug|Mixed Platforms.ActiveCfg = Debug|Any CPU
		{BA4CC5A9-4253-4A36-A7FE-468C996A4EC8}.ClickOnce Debug|Mixed Platforms.Build.0 = Debug|Any CPU
		{BA4CC5A9-4253-4A36-A7FE-468C996A4EC8}.ClickOnce Debug|x86.ActiveCfg = Debug|Any CPU
		{BA4CC5A9-4253-4A36-A7FE-468C996A4EC8}.ClickOnce Release|Any CPU.ActiveCfg = Release|Any CPU
		{BA4CC5A9-4253-4A36-A7FE-468C996A4EC8}.ClickOnce Release|Any CPU.Build.0 = Release|Any CPU
		{BA4CC5A9-4253-4A36-A7FE-468C996A4EC8}.ClickOnce Release|Mixed Platforms.ActiveCfg = Release|Any CPU
		{BA4CC5A9-4253-4A36-A7FE-468C996A4EC8}.ClickOnce Release|Mixed Platforms.Build.0 = Release|Any CPU
		{BA4CC5A9-4253-4A36-A7FE-468C996A4EC8}.ClickOnce Release|x86.ActiveCfg = Release|Any CPU
		{BA4CC5A9-4253-4A36-A7FE-468C996A4EC8}.Debug|Any CPU.ActiveCfg = Debug|Any CPU
		{BA4CC5A9-4253-4A36-A7FE-468C996A4EC8}.Debug|Any CPU.Build.0 = Debug|Any CPU
		{BA4CC5A9-4253-4A36-A7FE-468C996A4EC8}.Debug|Mixed Platforms.ActiveCfg = Debug|Any CPU
		{BA4CC5A9-4253-4A36-A7FE-468C996A4EC8}.Debug|Mixed Platforms.Build.0 = Debug|Any CPU
		{BA4CC5A9-4253-4A36-A7FE-468C996A4EC8}.Debug|x86.ActiveCfg = Debug|Any CPU
		{BA4CC5A9-4253-4A36-A7FE-468C996A4EC8}.Release|Any CPU.ActiveCfg = Release|Any CPU
		{BA4CC5A9-4253-4A36-A7FE-468C996A4EC8}.Release|Any CPU.Build.0 = Release|Any CPU
		{BA4CC5A9-4253-4A36-A7FE-468C996A4EC8}.Release|Mixed Platforms.ActiveCfg = Release|Any CPU
		{BA4CC5A9-4253-4A36-A7FE-468C996A4EC8}.Release|Mixed Platforms.Build.0 = Release|Any CPU
		{BA4CC5A9-4253-4A36-A7FE-468C996A4EC8}.Release|x86.ActiveCfg = Release|Any CPU
		{BA4CC5A9-4253-4A36-A7FE-468C996A4EC8}.XBAP Debug|Any CPU.ActiveCfg = Debug|Any CPU
		{BA4CC5A9-4253-4A36-A7FE-468C996A4EC8}.XBAP Debug|Any CPU.Build.0 = Debug|Any CPU
		{BA4CC5A9-4253-4A36-A7FE-468C996A4EC8}.XBAP Debug|Mixed Platforms.ActiveCfg = Debug|Any CPU
		{BA4CC5A9-4253-4A36-A7FE-468C996A4EC8}.XBAP Debug|Mixed Platforms.Build.0 = Debug|Any CPU
		{BA4CC5A9-4253-4A36-A7FE-468C996A4EC8}.XBAP Debug|x86.ActiveCfg = Debug|Any CPU
		{BA4CC5A9-4253-4A36-A7FE-468C996A4EC8}.XBAP Release|Any CPU.ActiveCfg = Release|Any CPU
		{BA4CC5A9-4253-4A36-A7FE-468C996A4EC8}.XBAP Release|Any CPU.Build.0 = Release|Any CPU
		{BA4CC5A9-4253-4A36-A7FE-468C996A4EC8}.XBAP Release|Mixed Platforms.ActiveCfg = Release|Any CPU
		{BA4CC5A9-4253-4A36-A7FE-468C996A4EC8}.XBAP Release|Mixed Platforms.Build.0 = Release|Any CPU
		{BA4CC5A9-4253-4A36-A7FE-468C996A4EC8}.XBAP Release|x86.ActiveCfg = Release|Any CPU
		{0C49CFB7-D077-40B5-98A4-EFDA3AD098E3}.ClickOnce Debug|Any CPU.ActiveCfg = Debug|Any CPU
		{0C49CFB7-D077-40B5-98A4-EFDA3AD098E3}.ClickOnce Debug|Any CPU.Build.0 = Debug|Any CPU
		{0C49CFB7-D077-40B5-98A4-EFDA3AD098E3}.ClickOnce Debug|Mixed Platforms.ActiveCfg = Debug|Any CPU
		{0C49CFB7-D077-40B5-98A4-EFDA3AD098E3}.ClickOnce Debug|Mixed Platforms.Build.0 = Debug|Any CPU
		{0C49CFB7-D077-40B5-98A4-EFDA3AD098E3}.ClickOnce Debug|x86.ActiveCfg = Debug|Any CPU
		{0C49CFB7-D077-40B5-98A4-EFDA3AD098E3}.ClickOnce Release|Any CPU.ActiveCfg = Release|Any CPU
		{0C49CFB7-D077-40B5-98A4-EFDA3AD098E3}.ClickOnce Release|Any CPU.Build.0 = Release|Any CPU
		{0C49CFB7-D077-40B5-98A4-EFDA3AD098E3}.ClickOnce Release|Mixed Platforms.ActiveCfg = Release|Any CPU
		{0C49CFB7-D077-40B5-98A4-EFDA3AD098E3}.ClickOnce Release|Mixed Platforms.Build.0 = Release|Any CPU
		{0C49CFB7-D077-40B5-98A4-EFDA3AD098E3}.ClickOnce Release|x86.ActiveCfg = Release|Any CPU
		{0C49CFB7-D077-40B5-98A4-EFDA3AD098E3}.Debug|Any CPU.ActiveCfg = Debug|Any CPU
		{0C49CFB7-D077-40B5-98A4-EFDA3AD098E3}.Debug|Any CPU.Build.0 = Debug|Any CPU
		{0C49CFB7-D077-40B5-98A4-EFDA3AD098E3}.Debug|Mixed Platforms.ActiveCfg = Debug|Any CPU
		{0C49CFB7-D077-40B5-98A4-EFDA3AD098E3}.Debug|Mixed Platforms.Build.0 = Debug|Any CPU
		{0C49CFB7-D077-40B5-98A4-EFDA3AD098E3}.Debug|x86.ActiveCfg = Debug|Any CPU
		{0C49CFB7-D077-40B5-98A4-EFDA3AD098E3}.Release|Any CPU.ActiveCfg = Release|Any CPU
		{0C49CFB7-D077-40B5-98A4-EFDA3AD098E3}.Release|Any CPU.Build.0 = Release|Any CPU
		{0C49CFB7-D077-40B5-98A4-EFDA3AD098E3}.Release|Mixed Platforms.ActiveCfg = Release|Any CPU
		{0C49CFB7-D077-40B5-98A4-EFDA3AD098E3}.Release|Mixed Platforms.Build.0 = Release|Any CPU
		{0C49CFB7-D077-40B5-98A4-EFDA3AD098E3}.Release|x86.ActiveCfg = Release|Any CPU
		{0C49CFB7-D077-40B5-98A4-EFDA3AD098E3}.XBAP Debug|Any CPU.ActiveCfg = Debug|Any CPU
		{0C49CFB7-D077-40B5-98A4-EFDA3AD098E3}.XBAP Debug|Any CPU.Build.0 = Debug|Any CPU
		{0C49CFB7-D077-40B5-98A4-EFDA3AD098E3}.XBAP Debug|Mixed Platforms.ActiveCfg = Debug|Any CPU
		{0C49CFB7-D077-40B5-98A4-EFDA3AD098E3}.XBAP Debug|Mixed Platforms.Build.0 = Debug|Any CPU
		{0C49CFB7-D077-40B5-98A4-EFDA3AD098E3}.XBAP Debug|x86.ActiveCfg = Debug|Any CPU
		{0C49CFB7-D077-40B5-98A4-EFDA3AD098E3}.XBAP Release|Any CPU.ActiveCfg = Release|Any CPU
		{0C49CFB7-D077-40B5-98A4-EFDA3AD098E3}.XBAP Release|Any CPU.Build.0 = Release|Any CPU
		{0C49CFB7-D077-40B5-98A4-EFDA3AD098E3}.XBAP Release|Mixed Platforms.ActiveCfg = Release|Any CPU
		{0C49CFB7-D077-40B5-98A4-EFDA3AD098E3}.XBAP Release|Mixed Platforms.Build.0 = Release|Any CPU
		{0C49CFB7-D077-40B5-98A4-EFDA3AD098E3}.XBAP Release|x86.ActiveCfg = Release|Any CPU
		{1D5E68F4-7DE5-4705-BF46-32751D8AAFF3}.ClickOnce Debug|Any CPU.ActiveCfg = Debug|Any CPU
		{1D5E68F4-7DE5-4705-BF46-32751D8AAFF3}.ClickOnce Debug|Any CPU.Build.0 = Debug|Any CPU
		{1D5E68F4-7DE5-4705-BF46-32751D8AAFF3}.ClickOnce Debug|Mixed Platforms.ActiveCfg = Debug|Any CPU
		{1D5E68F4-7DE5-4705-BF46-32751D8AAFF3}.ClickOnce Debug|Mixed Platforms.Build.0 = Debug|Any CPU
		{1D5E68F4-7DE5-4705-BF46-32751D8AAFF3}.ClickOnce Debug|x86.ActiveCfg = Debug|Any CPU
		{1D5E68F4-7DE5-4705-BF46-32751D8AAFF3}.ClickOnce Release|Any CPU.ActiveCfg = Release|Any CPU
		{1D5E68F4-7DE5-4705-BF46-32751D8AAFF3}.ClickOnce Release|Any CPU.Build.0 = Release|Any CPU
		{1D5E68F4-7DE5-4705-BF46-32751D8AAFF3}.ClickOnce Release|Mixed Platforms.ActiveCfg = Release|Any CPU
		{1D5E68F4-7DE5-4705-BF46-32751D8AAFF3}.ClickOnce Release|Mixed Platforms.Build.0 = Release|Any CPU
		{1D5E68F4-7DE5-4705-BF46-32751D8AAFF3}.ClickOnce Release|x86.ActiveCfg = Release|Any CPU
		{1D5E68F4-7DE5-4705-BF46-32751D8AAFF3}.Debug|Any CPU.ActiveCfg = Debug|Any CPU
		{1D5E68F4-7DE5-4705-BF46-32751D8AAFF3}.Debug|Any CPU.Build.0 = Debug|Any CPU
		{1D5E68F4-7DE5-4705-BF46-32751D8AAFF3}.Debug|Mixed Platforms.ActiveCfg = Debug|Any CPU
		{1D5E68F4-7DE5-4705-BF46-32751D8AAFF3}.Debug|Mixed Platforms.Build.0 = Debug|Any CPU
		{1D5E68F4-7DE5-4705-BF46-32751D8AAFF3}.Debug|x86.ActiveCfg = Debug|Any CPU
		{1D5E68F4-7DE5-4705-BF46-32751D8AAFF3}.Release|Any CPU.ActiveCfg = Release|Any CPU
		{1D5E68F4-7DE5-4705-BF46-32751D8AAFF3}.Release|Any CPU.Build.0 = Release|Any CPU
		{1D5E68F4-7DE5-4705-BF46-32751D8AAFF3}.Release|Mixed Platforms.ActiveCfg = Release|Any CPU
		{1D5E68F4-7DE5-4705-BF46-32751D8AAFF3}.Release|Mixed Platforms.Build.0 = Release|Any CPU
		{1D5E68F4-7DE5-4705-BF46-32751D8AAFF3}.Release|x86.ActiveCfg = Release|Any CPU
		{1D5E68F4-7DE5-4705-BF46-32751D8AAFF3}.XBAP Debug|Any CPU.ActiveCfg = Debug|Any CPU
		{1D5E68F4-7DE5-4705-BF46-32751D8AAFF3}.XBAP Debug|Any CPU.Build.0 = Debug|Any CPU
		{1D5E68F4-7DE5-4705-BF46-32751D8AAFF3}.XBAP Debug|Mixed Platforms.ActiveCfg = Debug|Any CPU
		{1D5E68F4-7DE5-4705-BF46-32751D8AAFF3}.XBAP Debug|Mixed Platforms.Build.0 = Debug|Any CPU
		{1D5E68F4-7DE5-4705-BF46-32751D8AAFF3}.XBAP Debug|x86.ActiveCfg = Debug|Any CPU
		{1D5E68F4-7DE5-4705-BF46-32751D8AAFF3}.XBAP Release|Any CPU.ActiveCfg = Release|Any CPU
		{1D5E68F4-7DE5-4705-BF46-32751D8AAFF3}.XBAP Release|Any CPU.Build.0 = Release|Any CPU
		{1D5E68F4-7DE5-4705-BF46-32751D8AAFF3}.XBAP Release|Mixed Platforms.ActiveCfg = Release|Any CPU
		{1D5E68F4-7DE5-4705-BF46-32751D8AAFF3}.XBAP Release|Mixed Platforms.Build.0 = Release|Any CPU
		{1D5E68F4-7DE5-4705-BF46-32751D8AAFF3}.XBAP Release|x86.ActiveCfg = Release|Any CPU
		{FD57F3C1-71D6-42C6-B391-9AD356241411}.ClickOnce Debug|Any CPU.ActiveCfg = Debug|Any CPU
		{FD57F3C1-71D6-42C6-B391-9AD356241411}.ClickOnce Debug|Any CPU.Build.0 = Debug|Any CPU
		{FD57F3C1-71D6-42C6-B391-9AD356241411}.ClickOnce Debug|Mixed Platforms.ActiveCfg = Debug|Any CPU
		{FD57F3C1-71D6-42C6-B391-9AD356241411}.ClickOnce Debug|Mixed Platforms.Build.0 = Debug|Any CPU
		{FD57F3C1-71D6-42C6-B391-9AD356241411}.ClickOnce Debug|x86.ActiveCfg = Debug|Any CPU
		{FD57F3C1-71D6-42C6-B391-9AD356241411}.ClickOnce Release|Any CPU.ActiveCfg = Release|Any CPU
		{FD57F3C1-71D6-42C6-B391-9AD356241411}.ClickOnce Release|Any CPU.Build.0 = Release|Any CPU
		{FD57F3C1-71D6-42C6-B391-9AD356241411}.ClickOnce Release|Mixed Platforms.ActiveCfg = Release|Any CPU
		{FD57F3C1-71D6-42C6-B391-9AD356241411}.ClickOnce Release|Mixed Platforms.Build.0 = Release|Any CPU
		{FD57F3C1-71D6-42C6-B391-9AD356241411}.ClickOnce Release|x86.ActiveCfg = Release|Any CPU
		{FD57F3C1-71D6-42C6-B391-9AD356241411}.Debug|Any CPU.ActiveCfg = Debug|Any CPU
		{FD57F3C1-71D6-42C6-B391-9AD356241411}.Debug|Any CPU.Build.0 = Debug|Any CPU
		{FD57F3C1-71D6-42C6-B391-9AD356241411}.Debug|Mixed Platforms.ActiveCfg = Debug|Any CPU
		{FD57F3C1-71D6-42C6-B391-9AD356241411}.Debug|Mixed Platforms.Build.0 = Debug|Any CPU
		{FD57F3C1-71D6-42C6-B391-9AD356241411}.Debug|x86.ActiveCfg = Debug|Any CPU
		{FD57F3C1-71D6-42C6-B391-9AD356241411}.Release|Any CPU.ActiveCfg = Release|Any CPU
		{FD57F3C1-71D6-42C6-B391-9AD356241411}.Release|Any CPU.Build.0 = Release|Any CPU
		{FD57F3C1-71D6-42C6-B391-9AD356241411}.Release|Mixed Platforms.ActiveCfg = Release|Any CPU
		{FD57F3C1-71D6-42C6-B391-9AD356241411}.Release|Mixed Platforms.Build.0 = Release|Any CPU
		{FD57F3C1-71D6-42C6-B391-9AD356241411}.Release|x86.ActiveCfg = Release|Any CPU
		{FD57F3C1-71D6-42C6-B391-9AD356241411}.XBAP Debug|Any CPU.ActiveCfg = Debug|Any CPU
		{FD57F3C1-71D6-42C6-B391-9AD356241411}.XBAP Debug|Any CPU.Build.0 = Debug|Any CPU
		{FD57F3C1-71D6-42C6-B391-9AD356241411}.XBAP Debug|Mixed Platforms.ActiveCfg = Debug|Any CPU
		{FD57F3C1-71D6-42C6-B391-9AD356241411}.XBAP Debug|Mixed Platforms.Build.0 = Debug|Any CPU
		{FD57F3C1-71D6-42C6-B391-9AD356241411}.XBAP Debug|x86.ActiveCfg = Debug|Any CPU
		{FD57F3C1-71D6-42C6-B391-9AD356241411}.XBAP Release|Any CPU.ActiveCfg = Release|Any CPU
		{FD57F3C1-71D6-42C6-B391-9AD356241411}.XBAP Release|Any CPU.Build.0 = Release|Any CPU
		{FD57F3C1-71D6-42C6-B391-9AD356241411}.XBAP Release|Mixed Platforms.ActiveCfg = Release|Any CPU
		{FD57F3C1-71D6-42C6-B391-9AD356241411}.XBAP Release|Mixed Platforms.Build.0 = Release|Any CPU
		{FD57F3C1-71D6-42C6-B391-9AD356241411}.XBAP Release|x86.ActiveCfg = Release|Any CPU
		{DB616943-5FC1-4F2F-A4C8-5EFD70C411BA}.ClickOnce Debug|Any CPU.ActiveCfg = Debug|Any CPU
		{DB616943-5FC1-4F2F-A4C8-5EFD70C411BA}.ClickOnce Debug|Any CPU.Build.0 = Debug|Any CPU
		{DB616943-5FC1-4F2F-A4C8-5EFD70C411BA}.ClickOnce Debug|Mixed Platforms.ActiveCfg = Debug|Any CPU
		{DB616943-5FC1-4F2F-A4C8-5EFD70C411BA}.ClickOnce Debug|Mixed Platforms.Build.0 = Debug|Any CPU
		{DB616943-5FC1-4F2F-A4C8-5EFD70C411BA}.ClickOnce Debug|x86.ActiveCfg = Debug|Any CPU
		{DB616943-5FC1-4F2F-A4C8-5EFD70C411BA}.ClickOnce Release|Any CPU.ActiveCfg = Release|Any CPU
		{DB616943-5FC1-4F2F-A4C8-5EFD70C411BA}.ClickOnce Release|Any CPU.Build.0 = Release|Any CPU
		{DB616943-5FC1-4F2F-A4C8-5EFD70C411BA}.ClickOnce Release|Mixed Platforms.ActiveCfg = Release|Any CPU
		{DB616943-5FC1-4F2F-A4C8-5EFD70C411BA}.ClickOnce Release|Mixed Platforms.Build.0 = Release|Any CPU
		{DB616943-5FC1-4F2F-A4C8-5EFD70C411BA}.ClickOnce Release|x86.ActiveCfg = Release|Any CPU
		{DB616943-5FC1-4F2F-A4C8-5EFD70C411BA}.Debug|Any CPU.ActiveCfg = Debug|Any CPU
		{DB616943-5FC1-4F2F-A4C8-5EFD70C411BA}.Debug|Any CPU.Build.0 = Debug|Any CPU
		{DB616943-5FC1-4F2F-A4C8-5EFD70C411BA}.Debug|Mixed Platforms.ActiveCfg = Debug|Any CPU
		{DB616943-5FC1-4F2F-A4C8-5EFD70C411BA}.Debug|Mixed Platforms.Build.0 = Debug|Any CPU
		{DB616943-5FC1-4F2F-A4C8-5EFD70C411BA}.Debug|x86.ActiveCfg = Debug|Any CPU
		{DB616943-5FC1-4F2F-A4C8-5EFD70C411BA}.Release|Any CPU.ActiveCfg = Release|Any CPU
		{DB616943-5FC1-4F2F-A4C8-5EFD70C411BA}.Release|Any CPU.Build.0 = Release|Any CPU
		{DB616943-5FC1-4F2F-A4C8-5EFD70C411BA}.Release|Mixed Platforms.ActiveCfg = Release|Any CPU
		{DB616943-5FC1-4F2F-A4C8-5EFD70C411BA}.Release|Mixed Platforms.Build.0 = Release|Any CPU
		{DB616943-5FC1-4F2F-A4C8-5EFD70C411BA}.Release|x86.ActiveCfg = Release|Any CPU
		{DB616943-5FC1-4F2F-A4C8-5EFD70C411BA}.XBAP Debug|Any CPU.ActiveCfg = Debug|Any CPU
		{DB616943-5FC1-4F2F-A4C8-5EFD70C411BA}.XBAP Debug|Any CPU.Build.0 = Debug|Any CPU
		{DB616943-5FC1-4F2F-A4C8-5EFD70C411BA}.XBAP Debug|Mixed Platforms.ActiveCfg = Debug|Any CPU
		{DB616943-5FC1-4F2F-A4C8-5EFD70C411BA}.XBAP Debug|Mixed Platforms.Build.0 = Debug|Any CPU
		{DB616943-5FC1-4F2F-A4C8-5EFD70C411BA}.XBAP Debug|x86.ActiveCfg = Debug|Any CPU
		{DB616943-5FC1-4F2F-A4C8-5EFD70C411BA}.XBAP Release|Any CPU.ActiveCfg = Release|Any CPU
		{DB616943-5FC1-4F2F-A4C8-5EFD70C411BA}.XBAP Release|Any CPU.Build.0 = Release|Any CPU
		{DB616943-5FC1-4F2F-A4C8-5EFD70C411BA}.XBAP Release|Mixed Platforms.ActiveCfg = Release|Any CPU
		{DB616943-5FC1-4F2F-A4C8-5EFD70C411BA}.XBAP Release|Mixed Platforms.Build.0 = Release|Any CPU
		{DB616943-5FC1-4F2F-A4C8-5EFD70C411BA}.XBAP Release|x86.ActiveCfg = Release|Any CPU
		{90B65713-5A65-4069-B9F2-0CCE891CFB3A}.ClickOnce Debug|Any CPU.ActiveCfg = Debug|Any CPU
		{90B65713-5A65-4069-B9F2-0CCE891CFB3A}.ClickOnce Debug|Any CPU.Build.0 = Debug|Any CPU
		{90B65713-5A65-4069-B9F2-0CCE891CFB3A}.ClickOnce Debug|Mixed Platforms.ActiveCfg = Debug|Any CPU
		{90B65713-5A65-4069-B9F2-0CCE891CFB3A}.ClickOnce Debug|Mixed Platforms.Build.0 = Debug|Any CPU
		{90B65713-5A65-4069-B9F2-0CCE891CFB3A}.ClickOnce Debug|x86.ActiveCfg = Debug|Any CPU
		{90B65713-5A65-4069-B9F2-0CCE891CFB3A}.ClickOnce Release|Any CPU.ActiveCfg = Release|Any CPU
		{90B65713-5A65-4069-B9F2-0CCE891CFB3A}.ClickOnce Release|Any CPU.Build.0 = Release|Any CPU
		{90B65713-5A65-4069-B9F2-0CCE891CFB3A}.ClickOnce Release|Mixed Platforms.ActiveCfg = Release|Any CPU
		{90B65713-5A65-4069-B9F2-0CCE891CFB3A}.ClickOnce Release|Mixed Platforms.Build.0 = Release|Any CPU
		{90B65713-5A65-4069-B9F2-0CCE891CFB3A}.ClickOnce Release|x86.ActiveCfg = Release|Any CPU
		{90B65713-5A65-4069-B9F2-0CCE891CFB3A}.Debug|Any CPU.ActiveCfg = Debug|Any CPU
		{90B65713-5A65-4069-B9F2-0CCE891CFB3A}.Debug|Any CPU.Build.0 = Debug|Any CPU
		{90B65713-5A65-4069-B9F2-0CCE891CFB3A}.Debug|Mixed Platforms.ActiveCfg = Debug|Any CPU
		{90B65713-5A65-4069-B9F2-0CCE891CFB3A}.Debug|Mixed Platforms.Build.0 = Debug|Any CPU
		{90B65713-5A65-4069-B9F2-0CCE891CFB3A}.Debug|x86.ActiveCfg = Debug|Any CPU
		{90B65713-5A65-4069-B9F2-0CCE891CFB3A}.Release|Any CPU.ActiveCfg = Release|Any CPU
		{90B65713-5A65-4069-B9F2-0CCE891CFB3A}.Release|Any CPU.Build.0 = Release|Any CPU
		{90B65713-5A65-4069-B9F2-0CCE891CFB3A}.Release|Mixed Platforms.ActiveCfg = Release|Any CPU
		{90B65713-5A65-4069-B9F2-0CCE891CFB3A}.Release|Mixed Platforms.Build.0 = Release|Any CPU
		{90B65713-5A65-4069-B9F2-0CCE891CFB3A}.Release|x86.ActiveCfg = Release|Any CPU
		{90B65713-5A65-4069-B9F2-0CCE891CFB3A}.XBAP Debug|Any CPU.ActiveCfg = Debug|Any CPU
		{90B65713-5A65-4069-B9F2-0CCE891CFB3A}.XBAP Debug|Any CPU.Build.0 = Debug|Any CPU
		{90B65713-5A65-4069-B9F2-0CCE891CFB3A}.XBAP Debug|Mixed Platforms.ActiveCfg = Debug|Any CPU
		{90B65713-5A65-4069-B9F2-0CCE891CFB3A}.XBAP Debug|Mixed Platforms.Build.0 = Debug|Any CPU
		{90B65713-5A65-4069-B9F2-0CCE891CFB3A}.XBAP Debug|x86.ActiveCfg = Debug|Any CPU
		{90B65713-5A65-4069-B9F2-0CCE891CFB3A}.XBAP Release|Any CPU.ActiveCfg = Release|Any CPU
		{90B65713-5A65-4069-B9F2-0CCE891CFB3A}.XBAP Release|Any CPU.Build.0 = Release|Any CPU
		{90B65713-5A65-4069-B9F2-0CCE891CFB3A}.XBAP Release|Mixed Platforms.ActiveCfg = Release|Any CPU
		{90B65713-5A65-4069-B9F2-0CCE891CFB3A}.XBAP Release|Mixed Platforms.Build.0 = Release|Any CPU
		{90B65713-5A65-4069-B9F2-0CCE891CFB3A}.XBAP Release|x86.ActiveCfg = Release|Any CPU
		{0EE13420-3C93-46BE-B07B-BBCE9D24B9CB}.ClickOnce Debug|Any CPU.ActiveCfg = Debug|Any CPU
		{0EE13420-3C93-46BE-B07B-BBCE9D24B9CB}.ClickOnce Debug|Any CPU.Build.0 = Debug|Any CPU
		{0EE13420-3C93-46BE-B07B-BBCE9D24B9CB}.ClickOnce Debug|Mixed Platforms.ActiveCfg = Debug|Any CPU
		{0EE13420-3C93-46BE-B07B-BBCE9D24B9CB}.ClickOnce Debug|Mixed Platforms.Build.0 = Debug|Any CPU
		{0EE13420-3C93-46BE-B07B-BBCE9D24B9CB}.ClickOnce Debug|x86.ActiveCfg = Debug|Any CPU
		{0EE13420-3C93-46BE-B07B-BBCE9D24B9CB}.ClickOnce Release|Any CPU.ActiveCfg = Release|Any CPU
		{0EE13420-3C93-46BE-B07B-BBCE9D24B9CB}.ClickOnce Release|Any CPU.Build.0 = Release|Any CPU
		{0EE13420-3C93-46BE-B07B-BBCE9D24B9CB}.ClickOnce Release|Mixed Platforms.ActiveCfg = Release|Any CPU
		{0EE13420-3C93-46BE-B07B-BBCE9D24B9CB}.ClickOnce Release|Mixed Platforms.Build.0 = Release|Any CPU
		{0EE13420-3C93-46BE-B07B-BBCE9D24B9CB}.ClickOnce Release|x86.ActiveCfg = Release|Any CPU
		{0EE13420-3C93-46BE-B07B-BBCE9D24B9CB}.Debug|Any CPU.ActiveCfg = Debug|Any CPU
		{0EE13420-3C93-46BE-B07B-BBCE9D24B9CB}.Debug|Any CPU.Build.0 = Debug|Any CPU
		{0EE13420-3C93-46BE-B07B-BBCE9D24B9CB}.Debug|Mixed Platforms.ActiveCfg = Debug|Any CPU
		{0EE13420-3C93-46BE-B07B-BBCE9D24B9CB}.Debug|Mixed Platforms.Build.0 = Debug|Any CPU
		{0EE13420-3C93-46BE-B07B-BBCE9D24B9CB}.Debug|x86.ActiveCfg = Debug|Any CPU
		{0EE13420-3C93-46BE-B07B-BBCE9D24B9CB}.Release|Any CPU.ActiveCfg = Release|Any CPU
		{0EE13420-3C93-46BE-B07B-BBCE9D24B9CB}.Release|Any CPU.Build.0 = Release|Any CPU
		{0EE13420-3C93-46BE-B07B-BBCE9D24B9CB}.Release|Mixed Platforms.ActiveCfg = Release|Any CPU
		{0EE13420-3C93-46BE-B07B-BBCE9D24B9CB}.Release|Mixed Platforms.Build.0 = Release|Any CPU
		{0EE13420-3C93-46BE-B07B-BBCE9D24B9CB}.Release|x86.ActiveCfg = Release|Any CPU
		{0EE13420-3C93-46BE-B07B-BBCE9D24B9CB}.XBAP Debug|Any CPU.ActiveCfg = Debug|Any CPU
		{0EE13420-3C93-46BE-B07B-BBCE9D24B9CB}.XBAP Debug|Any CPU.Build.0 = Debug|Any CPU
		{0EE13420-3C93-46BE-B07B-BBCE9D24B9CB}.XBAP Debug|Mixed Platforms.ActiveCfg = Debug|Any CPU
		{0EE13420-3C93-46BE-B07B-BBCE9D24B9CB}.XBAP Debug|Mixed Platforms.Build.0 = Debug|Any CPU
		{0EE13420-3C93-46BE-B07B-BBCE9D24B9CB}.XBAP Debug|x86.ActiveCfg = Debug|Any CPU
		{0EE13420-3C93-46BE-B07B-BBCE9D24B9CB}.XBAP Release|Any CPU.ActiveCfg = Release|Any CPU
		{0EE13420-3C93-46BE-B07B-BBCE9D24B9CB}.XBAP Release|Any CPU.Build.0 = Release|Any CPU
		{0EE13420-3C93-46BE-B07B-BBCE9D24B9CB}.XBAP Release|Mixed Platforms.ActiveCfg = Release|Any CPU
		{0EE13420-3C93-46BE-B07B-BBCE9D24B9CB}.XBAP Release|Mixed Platforms.Build.0 = Release|Any CPU
		{0EE13420-3C93-46BE-B07B-BBCE9D24B9CB}.XBAP Release|x86.ActiveCfg = Release|Any CPU
		{82A8069D-FD31-4CCA-8096-F93050B0A49D}.ClickOnce Debug|Any CPU.ActiveCfg = Debug|Any CPU
		{82A8069D-FD31-4CCA-8096-F93050B0A49D}.ClickOnce Debug|Any CPU.Build.0 = Debug|Any CPU
		{82A8069D-FD31-4CCA-8096-F93050B0A49D}.ClickOnce Debug|Mixed Platforms.ActiveCfg = Debug|Any CPU
		{82A8069D-FD31-4CCA-8096-F93050B0A49D}.ClickOnce Debug|Mixed Platforms.Build.0 = Debug|Any CPU
		{82A8069D-FD31-4CCA-8096-F93050B0A49D}.ClickOnce Debug|x86.ActiveCfg = Debug|Any CPU
		{82A8069D-FD31-4CCA-8096-F93050B0A49D}.ClickOnce Release|Any CPU.ActiveCfg = Release|Any CPU
		{82A8069D-FD31-4CCA-8096-F93050B0A49D}.ClickOnce Release|Any CPU.Build.0 = Release|Any CPU
		{82A8069D-FD31-4CCA-8096-F93050B0A49D}.ClickOnce Release|Mixed Platforms.ActiveCfg = Release|Any CPU
		{82A8069D-FD31-4CCA-8096-F93050B0A49D}.ClickOnce Release|Mixed Platforms.Build.0 = Release|Any CPU
		{82A8069D-FD31-4CCA-8096-F93050B0A49D}.ClickOnce Release|x86.ActiveCfg = Release|Any CPU
		{82A8069D-FD31-4CCA-8096-F93050B0A49D}.Debug|Any CPU.ActiveCfg = Debug|Any CPU
		{82A8069D-FD31-4CCA-8096-F93050B0A49D}.Debug|Any CPU.Build.0 = Debug|Any CPU
		{82A8069D-FD31-4CCA-8096-F93050B0A49D}.Debug|Mixed Platforms.ActiveCfg = Debug|Any CPU
		{82A8069D-FD31-4CCA-8096-F93050B0A49D}.Debug|Mixed Platforms.Build.0 = Debug|Any CPU
		{82A8069D-FD31-4CCA-8096-F93050B0A49D}.Debug|x86.ActiveCfg = Debug|Any CPU
		{82A8069D-FD31-4CCA-8096-F93050B0A49D}.Release|Any CPU.ActiveCfg = Release|Any CPU
		{82A8069D-FD31-4CCA-8096-F93050B0A49D}.Release|Any CPU.Build.0 = Release|Any CPU
		{82A8069D-FD31-4CCA-8096-F93050B0A49D}.Release|Mixed Platforms.ActiveCfg = Release|Any CPU
		{82A8069D-FD31-4CCA-8096-F93050B0A49D}.Release|Mixed Platforms.Build.0 = Release|Any CPU
		{82A8069D-FD31-4CCA-8096-F93050B0A49D}.Release|x86.ActiveCfg = Release|Any CPU
		{82A8069D-FD31-4CCA-8096-F93050B0A49D}.XBAP Debug|Any CPU.ActiveCfg = Debug|Any CPU
		{82A8069D-FD31-4CCA-8096-F93050B0A49D}.XBAP Debug|Any CPU.Build.0 = Debug|Any CPU
		{82A8069D-FD31-4CCA-8096-F93050B0A49D}.XBAP Debug|Mixed Platforms.ActiveCfg = Debug|Any CPU
		{82A8069D-FD31-4CCA-8096-F93050B0A49D}.XBAP Debug|Mixed Platforms.Build.0 = Debug|Any CPU
		{82A8069D-FD31-4CCA-8096-F93050B0A49D}.XBAP Debug|x86.ActiveCfg = Debug|Any CPU
		{82A8069D-FD31-4CCA-8096-F93050B0A49D}.XBAP Release|Any CPU.ActiveCfg = Release|Any CPU
		{82A8069D-FD31-4CCA-8096-F93050B0A49D}.XBAP Release|Any CPU.Build.0 = Release|Any CPU
		{82A8069D-FD31-4CCA-8096-F93050B0A49D}.XBAP Release|Mixed Platforms.ActiveCfg = Release|Any CPU
		{82A8069D-FD31-4CCA-8096-F93050B0A49D}.XBAP Release|Mixed Platforms.Build.0 = Release|Any CPU
		{82A8069D-FD31-4CCA-8096-F93050B0A49D}.XBAP Release|x86.ActiveCfg = Release|Any CPU
	EndGlobalSection
	GlobalSection(SolutionProperties) = preSolution
		HideSolutionNode = FALSE
	EndGlobalSection
	GlobalSection(NestedProjects) = preSolution
		{E40E7F34-8CDB-479D-9263-D010A1DD9A63} = {35D12EC8-A05F-4954-AF33-2678033F48D7}
		{B7DABAAC-9750-4439-8989-839CA99C5B9E} = {35D12EC8-A05F-4954-AF33-2678033F48D7}
		{6E1A6F99-250E-4483-AB47-E276E22B837F} = {35D12EC8-A05F-4954-AF33-2678033F48D7}
		{C89308C7-8E27-4775-B99E-73A2E25515FF} = {19D224DA-6E8F-44FE-AB1C-5461E19CCBBB}
		{6DBAD298-4C04-4E60-A8AF-CD6EC63549DE} = {98F72949-090F-4587-80D4-2A7A07F43515}
		{D4C27887-9D88-4754-874E-8FAED4C27C8A} = {32D9CDD7-50D2-4525-9E8E-E1D86A4ECF43}
		{E75C9AF3-E26F-4EE9-B39B-F934AF742838} = {32D9CDD7-50D2-4525-9E8E-E1D86A4ECF43}
		{42881BA6-B978-4032-B523-5E8C02A55E9E} = {98F72949-090F-4587-80D4-2A7A07F43515}
		{5678184E-390E-4574-B61B-D82727008E43} = {98F72949-090F-4587-80D4-2A7A07F43515}
		{2B1E4372-F6D6-4E9B-A7BD-887B10A86CF2} = {D4C27887-9D88-4754-874E-8FAED4C27C8A}
		{99248957-1268-4796-AABE-2B8513A33C21} = {D4C27887-9D88-4754-874E-8FAED4C27C8A}
		{BAD4ECE6-3CDF-4938-BF31-EF41BCC1294A} = {E75C9AF3-E26F-4EE9-B39B-F934AF742838}
		{3C57C969-657A-45B1-9C90-917950B46FF7} = {E75C9AF3-E26F-4EE9-B39B-F934AF742838}
		{18349565-BC19-4A95-A823-332C9C2669B6} = {CD7EB4CC-1226-49DA-B509-29A6CF50C5A4}
		{57556F3B-6E17-431C-9C48-5ABA8E4F6136} = {35D12EC8-A05F-4954-AF33-2678033F48D7}
		{9C42F3DB-5F21-44F6-8740-7AA1F21AEB23} = {35D12EC8-A05F-4954-AF33-2678033F48D7}
		{DA0D8ABD-6607-4FEA-AFCF-749CC790DF1D} = {35D12EC8-A05F-4954-AF33-2678033F48D7}
		{86746B87-0333-4F3F-86CC-9E6E683F393C} = {CD7EB4CC-1226-49DA-B509-29A6CF50C5A4}
		{A0182ED4-004F-40E8-B139-A4C500927A58} = {CD7EB4CC-1226-49DA-B509-29A6CF50C5A4}
		{595D5886-5982-4A51-ABA0-EA661C54D95B} = {A087E4A3-B677-4F2D-BCA4-984F9B0C863F}
		{B217D6F0-86FD-467A-B978-7E54FE364909} = {BFA2ED4E-35E5-43B2-949B-BB3E6FC2D85C}
		{D5C3E3AE-7150-4FA0-A869-285B7FDD6A25} = {BFA2ED4E-35E5-43B2-949B-BB3E6FC2D85C}
		{F7757306-F486-4BE3-99D7-80C5B7ED325B} = {A087E4A3-B677-4F2D-BCA4-984F9B0C863F}
		{537E8519-CD44-4CC9-9E29-9D07F6E282CD} = {A087E4A3-B677-4F2D-BCA4-984F9B0C863F}
		{BA4CC5A9-4253-4A36-A7FE-468C996A4EC8} = {35D12EC8-A05F-4954-AF33-2678033F48D7}
		{0C49CFB7-D077-40B5-98A4-EFDA3AD098E3} = {A087E4A3-B677-4F2D-BCA4-984F9B0C863F}
		{1D5E68F4-7DE5-4705-BF46-32751D8AAFF3} = {35D12EC8-A05F-4954-AF33-2678033F48D7}
		{FD57F3C1-71D6-42C6-B391-9AD356241411} = {A087E4A3-B677-4F2D-BCA4-984F9B0C863F}
		{DB616943-5FC1-4F2F-A4C8-5EFD70C411BA} = {D4C27887-9D88-4754-874E-8FAED4C27C8A}
		{90B65713-5A65-4069-B9F2-0CCE891CFB3A} = {D4C27887-9D88-4754-874E-8FAED4C27C8A}
		{0EE13420-3C93-46BE-B07B-BBCE9D24B9CB} = {35D12EC8-A05F-4954-AF33-2678033F48D7}
		{82A8069D-FD31-4CCA-8096-F93050B0A49D} = {35D12EC8-A05F-4954-AF33-2678033F48D7}
	EndGlobalSection
	GlobalSection(TestCaseManagementSettings) = postSolution
		CategoryFile = Pms.MobiCore.root.vsmdi
	EndGlobalSection
EndGlobal
